Microsoft Visual Studio Solution File, Format Version 9.00
# Visual Studio 2005
Project("{2150E333-8FDC-42A3-9474-1A3956D46DE8}") = "External", "External", "{BDECD86F-967F-43A9-963B-224E5CC22E60}"
EndProject
Project("{2150E333-8FDC-42A3-9474-1A3956D46DE8}") = "Engine", "Engine", "{15246B8B-B5F4-4B7F-ACE3-3449758D32F9}"
EndProject
Project("{8BC9CEB8-8B4A-11D0-8D11-00A0C91BC942}") = "Enginelib", "rgdengine\rgdengine-vs80.vcproj", "{3A68081D-E8F9-4523-9436-530DE9E5530A}"
	ProjectSection(ProjectDependencies) = postProject
		{E8B256DE-0D44-4DC5-A43F-58E7F61331CA} = {E8B256DE-0D44-4DC5-A43F-58E7F61331CA}
	EndProjectSection
EndProject
Project("{8BC9CEB8-8B4A-11D0-8D11-00A0C91BC942}") = "tinyxmlSTL", "external\TinyXML\tinyxmlSTL.vcproj", "{E8B256DE-0D44-4DC5-A43F-58E7F61331CA}"
EndProject
Project("{2150E333-8FDC-42A3-9474-1A3956D46DE8}") = "Examples", "Examples", "{581F502A-0950-454E-B89C-8191241E551D}"
EndProject
Project("{8BC9CEB8-8B4A-11D0-8D11-00A0C91BC942}") = "test_event", "examples\test_event\event_test.vcproj", "{94B7C17B-B23A-4D5C-A1F6-E7EF49763488}"
	ProjectSection(ProjectDependencies) = postProject
		{3A68081D-E8F9-4523-9436-530DE9E5530A} = {3A68081D-E8F9-4523-9436-530DE9E5530A}
	EndProjectSection
EndProject
Project("{8BC9CEB8-8B4A-11D0-8D11-00A0C91BC942}") = "test_sprites", "examples\test_sprites\test_sprites.vcproj", "{E4665F88-53D9-4B18-A1E0-FB2E52E2F7FF}"
	ProjectSection(ProjectDependencies) = postProject
		{E8B256DE-0D44-4DC5-A43F-58E7F61331CA} = {E8B256DE-0D44-4DC5-A43F-58E7F61331CA}
		{3A68081D-E8F9-4523-9436-530DE9E5530A} = {3A68081D-E8F9-4523-9436-530DE9E5530A}
	EndProjectSection
EndProject
Project("{8BC9CEB8-8B4A-11D0-8D11-00A0C91BC942}") = "test_lines", "examples\test_lines\test_lines.vcproj", "{78A2816F-ABCB-4EA6-A261-686C6EC05276}"
	ProjectSection(ProjectDependencies) = postProject
		{3A68081D-E8F9-4523-9436-530DE9E5530A} = {3A68081D-E8F9-4523-9436-530DE9E5530A}
		{E8B256DE-0D44-4DC5-A43F-58E7F61331CA} = {E8B256DE-0D44-4DC5-A43F-58E7F61331CA}
	EndProjectSection
EndProject
Global
	GlobalSection(SolutionConfigurationPlatforms) = preSolution
		Debug|Any CPU = Debug|Any CPU
		Debug|Mixed Platforms = Debug|Mixed Platforms
		Debug|Win32 = Debug|Win32
		Product|Any CPU = Product|Any CPU
		Product|Mixed Platforms = Product|Mixed Platforms
		Product|Win32 = Product|Win32
		Profile|Any CPU = Profile|Any CPU
		Profile|Mixed Platforms = Profile|Mixed Platforms
		Profile|Win32 = Profile|Win32
		Release|Any CPU = Release|Any CPU
		Release|Mixed Platforms = Release|Mixed Platforms
		Release|Win32 = Release|Win32
	EndGlobalSection
	GlobalSection(ProjectConfigurationPlatforms) = postSolution
		{3A68081D-E8F9-4523-9436-530DE9E5530A}.Debug|Any CPU.ActiveCfg = Debug|Win32
		{3A68081D-E8F9-4523-9436-530DE9E5530A}.Debug|Mixed Platforms.ActiveCfg = Debug|Win32
		{3A68081D-E8F9-4523-9436-530DE9E5530A}.Debug|Mixed Platforms.Build.0 = Debug|Win32
		{3A68081D-E8F9-4523-9436-530DE9E5530A}.Debug|Win32.ActiveCfg = Debug|Win32
		{3A68081D-E8F9-4523-9436-530DE9E5530A}.Debug|Win32.Build.0 = Debug|Win32
		{3A68081D-E8F9-4523-9436-530DE9E5530A}.Product|Any CPU.ActiveCfg = Product|Win32
		{3A68081D-E8F9-4523-9436-530DE9E5530A}.Product|Mixed Platforms.ActiveCfg = Product|Win32
		{3A68081D-E8F9-4523-9436-530DE9E5530A}.Product|Mixed Platforms.Build.0 = Product|Win32
		{3A68081D-E8F9-4523-9436-530DE9E5530A}.Product|Win32.ActiveCfg = Product|Win32
		{3A68081D-E8F9-4523-9436-530DE9E5530A}.Product|Win32.Build.0 = Product|Win32
		{3A68081D-E8F9-4523-9436-530DE9E5530A}.Profile|Any CPU.ActiveCfg = Profile|Win32
		{3A68081D-E8F9-4523-9436-530DE9E5530A}.Profile|Mixed Platforms.ActiveCfg = Profile|Win32
		{3A68081D-E8F9-4523-9436-530DE9E5530A}.Profile|Mixed Platforms.Build.0 = Profile|Win32
		{3A68081D-E8F9-4523-9436-530DE9E5530A}.Profile|Win32.ActiveCfg = Profile|Win32
		{3A68081D-E8F9-4523-9436-530DE9E5530A}.Profile|Win32.Build.0 = Profile|Win32
		{3A68081D-E8F9-4523-9436-530DE9E5530A}.Release|Any CPU.ActiveCfg = Release|Win32
		{3A68081D-E8F9-4523-9436-530DE9E5530A}.Release|Mixed Platforms.ActiveCfg = Release|Win32
		{3A68081D-E8F9-4523-9436-530DE9E5530A}.Release|Mixed Platforms.Build.0 = Release|Win32
		{3A68081D-E8F9-4523-9436-530DE9E5530A}.Release|Win32.ActiveCfg = Release|Win32
		{3A68081D-E8F9-4523-9436-530DE9E5530A}.Release|Win32.Build.0 = Release|Win32
		{E8B256DE-0D44-4DC5-A43F-58E7F61331CA}.Debug|Any CPU.ActiveCfg = Debug|Win32
		{E8B256DE-0D44-4DC5-A43F-58E7F61331CA}.Debug|Mixed Platforms.ActiveCfg = Debug|Win32
		{E8B256DE-0D44-4DC5-A43F-58E7F61331CA}.Debug|Mixed Platforms.Build.0 = Debug|Win32
		{E8B256DE-0D44-4DC5-A43F-58E7F61331CA}.Debug|Win32.ActiveCfg = Debug|Win32
		{E8B256DE-0D44-4DC5-A43F-58E7F61331CA}.Debug|Win32.Build.0 = Debug|Win32
		{E8B256DE-0D44-4DC5-A43F-58E7F61331CA}.Product|Any CPU.ActiveCfg = Product|Win32
		{E8B256DE-0D44-4DC5-A43F-58E7F61331CA}.Product|Mixed Platforms.ActiveCfg = Product|Win32
		{E8B256DE-0D44-4DC5-A43F-58E7F61331CA}.Product|Mixed Platforms.Build.0 = Product|Win32
		{E8B256DE-0D44-4DC5-A43F-58E7F61331CA}.Product|Win32.ActiveCfg = Product|Win32
		{E8B256DE-0D44-4DC5-A43F-58E7F61331CA}.Product|Win32.Build.0 = Product|Win32
		{E8B256DE-0D44-4DC5-A43F-58E7F61331CA}.Profile|Any CPU.ActiveCfg = Profile|Win32
		{E8B256DE-0D44-4DC5-A43F-58E7F61331CA}.Profile|Mixed Platforms.ActiveCfg = Profile|Win32
		{E8B256DE-0D44-4DC5-A43F-58E7F61331CA}.Profile|Mixed Platforms.Build.0 = Profile|Win32
		{E8B256DE-0D44-4DC5-A43F-58E7F61331CA}.Profile|Win32.ActiveCfg = Profile|Win32
		{E8B256DE-0D44-4DC5-A43F-58E7F61331CA}.Profile|Win32.Build.0 = Profile|Win32
		{E8B256DE-0D44-4DC5-A43F-58E7F61331CA}.Release|Any CPU.ActiveCfg = Release|Win32
		{E8B256DE-0D44-4DC5-A43F-58E7F61331CA}.Release|Mixed Platforms.ActiveCfg = Release|Win32
		{E8B256DE-0D44-4DC5-A43F-58E7F61331CA}.Release|Mixed Platforms.Build.0 = Release|Win32
		{E8B256DE-0D44-4DC5-A43F-58E7F61331CA}.Release|Win32.ActiveCfg = Release|Win32
		{E8B256DE-0D44-4DC5-A43F-58E7F61331CA}.Release|Win32.Build.0 = Release|Win32
		{94B7C17B-B23A-4D5C-A1F6-E7EF49763488}.Debug|Any CPU.ActiveCfg = Debug|Win32
		{94B7C17B-B23A-4D5C-A1F6-E7EF49763488}.Debug|Mixed Platforms.ActiveCfg = Debug|Win32
		{94B7C17B-B23A-4D5C-A1F6-E7EF49763488}.Debug|Mixed Platforms.Build.0 = Debug|Win32
		{94B7C17B-B23A-4D5C-A1F6-E7EF49763488}.Debug|Win32.ActiveCfg = Debug|Win32
		{94B7C17B-B23A-4D5C-A1F6-E7EF49763488}.Debug|Win32.Build.0 = Debug|Win32
		{94B7C17B-B23A-4D5C-A1F6-E7EF49763488}.Product|Any CPU.ActiveCfg = Product|Win32
		{94B7C17B-B23A-4D5C-A1F6-E7EF49763488}.Product|Mixed Platforms.ActiveCfg = Product|Win32
		{94B7C17B-B23A-4D5C-A1F6-E7EF49763488}.Product|Mixed Platforms.Build.0 = Product|Win32
		{94B7C17B-B23A-4D5C-A1F6-E7EF49763488}.Product|Win32.ActiveCfg = Product|Win32
		{94B7C17B-B23A-4D5C-A1F6-E7EF49763488}.Product|Win32.Build.0 = Product|Win32
		{94B7C17B-B23A-4D5C-A1F6-E7EF49763488}.Profile|Any CPU.ActiveCfg = Profile|Win32
		{94B7C17B-B23A-4D5C-A1F6-E7EF49763488}.Profile|Mixed Platforms.ActiveCfg = Profile|Win32
		{94B7C17B-B23A-4D5C-A1F6-E7EF49763488}.Profile|Mixed Platforms.Build.0 = Profile|Win32
		{94B7C17B-B23A-4D5C-A1F6-E7EF49763488}.Profile|Win32.ActiveCfg = Profile|Win32
		{94B7C17B-B23A-4D5C-A1F6-E7EF49763488}.Release|Any CPU.ActiveCfg = Release|Win32
		{94B7C17B-B23A-4D5C-A1F6-E7EF49763488}.Release|Mixed Platforms.ActiveCfg = Release|Win32
		{94B7C17B-B23A-4D5C-A1F6-E7EF49763488}.Release|Mixed Platforms.Build.0 = Release|Win32
		{94B7C17B-B23A-4D5C-A1F6-E7EF49763488}.Release|Win32.ActiveCfg = Release|Win32
		{94B7C17B-B23A-4D5C-A1F6-E7EF49763488}.Release|Win32.Build.0 = Release|Win32
		{E4665F88-53D9-4B18-A1E0-FB2E52E2F7FF}.Debug|Any CPU.ActiveCfg = Debug|Win32
		{E4665F88-53D9-4B18-A1E0-FB2E52E2F7FF}.Debug|Mixed Platforms.ActiveCfg = Debug|Win32
		{E4665F88-53D9-4B18-A1E0-FB2E52E2F7FF}.Debug|Mixed Platforms.Build.0 = Debug|Win32
		{E4665F88-53D9-4B18-A1E0-FB2E52E2F7FF}.Debug|Win32.ActiveCfg = Debug|Win32
		{E4665F88-53D9-4B18-A1E0-FB2E52E2F7FF}.Debug|Win32.Build.0 = Debug|Win32
		{E4665F88-53D9-4B18-A1E0-FB2E52E2F7FF}.Product|Any CPU.ActiveCfg = Product|Win32
		{E4665F88-53D9-4B18-A1E0-FB2E52E2F7FF}.Product|Mixed Platforms.ActiveCfg = Product|Win32
		{E4665F88-53D9-4B18-A1E0-FB2E52E2F7FF}.Product|Mixed Platforms.Build.0 = Product|Win32
		{E4665F88-53D9-4B18-A1E0-FB2E52E2F7FF}.Product|Win32.ActiveCfg = Product|Win32
		{E4665F88-53D9-4B18-A1E0-FB2E52E2F7FF}.Product|Win32.Build.0 = Product|Win32
		{E4665F88-53D9-4B18-A1E0-FB2E52E2F7FF}.Profile|Any CPU.ActiveCfg = Profile|Win32
		{E4665F88-53D9-4B18-A1E0-FB2E52E2F7FF}.Profile|Mixed Platforms.ActiveCfg = Profile|Win32
		{E4665F88-53D9-4B18-A1E0-FB2E52E2F7FF}.Profile|Mixed Platforms.Build.0 = Profile|Win32
		{E4665F88-53D9-4B18-A1E0-FB2E52E2F7FF}.Profile|Win32.ActiveCfg = Profile|Win32
		{E4665F88-53D9-4B18-A1E0-FB2E52E2F7FF}.Profile|Win32.Build.0 = Profile|Win32
		{E4665F88-53D9-4B18-A1E0-FB2E52E2F7FF}.Release|Any CPU.ActiveCfg = Release|Win32
		{E4665F88-53D9-4B18-A1E0-FB2E52E2F7FF}.Release|Mixed Platforms.ActiveCfg = Release|Win32
		{E4665F88-53D9-4B18-A1E0-FB2E52E2F7FF}.Release|Mixed Platforms.Build.0 = Release|Win32
		{E4665F88-53D9-4B18-A1E0-FB2E52E2F7FF}.Release|Win32.ActiveCfg = Release|Win32
		{E4665F88-53D9-4B18-A1E0-FB2E52E2F7FF}.Release|Win32.Build.0 = Release|Win32
		{78A2816F-ABCB-4EA6-A261-686C6EC05276}.Debug|Any CPU.ActiveCfg = Debug|Win32
		{78A2816F-ABCB-4EA6-A261-686C6EC05276}.Debug|Mixed Platforms.ActiveCfg = Debug|Win32
		{78A2816F-ABCB-4EA6-A261-686C6EC05276}.Debug|Mixed Platforms.Build.0 = Debug|Win32
		{78A2816F-ABCB-4EA6-A261-686C6EC05276}.Debug|Win32.ActiveCfg = Debug|Win32
		{78A2816F-ABCB-4EA6-A261-686C6EC05276}.Debug|Win32.Build.0 = Debug|Win32
		{78A2816F-ABCB-4EA6-A261-686C6EC05276}.Product|Any CPU.ActiveCfg = Product|Win32
		{78A2816F-ABCB-4EA6-A261-686C6EC05276}.Product|Mixed Platforms.ActiveCfg = Product|Win32
		{78A2816F-ABCB-4EA6-A261-686C6EC05276}.Product|Mixed Platforms.Build.0 = Product|Win32
		{78A2816F-ABCB-4EA6-A261-686C6EC05276}.Product|Win32.ActiveCfg = Product|Win32
		{78A2816F-ABCB-4EA6-A261-686C6EC05276}.Product|Win32.Build.0 = Product|Win32
		{78A2816F-ABCB-4EA6-A261-686C6EC05276}.Profile|Any CPU.ActiveCfg = Profile|Win32
		{78A2816F-ABCB-4EA6-A261-686C6EC05276}.Profile|Mixed Platforms.ActiveCfg = Profile|Win32
		{78A2816F-ABCB-4EA6-A261-686C6EC05276}.Profile|Mixed Platforms.Build.0 = Profile|Win32
		{78A2816F-ABCB-4EA6-A261-686C6EC05276}.Profile|Win32.ActiveCfg = Profile|Win32
		{78A2816F-ABCB-4EA6-A261-686C6EC05276}.Profile|Win32.Build.0 = Profile|Win32
		{78A2816F-ABCB-4EA6-A261-686C6EC05276}.Release|Any CPU.ActiveCfg = Release|Win32
		{78A2816F-ABCB-4EA6-A261-686C6EC05276}.Release|Mixed Platforms.ActiveCfg = Release|Win32
		{78A2816F-ABCB-4EA6-A261-686C6EC05276}.Release|Mixed Platforms.Build.0 = Release|Win32
		{78A2816F-ABCB-4EA6-A261-686C6EC05276}.Release|Win32.ActiveCfg = Release|Win32
		{78A2816F-ABCB-4EA6-A261-686C6EC05276}.Release|Win32.Build.0 = Release|Win32
	EndGlobalSection
	GlobalSection(SolutionProperties) = preSolution
		HideSolutionNode = FALSE
	EndGlobalSection
	GlobalSection(NestedProjects) = preSolution
		{E8B256DE-0D44-4DC5-A43F-58E7F61331CA} = {BDECD86F-967F-43A9-963B-224E5CC22E60}
		{3A68081D-E8F9-4523-9436-530DE9E5530A} = {15246B8B-B5F4-4B7F-ACE3-3449758D32F9}
		{94B7C17B-B23A-4D5C-A1F6-E7EF49763488} = {581F502A-0950-454E-B89C-8191241E551D}
		{E4665F88-53D9-4B18-A1E0-FB2E52E2F7FF} = {581F502A-0950-454E-B89C-8191241E551D}
		{78A2816F-ABCB-4EA6-A261-686C6EC05276} = {581F502A-0950-454E-B89C-8191241E551D}
	EndGlobalSection
EndGlobal
