Microsoft Visual Studio Solution File, Format Version 9.00
# Visual Studio 2005
Project("{8BC9CEB8-8B4A-11D0-8D11-00A0C91BC942}") = "ModelViewer", "tools\ModelViewer\ModelViewer.vcproj", "{04B7ED71-2AC9-4131-A687-CA9DBE6593F4}"
	ProjectSection(ProjectDependencies) = postProject
		{3A68081D-E8F9-4523-9436-530DE9E5530A} = {3A68081D-E8F9-4523-9436-530DE9E5530A}
	EndProjectSection
EndProject
Project("{2150E333-8FDC-42A3-9474-1A3956D46DE8}") = "Contribs", "Contribs", "{EFD0E96F-1C21-4452-8656-7EC525021F81}"
EndProject
Project("{2150E333-8FDC-42A3-9474-1A3956D46DE8}") = "Tools", "Tools", "{42C4E305-0758-45CB-ADA2-DAC545A75AA9}"
EndProject
Project("{8BC9CEB8-8B4A-11D0-8D11-00A0C91BC942}") = "MeshConverter", "tools\MeshConverter\MeshConverter.vcproj", "{652AC202-0A5A-4C27-B11D-26A90CA8178C}"
	ProjectSection(ProjectDependencies) = postProject
		{3A68081D-E8F9-4523-9436-530DE9E5530A} = {3A68081D-E8F9-4523-9436-530DE9E5530A}
	EndProjectSection
EndProject
Project("{8BC9CEB8-8B4A-11D0-8D11-00A0C91BC942}") = "Physics", "contribs\Physics\test_physic.vcproj", "{93DA0768-9D4E-444C-867D-2B9A609DC3CB}"
	ProjectSection(ProjectDependencies) = postProject
		{3A68081D-E8F9-4523-9436-530DE9E5530A} = {3A68081D-E8F9-4523-9436-530DE9E5530A}
	EndProjectSection
EndProject
Project("{8BC9CEB8-8B4A-11D0-8D11-00A0C91BC942}") = "Gulman", "Games\Gulman\Gulman.vcproj", "{4FFFCCF7-43C9-4D08-9866-21CE328B9BE8}"
	ProjectSection(ProjectDependencies) = postProject
		{3A68081D-E8F9-4523-9436-530DE9E5530A} = {3A68081D-E8F9-4523-9436-530DE9E5530A}
	EndProjectSection
EndProject
Project("{2150E333-8FDC-42A3-9474-1A3956D46DE8}") = "Games", "Games", "{D5ED4879-6A3C-4789-8440-1422C7A33EB2}"
EndProject
Project("{8BC9CEB8-8B4A-11D0-8D11-00A0C91BC942}") = "zColumns", "Games\zColumns\zColumns.vcproj", "{0D5549FB-4EAB-46E4-9896-874E59594899}"
	ProjectSection(ProjectDependencies) = postProject
		{3A68081D-E8F9-4523-9436-530DE9E5530A} = {3A68081D-E8F9-4523-9436-530DE9E5530A}
	EndProjectSection
EndProject
Project("{8BC9CEB8-8B4A-11D0-8D11-00A0C91BC942}") = "Cameras", "contribs\Cameras\Cameras.vcproj", "{85C32493-6479-4A87-9041-14A2A8986E38}"
	ProjectSection(ProjectDependencies) = postProject
		{3A68081D-E8F9-4523-9436-530DE9E5530A} = {3A68081D-E8F9-4523-9436-530DE9E5530A}
	EndProjectSection
EndProject
Project("{8BC9CEB8-8B4A-11D0-8D11-00A0C91BC942}") = "Interpolator", "contribs\Interpolator\Interpolator.vcproj", "{E62E571A-B5A9-41BE-8222-81D3AE8E15FD}"
	ProjectSection(ProjectDependencies) = postProject
		{3A68081D-E8F9-4523-9436-530DE9E5530A} = {3A68081D-E8F9-4523-9436-530DE9E5530A}
	EndProjectSection
EndProject
Project("{8BC9CEB8-8B4A-11D0-8D11-00A0C91BC942}") = "Track", "contribs\Track\Track.vcproj", "{5F9EB640-3E6B-4E26-977F-A782B3EB6529}"
	ProjectSection(ProjectDependencies) = postProject
		{3A68081D-E8F9-4523-9436-530DE9E5530A} = {3A68081D-E8F9-4523-9436-530DE9E5530A}
	EndProjectSection
EndProject
Project("{8BC9CEB8-8B4A-11D0-8D11-00A0C91BC942}") = "TrackEditor", "tools\TrackEditor\TrackEditor.vcproj", "{006A1771-DD81-44B5-9775-42F0129E497B}"
	ProjectSection(ProjectDependencies) = postProject
		{3A68081D-E8F9-4523-9436-530DE9E5530A} = {3A68081D-E8F9-4523-9436-530DE9E5530A}
	EndProjectSection
EndProject
Project("{8BC9CEB8-8B4A-11D0-8D11-00A0C91BC942}") = "EffectGenerator", "tools\EffectGenerator\EffectGenerator.vcproj", "{B3122425-E938-4CEC-8C69-C998A4F7F36D}"
	ProjectSection(ProjectDependencies) = postProject
		{3A68081D-E8F9-4523-9436-530DE9E5530A} = {3A68081D-E8F9-4523-9436-530DE9E5530A}
	EndProjectSection
EndProject
Project("{8BC9CEB8-8B4A-11D0-8D11-00A0C91BC942}") = "ui", "contribs\ui\ui.vcproj", "{C20B1676-DFA1-4B92-9CA5-922D225FE2A1}"
EndProject
Project("{8BC9CEB8-8B4A-11D0-8D11-00A0C91BC942}") = "log", "contribs\log\log.vcproj", "{FA7492CB-7EAB-411F-A93F-70EFE12C7D1D}"
EndProject
Project("{8BC9CEB8-8B4A-11D0-8D11-00A0C91BC942}") = "Archeo-logic", "Games\Archeo-logic\Archeo-logic.vcproj", "{6E88B684-6D52-4995-A8F5-2574E92D01F9}"
	ProjectSection(ProjectDependencies) = postProject
		{3A68081D-E8F9-4523-9436-530DE9E5530A} = {3A68081D-E8F9-4523-9436-530DE9E5530A}
	EndProjectSection
EndProject
Project("{2150E333-8FDC-42A3-9474-1A3956D46DE8}") = "External", "External", "{BDECD86F-967F-43A9-963B-224E5CC22E60}"
EndProject
Project("{2150E333-8FDC-42A3-9474-1A3956D46DE8}") = "Engine", "Engine", "{15246B8B-B5F4-4B7F-ACE3-3449758D32F9}"
EndProject
Project("{8BC9CEB8-8B4A-11D0-8D11-00A0C91BC942}") = "Enginelib", "rgdengine\rgdengine-vs80.vcproj", "{3A68081D-E8F9-4523-9436-530DE9E5530A}"
	ProjectSection(ProjectDependencies) = postProject
		{E8B256DE-0D44-4DC5-A43F-58E7F61331CA} = {E8B256DE-0D44-4DC5-A43F-58E7F61331CA}
		{88A9EA72-91BF-400B-B175-C7E1DB13DAE7} = {88A9EA72-91BF-400B-B175-C7E1DB13DAE7}
		{4B61F965-D1DA-4454-8983-D645CC327633} = {4B61F965-D1DA-4454-8983-D645CC327633}
		{7744E265-F311-410F-943D-A63B98C0FC4F} = {7744E265-F311-410F-943D-A63B98C0FC4F}
	EndProjectSection
EndProject
Project("{8BC9CEB8-8B4A-11D0-8D11-00A0C91BC942}") = "tinyxmlSTL", "external\TinyXML\tinyxmlSTL.vcproj", "{E8B256DE-0D44-4DC5-A43F-58E7F61331CA}"
EndProject
Project("{8BC9CEB8-8B4A-11D0-8D11-00A0C91BC942}") = "ogg_static", "external\ogg\win32\ogg_static.vcproj", "{7744E265-F311-410F-943D-A63B98C0FC4F}"
EndProject
Project("{8BC9CEB8-8B4A-11D0-8D11-00A0C91BC942}") = "vorbis_static", "external\vorbis\win32\vorbis_static.vcproj", "{88A9EA72-91BF-400B-B175-C7E1DB13DAE7}"
EndProject
Project("{8BC9CEB8-8B4A-11D0-8D11-00A0C91BC942}") = "vorbisfile_static", "external\vorbis\win32\vorbisfile_static.vcproj", "{4B61F965-D1DA-4454-8983-D645CC327633}"
EndProject
Project("{2150E333-8FDC-42A3-9474-1A3956D46DE8}") = "Examples", "Examples", "{581F502A-0950-454E-B89C-8191241E551D}"
EndProject
Project("{8BC9CEB8-8B4A-11D0-8D11-00A0C91BC942}") = "test_input", "examples\test_input\input_test.vcproj", "{B146005B-B1FE-48F1-8F71-81D819303A43}"
	ProjectSection(ProjectDependencies) = postProject
		{3A68081D-E8F9-4523-9436-530DE9E5530A} = {3A68081D-E8F9-4523-9436-530DE9E5530A}
	EndProjectSection
EndProject
Project("{8BC9CEB8-8B4A-11D0-8D11-00A0C91BC942}") = "test_engine", "examples\test_engine\engine_test.vcproj", "{14ACDBBB-885B-4B01-8670-01F22A10DF87}"
	ProjectSection(ProjectDependencies) = postProject
		{3A68081D-E8F9-4523-9436-530DE9E5530A} = {3A68081D-E8F9-4523-9436-530DE9E5530A}
	EndProjectSection
EndProject
Project("{8BC9CEB8-8B4A-11D0-8D11-00A0C91BC942}") = "test_event", "examples\test_event\event_test.vcproj", "{94B7C17B-B23A-4D5C-A1F6-E7EF49763488}"
	ProjectSection(ProjectDependencies) = postProject
		{3A68081D-E8F9-4523-9436-530DE9E5530A} = {3A68081D-E8F9-4523-9436-530DE9E5530A}
	EndProjectSection
EndProject
Project("{8BC9CEB8-8B4A-11D0-8D11-00A0C91BC942}") = "test_igame", "examples\test_igame\igame_test.vcproj", "{9DCF4E9E-F056-4698-9AFC-AC3F5352578F}"
	ProjectSection(ProjectDependencies) = postProject
		{3A68081D-E8F9-4523-9436-530DE9E5530A} = {3A68081D-E8F9-4523-9436-530DE9E5530A}
	EndProjectSection
EndProject
Project("{8BC9CEB8-8B4A-11D0-8D11-00A0C91BC942}") = "test_lines", "examples\test_lines\test_lines.vcproj", "{78A2816F-ABCB-4EA6-A261-686C6EC05276}"
	ProjectSection(ProjectDependencies) = postProject
		{3A68081D-E8F9-4523-9436-530DE9E5530A} = {3A68081D-E8F9-4523-9436-530DE9E5530A}
	EndProjectSection
EndProject
Project("{8BC9CEB8-8B4A-11D0-8D11-00A0C91BC942}") = "test_music", "examples\test_music\test_music.vcproj", "{1A4725AE-CABC-48FC-A920-6746A5032ACF}"
	ProjectSection(ProjectDependencies) = postProject
		{3A68081D-E8F9-4523-9436-530DE9E5530A} = {3A68081D-E8F9-4523-9436-530DE9E5530A}
	EndProjectSection
EndProject
Project("{8BC9CEB8-8B4A-11D0-8D11-00A0C91BC942}") = "test_primitives", "examples\test_primitives\test_primitives.vcproj", "{94AC13F0-9362-4AC0-8947-5BEB9DE5D839}"
	ProjectSection(ProjectDependencies) = postProject
		{3A68081D-E8F9-4523-9436-530DE9E5530A} = {3A68081D-E8F9-4523-9436-530DE9E5530A}
	EndProjectSection
EndProject
Project("{8BC9CEB8-8B4A-11D0-8D11-00A0C91BC942}") = "test_sprites", "examples\test_sprites\test_sprites.vcproj", "{E4665F88-53D9-4B18-A1E0-FB2E52E2F7FF}"
	ProjectSection(ProjectDependencies) = postProject
		{3A68081D-E8F9-4523-9436-530DE9E5530A} = {3A68081D-E8F9-4523-9436-530DE9E5530A}
	EndProjectSection
EndProject
Project("{8BC9CEB8-8B4A-11D0-8D11-00A0C91BC942}") = "test_loader", "examples\test_loader\loader_test.vcproj", "{5C6113A0-2B51-4184-8AB8-A092C4F7D310}"
EndProject
Project("{8BC9CEB8-8B4A-11D0-8D11-00A0C91BC942}") = "test_animation", "examples\test_animation\test_animation.vcproj", "{41B9303C-12BC-4C84-84E4-19070F99FF8D}"
EndProject
Project("{8BC9CEB8-8B4A-11D0-8D11-00A0C91BC942}") = "test_camera", "examples\test_camera\camera_test.vcproj", "{805EDBFC-E3B6-4475-9006-861C1E9E22F2}"
EndProject
Project("{8BC9CEB8-8B4A-11D0-8D11-00A0C91BC942}") = "test_effect", "examples\test_effect\effect_test.vcproj", "{A4EA27CB-BDE0-463C-B20B-707397F9583C}"
	ProjectSection(ProjectDependencies) = postProject
		{3A68081D-E8F9-4523-9436-530DE9E5530A} = {3A68081D-E8F9-4523-9436-530DE9E5530A}
		{7744E265-F311-410F-943D-A63B98C0FC4F} = {7744E265-F311-410F-943D-A63B98C0FC4F}
		{4B61F965-D1DA-4454-8983-D645CC327633} = {4B61F965-D1DA-4454-8983-D645CC327633}
		{88A9EA72-91BF-400B-B175-C7E1DB13DAE7} = {88A9EA72-91BF-400B-B175-C7E1DB13DAE7}
		{E8B256DE-0D44-4DC5-A43F-58E7F61331CA} = {E8B256DE-0D44-4DC5-A43F-58E7F61331CA}
	EndProjectSection
EndProject
Project("{8BC9CEB8-8B4A-11D0-8D11-00A0C91BC942}") = "test_gui", "examples\test_gui\test_gui.vcproj", "{3C6B8AA7-F3FD-4C13-80EF-97717F8A8AC4}"
	ProjectSection(ProjectDependencies) = postProject
		{3A68081D-E8F9-4523-9436-530DE9E5530A} = {3A68081D-E8F9-4523-9436-530DE9E5530A}
		{7744E265-F311-410F-943D-A63B98C0FC4F} = {7744E265-F311-410F-943D-A63B98C0FC4F}
		{4B61F965-D1DA-4454-8983-D645CC327633} = {4B61F965-D1DA-4454-8983-D645CC327633}
		{88A9EA72-91BF-400B-B175-C7E1DB13DAE7} = {88A9EA72-91BF-400B-B175-C7E1DB13DAE7}
		{E8B256DE-0D44-4DC5-A43F-58E7F61331CA} = {E8B256DE-0D44-4DC5-A43F-58E7F61331CA}
	EndProjectSection
EndProject
Project("{8BC9CEB8-8B4A-11D0-8D11-00A0C91BC942}") = "test_material", "examples\test_material\test_material.vcproj", "{63DE6A4C-F160-4378-9C34-D448497CF34D}"
EndProject
Project("{8BC9CEB8-8B4A-11D0-8D11-00A0C91BC942}") = "test_particles", "examples\test_particles\test_particles.vcproj", "{BD3C5180-2B0C-48B9-B5CA-1EDA467570F5}"
	ProjectSection(ProjectDependencies) = postProject
		{E8B256DE-0D44-4DC5-A43F-58E7F61331CA} = {E8B256DE-0D44-4DC5-A43F-58E7F61331CA}
		{88A9EA72-91BF-400B-B175-C7E1DB13DAE7} = {88A9EA72-91BF-400B-B175-C7E1DB13DAE7}
		{4B61F965-D1DA-4454-8983-D645CC327633} = {4B61F965-D1DA-4454-8983-D645CC327633}
		{7744E265-F311-410F-943D-A63B98C0FC4F} = {7744E265-F311-410F-943D-A63B98C0FC4F}
		{3A68081D-E8F9-4523-9436-530DE9E5530A} = {3A68081D-E8F9-4523-9436-530DE9E5530A}
	EndProjectSection
EndProject
Project("{8BC9CEB8-8B4A-11D0-8D11-00A0C91BC942}") = "test_scene", "examples\test_scene\prj.vcproj", "{11D2E48C-AD0E-4360-A585-E1B5F944CFE1}"
EndProject
Project("{8BC9CEB8-8B4A-11D0-8D11-00A0C91BC942}") = "test_skinning", "examples\test_skinning\test_skinning.vcproj", "{3974115C-1E30-4DCA-B715-B12E502090F5}"
EndProject
Project("{FAE04EC0-301F-11D3-BF4B-00C04F79EFBC}") = "UIEditor", "tools\UIEditor\UIEditor\UIEditor.csproj", "{3243DAB4-C72F-4B6B-8DDB-092103F123A9}"
EndProject
Project("{FAE04EC0-301F-11D3-BF4B-00C04F79EFBC}") = "Rgde.Contols", "tools\UIEditor\Rgde.Contols\Rgde.Contols.csproj", "{71680AB5-49A2-41D1-A544-60BEBB700EAD}"
EndProject
Global
	GlobalSection(SolutionConfigurationPlatforms) = preSolution
		Debug|Any CPU = Debug|Any CPU
		Debug|Mixed Platforms = Debug|Mixed Platforms
		Debug|Win32 = Debug|Win32
		Product|Any CPU = Product|Any CPU
		Product|Mixed Platforms = Product|Mixed Platforms
		Product|Win32 = Product|Win32
		Profile|Any CPU = Profile|Any CPU
		Profile|Mixed Platforms = Profile|Mixed Platforms
		Profile|Win32 = Profile|Win32
		Release|Any CPU = Release|Any CPU
		Release|Mixed Platforms = Release|Mixed Platforms
		Release|Win32 = Release|Win32
	EndGlobalSection
	GlobalSection(ProjectConfigurationPlatforms) = postSolution
		{04B7ED71-2AC9-4131-A687-CA9DBE6593F4}.Debug|Any CPU.ActiveCfg = Debug|Win32
		{04B7ED71-2AC9-4131-A687-CA9DBE6593F4}.Debug|Mixed Platforms.ActiveCfg = Debug|Win32
		{04B7ED71-2AC9-4131-A687-CA9DBE6593F4}.Debug|Mixed Platforms.Build.0 = Debug|Win32
		{04B7ED71-2AC9-4131-A687-CA9DBE6593F4}.Debug|Win32.ActiveCfg = Debug|Win32
		{04B7ED71-2AC9-4131-A687-CA9DBE6593F4}.Debug|Win32.Build.0 = Debug|Win32
		{04B7ED71-2AC9-4131-A687-CA9DBE6593F4}.Product|Any CPU.ActiveCfg = Product|Win32
		{04B7ED71-2AC9-4131-A687-CA9DBE6593F4}.Product|Mixed Platforms.ActiveCfg = Product|Win32
		{04B7ED71-2AC9-4131-A687-CA9DBE6593F4}.Product|Mixed Platforms.Build.0 = Product|Win32
		{04B7ED71-2AC9-4131-A687-CA9DBE6593F4}.Product|Win32.ActiveCfg = Product|Win32
		{04B7ED71-2AC9-4131-A687-CA9DBE6593F4}.Product|Win32.Build.0 = Product|Win32
		{04B7ED71-2AC9-4131-A687-CA9DBE6593F4}.Profile|Any CPU.ActiveCfg = Profile|Win32
		{04B7ED71-2AC9-4131-A687-CA9DBE6593F4}.Profile|Mixed Platforms.ActiveCfg = Profile|Win32
		{04B7ED71-2AC9-4131-A687-CA9DBE6593F4}.Profile|Mixed Platforms.Build.0 = Profile|Win32
		{04B7ED71-2AC9-4131-A687-CA9DBE6593F4}.Profile|Win32.ActiveCfg = Profile|Win32
		{04B7ED71-2AC9-4131-A687-CA9DBE6593F4}.Release|Any CPU.ActiveCfg = Release|Win32
		{04B7ED71-2AC9-4131-A687-CA9DBE6593F4}.Release|Mixed Platforms.ActiveCfg = Release|Win32
		{04B7ED71-2AC9-4131-A687-CA9DBE6593F4}.Release|Mixed Platforms.Build.0 = Release|Win32
		{04B7ED71-2AC9-4131-A687-CA9DBE6593F4}.Release|Win32.ActiveCfg = Release|Win32
		{04B7ED71-2AC9-4131-A687-CA9DBE6593F4}.Release|Win32.Build.0 = Release|Win32
		{652AC202-0A5A-4C27-B11D-26A90CA8178C}.Debug|Any CPU.ActiveCfg = Debug|Win32
		{652AC202-0A5A-4C27-B11D-26A90CA8178C}.Debug|Mixed Platforms.ActiveCfg = Debug|Win32
		{652AC202-0A5A-4C27-B11D-26A90CA8178C}.Debug|Mixed Platforms.Build.0 = Debug|Win32
		{652AC202-0A5A-4C27-B11D-26A90CA8178C}.Debug|Win32.ActiveCfg = Debug|Win32
		{652AC202-0A5A-4C27-B11D-26A90CA8178C}.Debug|Win32.Build.0 = Debug|Win32
		{652AC202-0A5A-4C27-B11D-26A90CA8178C}.Product|Any CPU.ActiveCfg = Product|Win32
		{652AC202-0A5A-4C27-B11D-26A90CA8178C}.Product|Mixed Platforms.ActiveCfg = Product|Win32
		{652AC202-0A5A-4C27-B11D-26A90CA8178C}.Product|Mixed Platforms.Build.0 = Product|Win32
		{652AC202-0A5A-4C27-B11D-26A90CA8178C}.Product|Win32.ActiveCfg = Product|Win32
		{652AC202-0A5A-4C27-B11D-26A90CA8178C}.Profile|Any CPU.ActiveCfg = Profile|Win32
		{652AC202-0A5A-4C27-B11D-26A90CA8178C}.Profile|Mixed Platforms.ActiveCfg = Profile|Win32
		{652AC202-0A5A-4C27-B11D-26A90CA8178C}.Profile|Mixed Platforms.Build.0 = Profile|Win32
		{652AC202-0A5A-4C27-B11D-26A90CA8178C}.Profile|Win32.ActiveCfg = Profile|Win32
		{652AC202-0A5A-4C27-B11D-26A90CA8178C}.Release|Any CPU.ActiveCfg = Release|Win32
		{652AC202-0A5A-4C27-B11D-26A90CA8178C}.Release|Mixed Platforms.ActiveCfg = Release|Win32
		{652AC202-0A5A-4C27-B11D-26A90CA8178C}.Release|Mixed Platforms.Build.0 = Release|Win32
		{652AC202-0A5A-4C27-B11D-26A90CA8178C}.Release|Win32.ActiveCfg = Release|Win32
		{93DA0768-9D4E-444C-867D-2B9A609DC3CB}.Debug|Any CPU.ActiveCfg = Debug|Win32
		{93DA0768-9D4E-444C-867D-2B9A609DC3CB}.Debug|Mixed Platforms.ActiveCfg = Debug|Win32
		{93DA0768-9D4E-444C-867D-2B9A609DC3CB}.Debug|Mixed Platforms.Build.0 = Debug|Win32
		{93DA0768-9D4E-444C-867D-2B9A609DC3CB}.Debug|Win32.ActiveCfg = Debug|Win32
		{93DA0768-9D4E-444C-867D-2B9A609DC3CB}.Debug|Win32.Build.0 = Debug|Win32
		{93DA0768-9D4E-444C-867D-2B9A609DC3CB}.Product|Any CPU.ActiveCfg = Product|Win32
		{93DA0768-9D4E-444C-867D-2B9A609DC3CB}.Product|Mixed Platforms.ActiveCfg = Product|Win32
		{93DA0768-9D4E-444C-867D-2B9A609DC3CB}.Product|Mixed Platforms.Build.0 = Product|Win32
		{93DA0768-9D4E-444C-867D-2B9A609DC3CB}.Product|Win32.ActiveCfg = Product|Win32
		{93DA0768-9D4E-444C-867D-2B9A609DC3CB}.Profile|Any CPU.ActiveCfg = Profile|Win32
		{93DA0768-9D4E-444C-867D-2B9A609DC3CB}.Profile|Mixed Platforms.ActiveCfg = Profile|Win32
		{93DA0768-9D4E-444C-867D-2B9A609DC3CB}.Profile|Mixed Platforms.Build.0 = Profile|Win32
		{93DA0768-9D4E-444C-867D-2B9A609DC3CB}.Profile|Win32.ActiveCfg = Profile|Win32
		{93DA0768-9D4E-444C-867D-2B9A609DC3CB}.Release|Any CPU.ActiveCfg = Release|Win32
		{93DA0768-9D4E-444C-867D-2B9A609DC3CB}.Release|Mixed Platforms.ActiveCfg = Release|Win32
		{93DA0768-9D4E-444C-867D-2B9A609DC3CB}.Release|Mixed Platforms.Build.0 = Release|Win32
		{93DA0768-9D4E-444C-867D-2B9A609DC3CB}.Release|Win32.ActiveCfg = Release|Win32
		{4FFFCCF7-43C9-4D08-9866-21CE328B9BE8}.Debug|Any CPU.ActiveCfg = Debug|Win32
		{4FFFCCF7-43C9-4D08-9866-21CE328B9BE8}.Debug|Mixed Platforms.ActiveCfg = Debug|Win32
		{4FFFCCF7-43C9-4D08-9866-21CE328B9BE8}.Debug|Mixed Platforms.Build.0 = Debug|Win32
		{4FFFCCF7-43C9-4D08-9866-21CE328B9BE8}.Debug|Win32.ActiveCfg = Debug|Win32
		{4FFFCCF7-43C9-4D08-9866-21CE328B9BE8}.Product|Any CPU.ActiveCfg = Product|Win32
		{4FFFCCF7-43C9-4D08-9866-21CE328B9BE8}.Product|Mixed Platforms.ActiveCfg = Product|Win32
		{4FFFCCF7-43C9-4D08-9866-21CE328B9BE8}.Product|Mixed Platforms.Build.0 = Product|Win32
		{4FFFCCF7-43C9-4D08-9866-21CE328B9BE8}.Product|Win32.ActiveCfg = Product|Win32
		{4FFFCCF7-43C9-4D08-9866-21CE328B9BE8}.Profile|Any CPU.ActiveCfg = Profile|Win32
		{4FFFCCF7-43C9-4D08-9866-21CE328B9BE8}.Profile|Mixed Platforms.ActiveCfg = Profile|Win32
		{4FFFCCF7-43C9-4D08-9866-21CE328B9BE8}.Profile|Mixed Platforms.Build.0 = Profile|Win32
		{4FFFCCF7-43C9-4D08-9866-21CE328B9BE8}.Profile|Win32.ActiveCfg = Profile|Win32
		{4FFFCCF7-43C9-4D08-9866-21CE328B9BE8}.Release|Any CPU.ActiveCfg = Release|Win32
		{4FFFCCF7-43C9-4D08-9866-21CE328B9BE8}.Release|Mixed Platforms.ActiveCfg = Release|Win32
		{4FFFCCF7-43C9-4D08-9866-21CE328B9BE8}.Release|Mixed Platforms.Build.0 = Release|Win32
		{4FFFCCF7-43C9-4D08-9866-21CE328B9BE8}.Release|Win32.ActiveCfg = Release|Win32
		{0D5549FB-4EAB-46E4-9896-874E59594899}.Debug|Any CPU.ActiveCfg = Debug|Win32
		{0D5549FB-4EAB-46E4-9896-874E59594899}.Debug|Mixed Platforms.ActiveCfg = Debug|Win32
		{0D5549FB-4EAB-46E4-9896-874E59594899}.Debug|Mixed Platforms.Build.0 = Debug|Win32
		{0D5549FB-4EAB-46E4-9896-874E59594899}.Debug|Win32.ActiveCfg = Debug|Win32
		{0D5549FB-4EAB-46E4-9896-874E59594899}.Debug|Win32.Build.0 = Debug|Win32
		{0D5549FB-4EAB-46E4-9896-874E59594899}.Product|Any CPU.ActiveCfg = Product|Win32
		{0D5549FB-4EAB-46E4-9896-874E59594899}.Product|Mixed Platforms.ActiveCfg = Product|Win32
		{0D5549FB-4EAB-46E4-9896-874E59594899}.Product|Mixed Platforms.Build.0 = Product|Win32
		{0D5549FB-4EAB-46E4-9896-874E59594899}.Product|Win32.ActiveCfg = Product|Win32
		{0D5549FB-4EAB-46E4-9896-874E59594899}.Profile|Any CPU.ActiveCfg = Profile|Win32
		{0D5549FB-4EAB-46E4-9896-874E59594899}.Profile|Mixed Platforms.ActiveCfg = Profile|Win32
		{0D5549FB-4EAB-46E4-9896-874E59594899}.Profile|Mixed Platforms.Build.0 = Profile|Win32
		{0D5549FB-4EAB-46E4-9896-874E59594899}.Profile|Win32.ActiveCfg = Profile|Win32
		{0D5549FB-4EAB-46E4-9896-874E59594899}.Release|Any CPU.ActiveCfg = Release|Win32
		{0D5549FB-4EAB-46E4-9896-874E59594899}.Release|Mixed Platforms.ActiveCfg = Release|Win32
		{0D5549FB-4EAB-46E4-9896-874E59594899}.Release|Mixed Platforms.Build.0 = Release|Win32
		{0D5549FB-4EAB-46E4-9896-874E59594899}.Release|Win32.ActiveCfg = Release|Win32
		{85C32493-6479-4A87-9041-14A2A8986E38}.Debug|Any CPU.ActiveCfg = Debug|Win32
		{85C32493-6479-4A87-9041-14A2A8986E38}.Debug|Mixed Platforms.ActiveCfg = Debug|Win32
		{85C32493-6479-4A87-9041-14A2A8986E38}.Debug|Mixed Platforms.Build.0 = Debug|Win32
		{85C32493-6479-4A87-9041-14A2A8986E38}.Debug|Win32.ActiveCfg = Debug|Win32
		{85C32493-6479-4A87-9041-14A2A8986E38}.Debug|Win32.Build.0 = Debug|Win32
		{85C32493-6479-4A87-9041-14A2A8986E38}.Product|Any CPU.ActiveCfg = Product|Win32
		{85C32493-6479-4A87-9041-14A2A8986E38}.Product|Mixed Platforms.ActiveCfg = Product|Win32
		{85C32493-6479-4A87-9041-14A2A8986E38}.Product|Mixed Platforms.Build.0 = Product|Win32
		{85C32493-6479-4A87-9041-14A2A8986E38}.Product|Win32.ActiveCfg = Product|Win32
		{85C32493-6479-4A87-9041-14A2A8986E38}.Profile|Any CPU.ActiveCfg = Profile|Win32
		{85C32493-6479-4A87-9041-14A2A8986E38}.Profile|Mixed Platforms.ActiveCfg = Profile|Win32
		{85C32493-6479-4A87-9041-14A2A8986E38}.Profile|Mixed Platforms.Build.0 = Profile|Win32
		{85C32493-6479-4A87-9041-14A2A8986E38}.Profile|Win32.ActiveCfg = Profile|Win32
		{85C32493-6479-4A87-9041-14A2A8986E38}.Release|Any CPU.ActiveCfg = Release|Win32
		{85C32493-6479-4A87-9041-14A2A8986E38}.Release|Mixed Platforms.ActiveCfg = Release|Win32
		{85C32493-6479-4A87-9041-14A2A8986E38}.Release|Mixed Platforms.Build.0 = Release|Win32
		{85C32493-6479-4A87-9041-14A2A8986E38}.Release|Win32.ActiveCfg = Release|Win32
		{E62E571A-B5A9-41BE-8222-81D3AE8E15FD}.Debug|Any CPU.ActiveCfg = Debug|Win32
		{E62E571A-B5A9-41BE-8222-81D3AE8E15FD}.Debug|Mixed Platforms.ActiveCfg = Debug|Win32
		{E62E571A-B5A9-41BE-8222-81D3AE8E15FD}.Debug|Mixed Platforms.Build.0 = Debug|Win32
		{E62E571A-B5A9-41BE-8222-81D3AE8E15FD}.Debug|Win32.ActiveCfg = Debug|Win32
		{E62E571A-B5A9-41BE-8222-81D3AE8E15FD}.Debug|Win32.Build.0 = Debug|Win32
		{E62E571A-B5A9-41BE-8222-81D3AE8E15FD}.Product|Any CPU.ActiveCfg = Product|Win32
		{E62E571A-B5A9-41BE-8222-81D3AE8E15FD}.Product|Mixed Platforms.ActiveCfg = Product|Win32
		{E62E571A-B5A9-41BE-8222-81D3AE8E15FD}.Product|Mixed Platforms.Build.0 = Product|Win32
		{E62E571A-B5A9-41BE-8222-81D3AE8E15FD}.Product|Win32.ActiveCfg = Product|Win32
		{E62E571A-B5A9-41BE-8222-81D3AE8E15FD}.Profile|Any CPU.ActiveCfg = Profile|Win32
		{E62E571A-B5A9-41BE-8222-81D3AE8E15FD}.Profile|Mixed Platforms.ActiveCfg = Profile|Win32
		{E62E571A-B5A9-41BE-8222-81D3AE8E15FD}.Profile|Mixed Platforms.Build.0 = Profile|Win32
		{E62E571A-B5A9-41BE-8222-81D3AE8E15FD}.Profile|Win32.ActiveCfg = Profile|Win32
		{E62E571A-B5A9-41BE-8222-81D3AE8E15FD}.Release|Any CPU.ActiveCfg = Release|Win32
		{E62E571A-B5A9-41BE-8222-81D3AE8E15FD}.Release|Mixed Platforms.ActiveCfg = Release|Win32
		{E62E571A-B5A9-41BE-8222-81D3AE8E15FD}.Release|Mixed Platforms.Build.0 = Release|Win32
		{E62E571A-B5A9-41BE-8222-81D3AE8E15FD}.Release|Win32.ActiveCfg = Release|Win32
		{5F9EB640-3E6B-4E26-977F-A782B3EB6529}.Debug|Any CPU.ActiveCfg = Debug|Win32
		{5F9EB640-3E6B-4E26-977F-A782B3EB6529}.Debug|Mixed Platforms.ActiveCfg = Debug|Win32
		{5F9EB640-3E6B-4E26-977F-A782B3EB6529}.Debug|Mixed Platforms.Build.0 = Debug|Win32
		{5F9EB640-3E6B-4E26-977F-A782B3EB6529}.Debug|Win32.ActiveCfg = Debug|Win32
		{5F9EB640-3E6B-4E26-977F-A782B3EB6529}.Debug|Win32.Build.0 = Debug|Win32
		{5F9EB640-3E6B-4E26-977F-A782B3EB6529}.Product|Any CPU.ActiveCfg = Product|Win32
		{5F9EB640-3E6B-4E26-977F-A782B3EB6529}.Product|Mixed Platforms.ActiveCfg = Product|Win32
		{5F9EB640-3E6B-4E26-977F-A782B3EB6529}.Product|Mixed Platforms.Build.0 = Product|Win32
		{5F9EB640-3E6B-4E26-977F-A782B3EB6529}.Product|Win32.ActiveCfg = Product|Win32
		{5F9EB640-3E6B-4E26-977F-A782B3EB6529}.Profile|Any CPU.ActiveCfg = Profile|Win32
		{5F9EB640-3E6B-4E26-977F-A782B3EB6529}.Profile|Mixed Platforms.ActiveCfg = Profile|Win32
		{5F9EB640-3E6B-4E26-977F-A782B3EB6529}.Profile|Mixed Platforms.Build.0 = Profile|Win32
		{5F9EB640-3E6B-4E26-977F-A782B3EB6529}.Profile|Win32.ActiveCfg = Profile|Win32
		{5F9EB640-3E6B-4E26-977F-A782B3EB6529}.Release|Any CPU.ActiveCfg = Release|Win32
		{5F9EB640-3E6B-4E26-977F-A782B3EB6529}.Release|Mixed Platforms.ActiveCfg = Release|Win32
		{5F9EB640-3E6B-4E26-977F-A782B3EB6529}.Release|Mixed Platforms.Build.0 = Release|Win32
		{5F9EB640-3E6B-4E26-977F-A782B3EB6529}.Release|Win32.ActiveCfg = Release|Win32
		{006A1771-DD81-44B5-9775-42F0129E497B}.Debug|Any CPU.ActiveCfg = Debug|Win32
		{006A1771-DD81-44B5-9775-42F0129E497B}.Debug|Mixed Platforms.ActiveCfg = Debug|Win32
		{006A1771-DD81-44B5-9775-42F0129E497B}.Debug|Mixed Platforms.Build.0 = Debug|Win32
		{006A1771-DD81-44B5-9775-42F0129E497B}.Debug|Win32.ActiveCfg = Debug|Win32
		{006A1771-DD81-44B5-9775-42F0129E497B}.Debug|Win32.Build.0 = Debug|Win32
		{006A1771-DD81-44B5-9775-42F0129E497B}.Product|Any CPU.ActiveCfg = Product|Win32
		{006A1771-DD81-44B5-9775-42F0129E497B}.Product|Mixed Platforms.ActiveCfg = Product|Win32
		{006A1771-DD81-44B5-9775-42F0129E497B}.Product|Mixed Platforms.Build.0 = Product|Win32
		{006A1771-DD81-44B5-9775-42F0129E497B}.Product|Win32.ActiveCfg = Product|Win32
		{006A1771-DD81-44B5-9775-42F0129E497B}.Profile|Any CPU.ActiveCfg = Profile|Win32
		{006A1771-DD81-44B5-9775-42F0129E497B}.Profile|Mixed Platforms.ActiveCfg = Profile|Win32
		{006A1771-DD81-44B5-9775-42F0129E497B}.Profile|Mixed Platforms.Build.0 = Profile|Win32
		{006A1771-DD81-44B5-9775-42F0129E497B}.Profile|Win32.ActiveCfg = Profile|Win32
		{006A1771-DD81-44B5-9775-42F0129E497B}.Release|Any CPU.ActiveCfg = Release|Win32
		{006A1771-DD81-44B5-9775-42F0129E497B}.Release|Mixed Platforms.ActiveCfg = Release|Win32
		{006A1771-DD81-44B5-9775-42F0129E497B}.Release|Mixed Platforms.Build.0 = Release|Win32
		{006A1771-DD81-44B5-9775-42F0129E497B}.Release|Win32.ActiveCfg = Release|Win32
		{B3122425-E938-4CEC-8C69-C998A4F7F36D}.Debug|Any CPU.ActiveCfg = Debug|Win32
		{B3122425-E938-4CEC-8C69-C998A4F7F36D}.Debug|Mixed Platforms.ActiveCfg = Debug|Win32
		{B3122425-E938-4CEC-8C69-C998A4F7F36D}.Debug|Mixed Platforms.Build.0 = Debug|Win32
		{B3122425-E938-4CEC-8C69-C998A4F7F36D}.Debug|Win32.ActiveCfg = Debug|Win32
		{B3122425-E938-4CEC-8C69-C998A4F7F36D}.Product|Any CPU.ActiveCfg = Product|Win32
		{B3122425-E938-4CEC-8C69-C998A4F7F36D}.Product|Mixed Platforms.ActiveCfg = Product|Win32
		{B3122425-E938-4CEC-8C69-C998A4F7F36D}.Product|Mixed Platforms.Build.0 = Product|Win32
		{B3122425-E938-4CEC-8C69-C998A4F7F36D}.Product|Win32.ActiveCfg = Product|Win32
		{B3122425-E938-4CEC-8C69-C998A4F7F36D}.Profile|Any CPU.ActiveCfg = Profile|Win32
		{B3122425-E938-4CEC-8C69-C998A4F7F36D}.Profile|Mixed Platforms.ActiveCfg = Profile|Win32
		{B3122425-E938-4CEC-8C69-C998A4F7F36D}.Profile|Mixed Platforms.Build.0 = Profile|Win32
		{B3122425-E938-4CEC-8C69-C998A4F7F36D}.Profile|Win32.ActiveCfg = Profile|Win32
		{B3122425-E938-4CEC-8C69-C998A4F7F36D}.Release|Any CPU.ActiveCfg = Release|Win32
		{B3122425-E938-4CEC-8C69-C998A4F7F36D}.Release|Mixed Platforms.ActiveCfg = Release|Win32
		{B3122425-E938-4CEC-8C69-C998A4F7F36D}.Release|Mixed Platforms.Build.0 = Release|Win32
		{B3122425-E938-4CEC-8C69-C998A4F7F36D}.Release|Win32.ActiveCfg = Release|Win32
		{C20B1676-DFA1-4B92-9CA5-922D225FE2A1}.Debug|Any CPU.ActiveCfg = Debug|Win32
		{C20B1676-DFA1-4B92-9CA5-922D225FE2A1}.Debug|Mixed Platforms.ActiveCfg = Debug|Win32
		{C20B1676-DFA1-4B92-9CA5-922D225FE2A1}.Debug|Win32.ActiveCfg = Debug|Win32
		{C20B1676-DFA1-4B92-9CA5-922D225FE2A1}.Debug|Win32.Build.0 = Debug|Win32
		{C20B1676-DFA1-4B92-9CA5-922D225FE2A1}.Product|Any CPU.ActiveCfg = Product|Win32
		{C20B1676-DFA1-4B92-9CA5-922D225FE2A1}.Product|Mixed Platforms.ActiveCfg = Product|Win32
		{C20B1676-DFA1-4B92-9CA5-922D225FE2A1}.Product|Win32.ActiveCfg = Product|Win32
		{C20B1676-DFA1-4B92-9CA5-922D225FE2A1}.Profile|Any CPU.ActiveCfg = Profile|Win32
		{C20B1676-DFA1-4B92-9CA5-922D225FE2A1}.Profile|Mixed Platforms.ActiveCfg = Profile|Win32
		{C20B1676-DFA1-4B92-9CA5-922D225FE2A1}.Profile|Win32.ActiveCfg = Profile|Win32
		{C20B1676-DFA1-4B92-9CA5-922D225FE2A1}.Release|Any CPU.ActiveCfg = Release|Win32
		{C20B1676-DFA1-4B92-9CA5-922D225FE2A1}.Release|Mixed Platforms.ActiveCfg = Release|Win32
		{C20B1676-DFA1-4B92-9CA5-922D225FE2A1}.Release|Win32.ActiveCfg = Release|Win32
		{FA7492CB-7EAB-411F-A93F-70EFE12C7D1D}.Debug|Any CPU.ActiveCfg = Debug|Win32
		{FA7492CB-7EAB-411F-A93F-70EFE12C7D1D}.Debug|Mixed Platforms.ActiveCfg = Debug|Win32
		{FA7492CB-7EAB-411F-A93F-70EFE12C7D1D}.Debug|Mixed Platforms.Build.0 = Debug|Win32
		{FA7492CB-7EAB-411F-A93F-70EFE12C7D1D}.Debug|Win32.ActiveCfg = Debug|Win32
		{FA7492CB-7EAB-411F-A93F-70EFE12C7D1D}.Debug|Win32.Build.0 = Debug|Win32
		{FA7492CB-7EAB-411F-A93F-70EFE12C7D1D}.Product|Any CPU.ActiveCfg = Product|Win32
		{FA7492CB-7EAB-411F-A93F-70EFE12C7D1D}.Product|Mixed Platforms.ActiveCfg = Product|Win32
		{FA7492CB-7EAB-411F-A93F-70EFE12C7D1D}.Product|Mixed Platforms.Build.0 = Product|Win32
		{FA7492CB-7EAB-411F-A93F-70EFE12C7D1D}.Product|Win32.ActiveCfg = Product|Win32
		{FA7492CB-7EAB-411F-A93F-70EFE12C7D1D}.Product|Win32.Build.0 = Product|Win32
		{FA7492CB-7EAB-411F-A93F-70EFE12C7D1D}.Profile|Any CPU.ActiveCfg = Profile|Win32
		{FA7492CB-7EAB-411F-A93F-70EFE12C7D1D}.Profile|Mixed Platforms.ActiveCfg = Profile|Win32
		{FA7492CB-7EAB-411F-A93F-70EFE12C7D1D}.Profile|Mixed Platforms.Build.0 = Profile|Win32
		{FA7492CB-7EAB-411F-A93F-70EFE12C7D1D}.Profile|Win32.ActiveCfg = Profile|Win32
		{FA7492CB-7EAB-411F-A93F-70EFE12C7D1D}.Release|Any CPU.ActiveCfg = Release|Win32
		{FA7492CB-7EAB-411F-A93F-70EFE12C7D1D}.Release|Mixed Platforms.ActiveCfg = Release|Win32
		{FA7492CB-7EAB-411F-A93F-70EFE12C7D1D}.Release|Mixed Platforms.Build.0 = Release|Win32
		{FA7492CB-7EAB-411F-A93F-70EFE12C7D1D}.Release|Win32.ActiveCfg = Release|Win32
		{FA7492CB-7EAB-411F-A93F-70EFE12C7D1D}.Release|Win32.Build.0 = Release|Win32
		{6E88B684-6D52-4995-A8F5-2574E92D01F9}.Debug|Any CPU.ActiveCfg = Debug|Win32
		{6E88B684-6D52-4995-A8F5-2574E92D01F9}.Debug|Mixed Platforms.ActiveCfg = Debug|Win32
		{6E88B684-6D52-4995-A8F5-2574E92D01F9}.Debug|Mixed Platforms.Build.0 = Debug|Win32
		{6E88B684-6D52-4995-A8F5-2574E92D01F9}.Debug|Win32.ActiveCfg = Debug|Win32
		{6E88B684-6D52-4995-A8F5-2574E92D01F9}.Product|Any CPU.ActiveCfg = Product|Win32
		{6E88B684-6D52-4995-A8F5-2574E92D01F9}.Product|Mixed Platforms.ActiveCfg = Product|Win32
		{6E88B684-6D52-4995-A8F5-2574E92D01F9}.Product|Mixed Platforms.Build.0 = Product|Win32
		{6E88B684-6D52-4995-A8F5-2574E92D01F9}.Product|Win32.ActiveCfg = Product|Win32
		{6E88B684-6D52-4995-A8F5-2574E92D01F9}.Product|Win32.Build.0 = Product|Win32
		{6E88B684-6D52-4995-A8F5-2574E92D01F9}.Profile|Any CPU.ActiveCfg = Profile|Win32
		{6E88B684-6D52-4995-A8F5-2574E92D01F9}.Profile|Mixed Platforms.ActiveCfg = Profile|Win32
		{6E88B684-6D52-4995-A8F5-2574E92D01F9}.Profile|Mixed Platforms.Build.0 = Profile|Win32
		{6E88B684-6D52-4995-A8F5-2574E92D01F9}.Profile|Win32.ActiveCfg = Profile|Win32
		{6E88B684-6D52-4995-A8F5-2574E92D01F9}.Release|Any CPU.ActiveCfg = Release|Win32
		{6E88B684-6D52-4995-A8F5-2574E92D01F9}.Release|Mixed Platforms.ActiveCfg = Release|Win32
		{6E88B684-6D52-4995-A8F5-2574E92D01F9}.Release|Mixed Platforms.Build.0 = Release|Win32
		{6E88B684-6D52-4995-A8F5-2574E92D01F9}.Release|Win32.ActiveCfg = Release|Win32
		{6E88B684-6D52-4995-A8F5-2574E92D01F9}.Release|Win32.Build.0 = Release|Win32
		{3A68081D-E8F9-4523-9436-530DE9E5530A}.Debug|Any CPU.ActiveCfg = Debug|Win32
		{3A68081D-E8F9-4523-9436-530DE9E5530A}.Debug|Mixed Platforms.ActiveCfg = Debug|Win32
		{3A68081D-E8F9-4523-9436-530DE9E5530A}.Debug|Mixed Platforms.Build.0 = Debug|Win32
		{3A68081D-E8F9-4523-9436-530DE9E5530A}.Debug|Win32.ActiveCfg = Debug|Win32
		{3A68081D-E8F9-4523-9436-530DE9E5530A}.Debug|Win32.Build.0 = Debug|Win32
		{3A68081D-E8F9-4523-9436-530DE9E5530A}.Product|Any CPU.ActiveCfg = Product|Win32
		{3A68081D-E8F9-4523-9436-530DE9E5530A}.Product|Mixed Platforms.ActiveCfg = Product|Win32
		{3A68081D-E8F9-4523-9436-530DE9E5530A}.Product|Mixed Platforms.Build.0 = Product|Win32
		{3A68081D-E8F9-4523-9436-530DE9E5530A}.Product|Win32.ActiveCfg = Product|Win32
		{3A68081D-E8F9-4523-9436-530DE9E5530A}.Product|Win32.Build.0 = Product|Win32
		{3A68081D-E8F9-4523-9436-530DE9E5530A}.Profile|Any CPU.ActiveCfg = Profile|Win32
		{3A68081D-E8F9-4523-9436-530DE9E5530A}.Profile|Mixed Platforms.ActiveCfg = Profile|Win32
		{3A68081D-E8F9-4523-9436-530DE9E5530A}.Profile|Mixed Platforms.Build.0 = Profile|Win32
		{3A68081D-E8F9-4523-9436-530DE9E5530A}.Profile|Win32.ActiveCfg = Profile|Win32
		{3A68081D-E8F9-4523-9436-530DE9E5530A}.Profile|Win32.Build.0 = Profile|Win32
		{3A68081D-E8F9-4523-9436-530DE9E5530A}.Release|Any CPU.ActiveCfg = Release|Win32
		{3A68081D-E8F9-4523-9436-530DE9E5530A}.Release|Mixed Platforms.ActiveCfg = Release|Win32
		{3A68081D-E8F9-4523-9436-530DE9E5530A}.Release|Mixed Platforms.Build.0 = Release|Win32
		{3A68081D-E8F9-4523-9436-530DE9E5530A}.Release|Win32.ActiveCfg = Release|Win32
		{3A68081D-E8F9-4523-9436-530DE9E5530A}.Release|Win32.Build.0 = Release|Win32
		{E8B256DE-0D44-4DC5-A43F-58E7F61331CA}.Debug|Any CPU.ActiveCfg = Debug|Win32
		{E8B256DE-0D44-4DC5-A43F-58E7F61331CA}.Debug|Mixed Platforms.ActiveCfg = Debug|Win32
		{E8B256DE-0D44-4DC5-A43F-58E7F61331CA}.Debug|Mixed Platforms.Build.0 = Debug|Win32
		{E8B256DE-0D44-4DC5-A43F-58E7F61331CA}.Debug|Win32.ActiveCfg = Debug|Win32
		{E8B256DE-0D44-4DC5-A43F-58E7F61331CA}.Debug|Win32.Build.0 = Debug|Win32
		{E8B256DE-0D44-4DC5-A43F-58E7F61331CA}.Product|Any CPU.ActiveCfg = Product|Win32
		{E8B256DE-0D44-4DC5-A43F-58E7F61331CA}.Product|Mixed Platforms.ActiveCfg = Product|Win32
		{E8B256DE-0D44-4DC5-A43F-58E7F61331CA}.Product|Mixed Platforms.Build.0 = Product|Win32
		{E8B256DE-0D44-4DC5-A43F-58E7F61331CA}.Product|Win32.ActiveCfg = Product|Win32
		{E8B256DE-0D44-4DC5-A43F-58E7F61331CA}.Product|Win32.Build.0 = Product|Win32
		{E8B256DE-0D44-4DC5-A43F-58E7F61331CA}.Profile|Any CPU.ActiveCfg = Profile|Win32
		{E8B256DE-0D44-4DC5-A43F-58E7F61331CA}.Profile|Mixed Platforms.ActiveCfg = Profile|Win32
		{E8B256DE-0D44-4DC5-A43F-58E7F61331CA}.Profile|Mixed Platforms.Build.0 = Profile|Win32
		{E8B256DE-0D44-4DC5-A43F-58E7F61331CA}.Profile|Win32.ActiveCfg = Profile|Win32
		{E8B256DE-0D44-4DC5-A43F-58E7F61331CA}.Profile|Win32.Build.0 = Profile|Win32
		{E8B256DE-0D44-4DC5-A43F-58E7F61331CA}.Release|Any CPU.ActiveCfg = Release|Win32
		{E8B256DE-0D44-4DC5-A43F-58E7F61331CA}.Release|Mixed Platforms.ActiveCfg = Release|Win32
		{E8B256DE-0D44-4DC5-A43F-58E7F61331CA}.Release|Mixed Platforms.Build.0 = Release|Win32
		{E8B256DE-0D44-4DC5-A43F-58E7F61331CA}.Release|Win32.ActiveCfg = Release|Win32
		{E8B256DE-0D44-4DC5-A43F-58E7F61331CA}.Release|Win32.Build.0 = Release|Win32
		{7744E265-F311-410F-943D-A63B98C0FC4F}.Debug|Any CPU.ActiveCfg = Debug|Win32
		{7744E265-F311-410F-943D-A63B98C0FC4F}.Debug|Mixed Platforms.ActiveCfg = Debug|Win32
		{7744E265-F311-410F-943D-A63B98C0FC4F}.Debug|Mixed Platforms.Build.0 = Debug|Win32
		{7744E265-F311-410F-943D-A63B98C0FC4F}.Debug|Win32.ActiveCfg = Debug|Win32
		{7744E265-F311-410F-943D-A63B98C0FC4F}.Debug|Win32.Build.0 = Debug|Win32
		{7744E265-F311-410F-943D-A63B98C0FC4F}.Product|Any CPU.ActiveCfg = Product|Win32
		{7744E265-F311-410F-943D-A63B98C0FC4F}.Product|Mixed Platforms.ActiveCfg = Product|Win32
		{7744E265-F311-410F-943D-A63B98C0FC4F}.Product|Mixed Platforms.Build.0 = Product|Win32
		{7744E265-F311-410F-943D-A63B98C0FC4F}.Product|Win32.ActiveCfg = Product|Win32
		{7744E265-F311-410F-943D-A63B98C0FC4F}.Product|Win32.Build.0 = Product|Win32
		{7744E265-F311-410F-943D-A63B98C0FC4F}.Profile|Any CPU.ActiveCfg = Profile|Win32
		{7744E265-F311-410F-943D-A63B98C0FC4F}.Profile|Mixed Platforms.ActiveCfg = Profile|Win32
		{7744E265-F311-410F-943D-A63B98C0FC4F}.Profile|Mixed Platforms.Build.0 = Profile|Win32
		{7744E265-F311-410F-943D-A63B98C0FC4F}.Profile|Win32.ActiveCfg = Profile|Win32
		{7744E265-F311-410F-943D-A63B98C0FC4F}.Profile|Win32.Build.0 = Profile|Win32
		{7744E265-F311-410F-943D-A63B98C0FC4F}.Release|Any CPU.ActiveCfg = Release|Win32
		{7744E265-F311-410F-943D-A63B98C0FC4F}.Release|Mixed Platforms.ActiveCfg = Release|Win32
		{7744E265-F311-410F-943D-A63B98C0FC4F}.Release|Mixed Platforms.Build.0 = Release|Win32
		{7744E265-F311-410F-943D-A63B98C0FC4F}.Release|Win32.ActiveCfg = Release|Win32
		{7744E265-F311-410F-943D-A63B98C0FC4F}.Release|Win32.Build.0 = Release|Win32
		{88A9EA72-91BF-400B-B175-C7E1DB13DAE7}.Debug|Any CPU.ActiveCfg = Debug|Win32
		{88A9EA72-91BF-400B-B175-C7E1DB13DAE7}.Debug|Mixed Platforms.ActiveCfg = Debug|Win32
		{88A9EA72-91BF-400B-B175-C7E1DB13DAE7}.Debug|Mixed Platforms.Build.0 = Debug|Win32
		{88A9EA72-91BF-400B-B175-C7E1DB13DAE7}.Debug|Win32.ActiveCfg = Debug|Win32
		{88A9EA72-91BF-400B-B175-C7E1DB13DAE7}.Debug|Win32.Build.0 = Debug|Win32
		{88A9EA72-91BF-400B-B175-C7E1DB13DAE7}.Product|Any CPU.ActiveCfg = Product|Win32
		{88A9EA72-91BF-400B-B175-C7E1DB13DAE7}.Product|Mixed Platforms.ActiveCfg = Product|Win32
		{88A9EA72-91BF-400B-B175-C7E1DB13DAE7}.Product|Mixed Platforms.Build.0 = Product|Win32
		{88A9EA72-91BF-400B-B175-C7E1DB13DAE7}.Product|Win32.ActiveCfg = Product|Win32
		{88A9EA72-91BF-400B-B175-C7E1DB13DAE7}.Product|Win32.Build.0 = Product|Win32
		{88A9EA72-91BF-400B-B175-C7E1DB13DAE7}.Profile|Any CPU.ActiveCfg = Profile|Win32
		{88A9EA72-91BF-400B-B175-C7E1DB13DAE7}.Profile|Mixed Platforms.ActiveCfg = Profile|Win32
		{88A9EA72-91BF-400B-B175-C7E1DB13DAE7}.Profile|Mixed Platforms.Build.0 = Profile|Win32
		{88A9EA72-91BF-400B-B175-C7E1DB13DAE7}.Profile|Win32.ActiveCfg = Profile|Win32
		{88A9EA72-91BF-400B-B175-C7E1DB13DAE7}.Profile|Win32.Build.0 = Profile|Win32
		{88A9EA72-91BF-400B-B175-C7E1DB13DAE7}.Release|Any CPU.ActiveCfg = Release|Win32
		{88A9EA72-91BF-400B-B175-C7E1DB13DAE7}.Release|Mixed Platforms.ActiveCfg = Release|Win32
		{88A9EA72-91BF-400B-B175-C7E1DB13DAE7}.Release|Mixed Platforms.Build.0 = Release|Win32
		{88A9EA72-91BF-400B-B175-C7E1DB13DAE7}.Release|Win32.ActiveCfg = Release|Win32
		{88A9EA72-91BF-400B-B175-C7E1DB13DAE7}.Release|Win32.Build.0 = Release|Win32
		{4B61F965-D1DA-4454-8983-D645CC327633}.Debug|Any CPU.ActiveCfg = Debug|Win32
		{4B61F965-D1DA-4454-8983-D645CC327633}.Debug|Mixed Platforms.ActiveCfg = Debug|Win32
		{4B61F965-D1DA-4454-8983-D645CC327633}.Debug|Mixed Platforms.Build.0 = Debug|Win32
		{4B61F965-D1DA-4454-8983-D645CC327633}.Debug|Win32.ActiveCfg = Debug|Win32
		{4B61F965-D1DA-4454-8983-D645CC327633}.Debug|Win32.Build.0 = Debug|Win32
		{4B61F965-D1DA-4454-8983-D645CC327633}.Product|Any CPU.ActiveCfg = Product|Win32
		{4B61F965-D1DA-4454-8983-D645CC327633}.Product|Mixed Platforms.ActiveCfg = Product|Win32
		{4B61F965-D1DA-4454-8983-D645CC327633}.Product|Mixed Platforms.Build.0 = Product|Win32
		{4B61F965-D1DA-4454-8983-D645CC327633}.Product|Win32.ActiveCfg = Product|Win32
		{4B61F965-D1DA-4454-8983-D645CC327633}.Product|Win32.Build.0 = Product|Win32
		{4B61F965-D1DA-4454-8983-D645CC327633}.Profile|Any CPU.ActiveCfg = Profile|Win32
		{4B61F965-D1DA-4454-8983-D645CC327633}.Profile|Mixed Platforms.ActiveCfg = Profile|Win32
		{4B61F965-D1DA-4454-8983-D645CC327633}.Profile|Mixed Platforms.Build.0 = Profile|Win32
		{4B61F965-D1DA-4454-8983-D645CC327633}.Profile|Win32.ActiveCfg = Profile|Win32
		{4B61F965-D1DA-4454-8983-D645CC327633}.Profile|Win32.Build.0 = Profile|Win32
		{4B61F965-D1DA-4454-8983-D645CC327633}.Release|Any CPU.ActiveCfg = Release|Win32
		{4B61F965-D1DA-4454-8983-D645CC327633}.Release|Mixed Platforms.ActiveCfg = Release|Win32
		{4B61F965-D1DA-4454-8983-D645CC327633}.Release|Mixed Platforms.Build.0 = Release|Win32
		{4B61F965-D1DA-4454-8983-D645CC327633}.Release|Win32.ActiveCfg = Release|Win32
		{4B61F965-D1DA-4454-8983-D645CC327633}.Release|Win32.Build.0 = Release|Win32
		{B146005B-B1FE-48F1-8F71-81D819303A43}.Debug|Any CPU.ActiveCfg = Debug|Win32
		{B146005B-B1FE-48F1-8F71-81D819303A43}.Debug|Mixed Platforms.ActiveCfg = Debug|Win32
		{B146005B-B1FE-48F1-8F71-81D819303A43}.Debug|Mixed Platforms.Build.0 = Debug|Win32
		{B146005B-B1FE-48F1-8F71-81D819303A43}.Debug|Win32.ActiveCfg = Debug|Win32
		{B146005B-B1FE-48F1-8F71-81D819303A43}.Debug|Win32.Build.0 = Debug|Win32
		{B146005B-B1FE-48F1-8F71-81D819303A43}.Product|Any CPU.ActiveCfg = Product|Win32
		{B146005B-B1FE-48F1-8F71-81D819303A43}.Product|Mixed Platforms.ActiveCfg = Product|Win32
		{B146005B-B1FE-48F1-8F71-81D819303A43}.Product|Mixed Platforms.Build.0 = Product|Win32
		{B146005B-B1FE-48F1-8F71-81D819303A43}.Product|Win32.ActiveCfg = Product|Win32
		{B146005B-B1FE-48F1-8F71-81D819303A43}.Product|Win32.Build.0 = Product|Win32
		{B146005B-B1FE-48F1-8F71-81D819303A43}.Profile|Any CPU.ActiveCfg = Profile|Win32
		{B146005B-B1FE-48F1-8F71-81D819303A43}.Profile|Mixed Platforms.ActiveCfg = Profile|Win32
		{B146005B-B1FE-48F1-8F71-81D819303A43}.Profile|Mixed Platforms.Build.0 = Profile|Win32
		{B146005B-B1FE-48F1-8F71-81D819303A43}.Profile|Win32.ActiveCfg = Profile|Win32
		{B146005B-B1FE-48F1-8F71-81D819303A43}.Release|Any CPU.ActiveCfg = Release|Win32
		{B146005B-B1FE-48F1-8F71-81D819303A43}.Release|Mixed Platforms.ActiveCfg = Release|Win32
		{B146005B-B1FE-48F1-8F71-81D819303A43}.Release|Mixed Platforms.Build.0 = Release|Win32
		{B146005B-B1FE-48F1-8F71-81D819303A43}.Release|Win32.ActiveCfg = Release|Win32
		{B146005B-B1FE-48F1-8F71-81D819303A43}.Release|Win32.Build.0 = Release|Win32
		{14ACDBBB-885B-4B01-8670-01F22A10DF87}.Debug|Any CPU.ActiveCfg = Debug|Win32
		{14ACDBBB-885B-4B01-8670-01F22A10DF87}.Debug|Mixed Platforms.ActiveCfg = Debug|Win32
		{14ACDBBB-885B-4B01-8670-01F22A10DF87}.Debug|Mixed Platforms.Build.0 = Debug|Win32
		{14ACDBBB-885B-4B01-8670-01F22A10DF87}.Debug|Win32.ActiveCfg = Debug|Win32
		{14ACDBBB-885B-4B01-8670-01F22A10DF87}.Debug|Win32.Build.0 = Debug|Win32
		{14ACDBBB-885B-4B01-8670-01F22A10DF87}.Product|Any CPU.ActiveCfg = Product|Win32
		{14ACDBBB-885B-4B01-8670-01F22A10DF87}.Product|Mixed Platforms.ActiveCfg = Product|Win32
		{14ACDBBB-885B-4B01-8670-01F22A10DF87}.Product|Mixed Platforms.Build.0 = Product|Win32
		{14ACDBBB-885B-4B01-8670-01F22A10DF87}.Product|Win32.ActiveCfg = Product|Win32
		{14ACDBBB-885B-4B01-8670-01F22A10DF87}.Product|Win32.Build.0 = Product|Win32
		{14ACDBBB-885B-4B01-8670-01F22A10DF87}.Profile|Any CPU.ActiveCfg = Profile|Win32
		{14ACDBBB-885B-4B01-8670-01F22A10DF87}.Profile|Mixed Platforms.ActiveCfg = Profile|Win32
		{14ACDBBB-885B-4B01-8670-01F22A10DF87}.Profile|Mixed Platforms.Build.0 = Profile|Win32
		{14ACDBBB-885B-4B01-8670-01F22A10DF87}.Profile|Win32.ActiveCfg = Profile|Win32
		{14ACDBBB-885B-4B01-8670-01F22A10DF87}.Release|Any CPU.ActiveCfg = Release|Win32
		{14ACDBBB-885B-4B01-8670-01F22A10DF87}.Release|Mixed Platforms.ActiveCfg = Release|Win32
		{14ACDBBB-885B-4B01-8670-01F22A10DF87}.Release|Mixed Platforms.Build.0 = Release|Win32
		{14ACDBBB-885B-4B01-8670-01F22A10DF87}.Release|Win32.ActiveCfg = Release|Win32
		{14ACDBBB-885B-4B01-8670-01F22A10DF87}.Release|Win32.Build.0 = Release|Win32
		{94B7C17B-B23A-4D5C-A1F6-E7EF49763488}.Debug|Any CPU.ActiveCfg = Debug|Win32
		{94B7C17B-B23A-4D5C-A1F6-E7EF49763488}.Debug|Mixed Platforms.ActiveCfg = Debug|Win32
		{94B7C17B-B23A-4D5C-A1F6-E7EF49763488}.Debug|Mixed Platforms.Build.0 = Debug|Win32
		{94B7C17B-B23A-4D5C-A1F6-E7EF49763488}.Debug|Win32.ActiveCfg = Debug|Win32
		{94B7C17B-B23A-4D5C-A1F6-E7EF49763488}.Debug|Win32.Build.0 = Debug|Win32
		{94B7C17B-B23A-4D5C-A1F6-E7EF49763488}.Product|Any CPU.ActiveCfg = Product|Win32
		{94B7C17B-B23A-4D5C-A1F6-E7EF49763488}.Product|Mixed Platforms.ActiveCfg = Product|Win32
		{94B7C17B-B23A-4D5C-A1F6-E7EF49763488}.Product|Mixed Platforms.Build.0 = Product|Win32
		{94B7C17B-B23A-4D5C-A1F6-E7EF49763488}.Product|Win32.ActiveCfg = Product|Win32
		{94B7C17B-B23A-4D5C-A1F6-E7EF49763488}.Product|Win32.Build.0 = Product|Win32
		{94B7C17B-B23A-4D5C-A1F6-E7EF49763488}.Profile|Any CPU.ActiveCfg = Profile|Win32
		{94B7C17B-B23A-4D5C-A1F6-E7EF49763488}.Profile|Mixed Platforms.ActiveCfg = Profile|Win32
		{94B7C17B-B23A-4D5C-A1F6-E7EF49763488}.Profile|Mixed Platforms.Build.0 = Profile|Win32
		{94B7C17B-B23A-4D5C-A1F6-E7EF49763488}.Profile|Win32.ActiveCfg = Profile|Win32
		{94B7C17B-B23A-4D5C-A1F6-E7EF49763488}.Release|Any CPU.ActiveCfg = Release|Win32
		{94B7C17B-B23A-4D5C-A1F6-E7EF49763488}.Release|Mixed Platforms.ActiveCfg = Release|Win32
		{94B7C17B-B23A-4D5C-A1F6-E7EF49763488}.Release|Mixed Platforms.Build.0 = Release|Win32
		{94B7C17B-B23A-4D5C-A1F6-E7EF49763488}.Release|Win32.ActiveCfg = Release|Win32
		{94B7C17B-B23A-4D5C-A1F6-E7EF49763488}.Release|Win32.Build.0 = Release|Win32
		{9DCF4E9E-F056-4698-9AFC-AC3F5352578F}.Debug|Any CPU.ActiveCfg = Debug|Win32
		{9DCF4E9E-F056-4698-9AFC-AC3F5352578F}.Debug|Mixed Platforms.ActiveCfg = Debug|Win32
		{9DCF4E9E-F056-4698-9AFC-AC3F5352578F}.Debug|Mixed Platforms.Build.0 = Debug|Win32
		{9DCF4E9E-F056-4698-9AFC-AC3F5352578F}.Debug|Win32.ActiveCfg = Debug|Win32
		{9DCF4E9E-F056-4698-9AFC-AC3F5352578F}.Debug|Win32.Build.0 = Debug|Win32
		{9DCF4E9E-F056-4698-9AFC-AC3F5352578F}.Product|Any CPU.ActiveCfg = Product|Win32
		{9DCF4E9E-F056-4698-9AFC-AC3F5352578F}.Product|Mixed Platforms.ActiveCfg = Product|Win32
		{9DCF4E9E-F056-4698-9AFC-AC3F5352578F}.Product|Mixed Platforms.Build.0 = Product|Win32
		{9DCF4E9E-F056-4698-9AFC-AC3F5352578F}.Product|Win32.ActiveCfg = Product|Win32
		{9DCF4E9E-F056-4698-9AFC-AC3F5352578F}.Product|Win32.Build.0 = Product|Win32
		{9DCF4E9E-F056-4698-9AFC-AC3F5352578F}.Profile|Any CPU.ActiveCfg = Profile|Win32
		{9DCF4E9E-F056-4698-9AFC-AC3F5352578F}.Profile|Mixed Platforms.ActiveCfg = Profile|Win32
		{9DCF4E9E-F056-4698-9AFC-AC3F5352578F}.Profile|Mixed Platforms.Build.0 = Profile|Win32
		{9DCF4E9E-F056-4698-9AFC-AC3F5352578F}.Profile|Win32.ActiveCfg = Profile|Win32
		{9DCF4E9E-F056-4698-9AFC-AC3F5352578F}.Release|Any CPU.ActiveCfg = Release|Win32
		{9DCF4E9E-F056-4698-9AFC-AC3F5352578F}.Release|Mixed Platforms.ActiveCfg = Release|Win32
		{9DCF4E9E-F056-4698-9AFC-AC3F5352578F}.Release|Mixed Platforms.Build.0 = Release|Win32
		{9DCF4E9E-F056-4698-9AFC-AC3F5352578F}.Release|Win32.ActiveCfg = Release|Win32
		{9DCF4E9E-F056-4698-9AFC-AC3F5352578F}.Release|Win32.Build.0 = Release|Win32
		{78A2816F-ABCB-4EA6-A261-686C6EC05276}.Debug|Any CPU.ActiveCfg = Debug|Win32
		{78A2816F-ABCB-4EA6-A261-686C6EC05276}.Debug|Mixed Platforms.ActiveCfg = Debug|Win32
		{78A2816F-ABCB-4EA6-A261-686C6EC05276}.Debug|Mixed Platforms.Build.0 = Debug|Win32
		{78A2816F-ABCB-4EA6-A261-686C6EC05276}.Debug|Win32.ActiveCfg = Debug|Win32
		{78A2816F-ABCB-4EA6-A261-686C6EC05276}.Debug|Win32.Build.0 = Debug|Win32
		{78A2816F-ABCB-4EA6-A261-686C6EC05276}.Product|Any CPU.ActiveCfg = Product|Win32
		{78A2816F-ABCB-4EA6-A261-686C6EC05276}.Product|Mixed Platforms.ActiveCfg = Product|Win32
		{78A2816F-ABCB-4EA6-A261-686C6EC05276}.Product|Mixed Platforms.Build.0 = Product|Win32
		{78A2816F-ABCB-4EA6-A261-686C6EC05276}.Product|Win32.ActiveCfg = Product|Win32
		{78A2816F-ABCB-4EA6-A261-686C6EC05276}.Product|Win32.Build.0 = Product|Win32
		{78A2816F-ABCB-4EA6-A261-686C6EC05276}.Profile|Any CPU.ActiveCfg = Profile|Win32
		{78A2816F-ABCB-4EA6-A261-686C6EC05276}.Profile|Mixed Platforms.ActiveCfg = Profile|Win32
		{78A2816F-ABCB-4EA6-A261-686C6EC05276}.Profile|Mixed Platforms.Build.0 = Profile|Win32
		{78A2816F-ABCB-4EA6-A261-686C6EC05276}.Profile|Win32.ActiveCfg = Profile|Win32
		{78A2816F-ABCB-4EA6-A261-686C6EC05276}.Release|Any CPU.ActiveCfg = Release|Win32
		{78A2816F-ABCB-4EA6-A261-686C6EC05276}.Release|Mixed Platforms.ActiveCfg = Release|Win32
		{78A2816F-ABCB-4EA6-A261-686C6EC05276}.Release|Mixed Platforms.Build.0 = Release|Win32
		{78A2816F-ABCB-4EA6-A261-686C6EC05276}.Release|Win32.ActiveCfg = Release|Win32
		{78A2816F-ABCB-4EA6-A261-686C6EC05276}.Release|Win32.Build.0 = Release|Win32
		{1A4725AE-CABC-48FC-A920-6746A5032ACF}.Debug|Any CPU.ActiveCfg = Debug|Win32
		{1A4725AE-CABC-48FC-A920-6746A5032ACF}.Debug|Mixed Platforms.ActiveCfg = Debug|Win32
		{1A4725AE-CABC-48FC-A920-6746A5032ACF}.Debug|Mixed Platforms.Build.0 = Debug|Win32
		{1A4725AE-CABC-48FC-A920-6746A5032ACF}.Debug|Win32.ActiveCfg = Debug|Win32
		{1A4725AE-CABC-48FC-A920-6746A5032ACF}.Debug|Win32.Build.0 = Debug|Win32
		{1A4725AE-CABC-48FC-A920-6746A5032ACF}.Product|Any CPU.ActiveCfg = Product|Win32
		{1A4725AE-CABC-48FC-A920-6746A5032ACF}.Product|Mixed Platforms.ActiveCfg = Product|Win32
		{1A4725AE-CABC-48FC-A920-6746A5032ACF}.Product|Mixed Platforms.Build.0 = Product|Win32
		{1A4725AE-CABC-48FC-A920-6746A5032ACF}.Product|Win32.ActiveCfg = Product|Win32
		{1A4725AE-CABC-48FC-A920-6746A5032ACF}.Product|Win32.Build.0 = Product|Win32
		{1A4725AE-CABC-48FC-A920-6746A5032ACF}.Profile|Any CPU.ActiveCfg = Profile|Win32
		{1A4725AE-CABC-48FC-A920-6746A5032ACF}.Profile|Mixed Platforms.ActiveCfg = Profile|Win32
		{1A4725AE-CABC-48FC-A920-6746A5032ACF}.Profile|Mixed Platforms.Build.0 = Profile|Win32
		{1A4725AE-CABC-48FC-A920-6746A5032ACF}.Profile|Win32.ActiveCfg = Profile|Win32
		{1A4725AE-CABC-48FC-A920-6746A5032ACF}.Release|Any CPU.ActiveCfg = Release|Win32
		{1A4725AE-CABC-48FC-A920-6746A5032ACF}.Release|Mixed Platforms.ActiveCfg = Release|Win32
		{1A4725AE-CABC-48FC-A920-6746A5032ACF}.Release|Mixed Platforms.Build.0 = Release|Win32
		{1A4725AE-CABC-48FC-A920-6746A5032ACF}.Release|Win32.ActiveCfg = Release|Win32
		{1A4725AE-CABC-48FC-A920-6746A5032ACF}.Release|Win32.Build.0 = Release|Win32
		{94AC13F0-9362-4AC0-8947-5BEB9DE5D839}.Debug|Any CPU.ActiveCfg = Debug|Win32
		{94AC13F0-9362-4AC0-8947-5BEB9DE5D839}.Debug|Mixed Platforms.ActiveCfg = Debug|Win32
		{94AC13F0-9362-4AC0-8947-5BEB9DE5D839}.Debug|Mixed Platforms.Build.0 = Debug|Win32
		{94AC13F0-9362-4AC0-8947-5BEB9DE5D839}.Debug|Win32.ActiveCfg = Debug|Win32
		{94AC13F0-9362-4AC0-8947-5BEB9DE5D839}.Debug|Win32.Build.0 = Debug|Win32
		{94AC13F0-9362-4AC0-8947-5BEB9DE5D839}.Product|Any CPU.ActiveCfg = Product|Win32
		{94AC13F0-9362-4AC0-8947-5BEB9DE5D839}.Product|Mixed Platforms.ActiveCfg = Product|Win32
		{94AC13F0-9362-4AC0-8947-5BEB9DE5D839}.Product|Mixed Platforms.Build.0 = Product|Win32
		{94AC13F0-9362-4AC0-8947-5BEB9DE5D839}.Product|Win32.ActiveCfg = Product|Win32
		{94AC13F0-9362-4AC0-8947-5BEB9DE5D839}.Product|Win32.Build.0 = Product|Win32
		{94AC13F0-9362-4AC0-8947-5BEB9DE5D839}.Profile|Any CPU.ActiveCfg = Profile|Win32
		{94AC13F0-9362-4AC0-8947-5BEB9DE5D839}.Profile|Mixed Platforms.ActiveCfg = Profile|Win32
		{94AC13F0-9362-4AC0-8947-5BEB9DE5D839}.Profile|Mixed Platforms.Build.0 = Profile|Win32
		{94AC13F0-9362-4AC0-8947-5BEB9DE5D839}.Profile|Win32.ActiveCfg = Profile|Win32
		{94AC13F0-9362-4AC0-8947-5BEB9DE5D839}.Release|Any CPU.ActiveCfg = Release|Win32
		{94AC13F0-9362-4AC0-8947-5BEB9DE5D839}.Release|Mixed Platforms.ActiveCfg = Release|Win32
		{94AC13F0-9362-4AC0-8947-5BEB9DE5D839}.Release|Mixed Platforms.Build.0 = Release|Win32
		{94AC13F0-9362-4AC0-8947-5BEB9DE5D839}.Release|Win32.ActiveCfg = Release|Win32
		{94AC13F0-9362-4AC0-8947-5BEB9DE5D839}.Release|Win32.Build.0 = Release|Win32
		{E4665F88-53D9-4B18-A1E0-FB2E52E2F7FF}.Debug|Any CPU.ActiveCfg = Debug|Win32
		{E4665F88-53D9-4B18-A1E0-FB2E52E2F7FF}.Debug|Mixed Platforms.ActiveCfg = Debug|Win32
		{E4665F88-53D9-4B18-A1E0-FB2E52E2F7FF}.Debug|Mixed Platforms.Build.0 = Debug|Win32
		{E4665F88-53D9-4B18-A1E0-FB2E52E2F7FF}.Debug|Win32.ActiveCfg = Debug|Win32
		{E4665F88-53D9-4B18-A1E0-FB2E52E2F7FF}.Debug|Win32.Build.0 = Debug|Win32
		{E4665F88-53D9-4B18-A1E0-FB2E52E2F7FF}.Product|Any CPU.ActiveCfg = Product|Win32
		{E4665F88-53D9-4B18-A1E0-FB2E52E2F7FF}.Product|Mixed Platforms.ActiveCfg = Product|Win32
		{E4665F88-53D9-4B18-A1E0-FB2E52E2F7FF}.Product|Mixed Platforms.Build.0 = Product|Win32
		{E4665F88-53D9-4B18-A1E0-FB2E52E2F7FF}.Product|Win32.ActiveCfg = Product|Win32
		{E4665F88-53D9-4B18-A1E0-FB2E52E2F7FF}.Product|Win32.Build.0 = Product|Win32
		{E4665F88-53D9-4B18-A1E0-FB2E52E2F7FF}.Profile|Any CPU.ActiveCfg = Profile|Win32
		{E4665F88-53D9-4B18-A1E0-FB2E52E2F7FF}.Profile|Mixed Platforms.ActiveCfg = Profile|Win32
		{E4665F88-53D9-4B18-A1E0-FB2E52E2F7FF}.Profile|Mixed Platforms.Build.0 = Profile|Win32
		{E4665F88-53D9-4B18-A1E0-FB2E52E2F7FF}.Profile|Win32.ActiveCfg = Profile|Win32
		{E4665F88-53D9-4B18-A1E0-FB2E52E2F7FF}.Profile|Win32.Build.0 = Profile|Win32
		{E4665F88-53D9-4B18-A1E0-FB2E52E2F7FF}.Release|Any CPU.ActiveCfg = Release|Win32
		{E4665F88-53D9-4B18-A1E0-FB2E52E2F7FF}.Release|Mixed Platforms.ActiveCfg = Release|Win32
		{E4665F88-53D9-4B18-A1E0-FB2E52E2F7FF}.Release|Mixed Platforms.Build.0 = Release|Win32
		{E4665F88-53D9-4B18-A1E0-FB2E52E2F7FF}.Release|Win32.ActiveCfg = Release|Win32
		{E4665F88-53D9-4B18-A1E0-FB2E52E2F7FF}.Release|Win32.Build.0 = Release|Win32
		{5C6113A0-2B51-4184-8AB8-A092C4F7D310}.Debug|Any CPU.ActiveCfg = Debug|Win32
		{5C6113A0-2B51-4184-8AB8-A092C4F7D310}.Debug|Mixed Platforms.ActiveCfg = Debug|Win32
		{5C6113A0-2B51-4184-8AB8-A092C4F7D310}.Debug|Mixed Platforms.Build.0 = Debug|Win32
		{5C6113A0-2B51-4184-8AB8-A092C4F7D310}.Debug|Win32.ActiveCfg = Debug|Win32
		{5C6113A0-2B51-4184-8AB8-A092C4F7D310}.Debug|Win32.Build.0 = Debug|Win32
		{5C6113A0-2B51-4184-8AB8-A092C4F7D310}.Product|Any CPU.ActiveCfg = Release|Win32
		{5C6113A0-2B51-4184-8AB8-A092C4F7D310}.Product|Mixed Platforms.ActiveCfg = Release|Win32
		{5C6113A0-2B51-4184-8AB8-A092C4F7D310}.Product|Mixed Platforms.Build.0 = Release|Win32
		{5C6113A0-2B51-4184-8AB8-A092C4F7D310}.Product|Win32.ActiveCfg = Release|Win32
		{5C6113A0-2B51-4184-8AB8-A092C4F7D310}.Product|Win32.Build.0 = Release|Win32
		{5C6113A0-2B51-4184-8AB8-A092C4F7D310}.Profile|Any CPU.ActiveCfg = Release|Win32
		{5C6113A0-2B51-4184-8AB8-A092C4F7D310}.Profile|Mixed Platforms.ActiveCfg = Release|Win32
		{5C6113A0-2B51-4184-8AB8-A092C4F7D310}.Profile|Mixed Platforms.Build.0 = Release|Win32
		{5C6113A0-2B51-4184-8AB8-A092C4F7D310}.Profile|Win32.ActiveCfg = Release|Win32
		{5C6113A0-2B51-4184-8AB8-A092C4F7D310}.Profile|Win32.Build.0 = Release|Win32
		{5C6113A0-2B51-4184-8AB8-A092C4F7D310}.Release|Any CPU.ActiveCfg = Release|Win32
		{5C6113A0-2B51-4184-8AB8-A092C4F7D310}.Release|Mixed Platforms.ActiveCfg = Release|Win32
		{5C6113A0-2B51-4184-8AB8-A092C4F7D310}.Release|Mixed Platforms.Build.0 = Release|Win32
		{5C6113A0-2B51-4184-8AB8-A092C4F7D310}.Release|Win32.ActiveCfg = Release|Win32
		{5C6113A0-2B51-4184-8AB8-A092C4F7D310}.Release|Win32.Build.0 = Release|Win32
		{41B9303C-12BC-4C84-84E4-19070F99FF8D}.Debug|Any CPU.ActiveCfg = Debug|Win32
		{41B9303C-12BC-4C84-84E4-19070F99FF8D}.Debug|Mixed Platforms.ActiveCfg = Debug|Win32
		{41B9303C-12BC-4C84-84E4-19070F99FF8D}.Debug|Mixed Platforms.Build.0 = Debug|Win32
		{41B9303C-12BC-4C84-84E4-19070F99FF8D}.Debug|Win32.ActiveCfg = Debug|Win32
		{41B9303C-12BC-4C84-84E4-19070F99FF8D}.Debug|Win32.Build.0 = Debug|Win32
		{41B9303C-12BC-4C84-84E4-19070F99FF8D}.Product|Any CPU.ActiveCfg = Release|Win32
		{41B9303C-12BC-4C84-84E4-19070F99FF8D}.Product|Mixed Platforms.ActiveCfg = Release|Win32
		{41B9303C-12BC-4C84-84E4-19070F99FF8D}.Product|Mixed Platforms.Build.0 = Release|Win32
		{41B9303C-12BC-4C84-84E4-19070F99FF8D}.Product|Win32.ActiveCfg = Release|Win32
		{41B9303C-12BC-4C84-84E4-19070F99FF8D}.Product|Win32.Build.0 = Release|Win32
		{41B9303C-12BC-4C84-84E4-19070F99FF8D}.Profile|Any CPU.ActiveCfg = Release|Win32
		{41B9303C-12BC-4C84-84E4-19070F99FF8D}.Profile|Mixed Platforms.ActiveCfg = Release|Win32
		{41B9303C-12BC-4C84-84E4-19070F99FF8D}.Profile|Mixed Platforms.Build.0 = Release|Win32
		{41B9303C-12BC-4C84-84E4-19070F99FF8D}.Profile|Win32.ActiveCfg = Release|Win32
		{41B9303C-12BC-4C84-84E4-19070F99FF8D}.Profile|Win32.Build.0 = Release|Win32
		{41B9303C-12BC-4C84-84E4-19070F99FF8D}.Release|Any CPU.ActiveCfg = Release|Win32
		{41B9303C-12BC-4C84-84E4-19070F99FF8D}.Release|Mixed Platforms.ActiveCfg = Release|Win32
		{41B9303C-12BC-4C84-84E4-19070F99FF8D}.Release|Mixed Platforms.Build.0 = Release|Win32
		{41B9303C-12BC-4C84-84E4-19070F99FF8D}.Release|Win32.ActiveCfg = Release|Win32
		{41B9303C-12BC-4C84-84E4-19070F99FF8D}.Release|Win32.Build.0 = Release|Win32
		{805EDBFC-E3B6-4475-9006-861C1E9E22F2}.Debug|Any CPU.ActiveCfg = Debug|Win32
		{805EDBFC-E3B6-4475-9006-861C1E9E22F2}.Debug|Mixed Platforms.ActiveCfg = Debug|Win32
		{805EDBFC-E3B6-4475-9006-861C1E9E22F2}.Debug|Mixed Platforms.Build.0 = Debug|Win32
		{805EDBFC-E3B6-4475-9006-861C1E9E22F2}.Debug|Win32.ActiveCfg = Debug|Win32
		{805EDBFC-E3B6-4475-9006-861C1E9E22F2}.Debug|Win32.Build.0 = Debug|Win32
		{805EDBFC-E3B6-4475-9006-861C1E9E22F2}.Product|Any CPU.ActiveCfg = Release|Win32
		{805EDBFC-E3B6-4475-9006-861C1E9E22F2}.Product|Mixed Platforms.ActiveCfg = Release|Win32
		{805EDBFC-E3B6-4475-9006-861C1E9E22F2}.Product|Mixed Platforms.Build.0 = Release|Win32
		{805EDBFC-E3B6-4475-9006-861C1E9E22F2}.Product|Win32.ActiveCfg = Release|Win32
		{805EDBFC-E3B6-4475-9006-861C1E9E22F2}.Product|Win32.Build.0 = Release|Win32
		{805EDBFC-E3B6-4475-9006-861C1E9E22F2}.Profile|Any CPU.ActiveCfg = Release|Win32
		{805EDBFC-E3B6-4475-9006-861C1E9E22F2}.Profile|Mixed Platforms.ActiveCfg = Release|Win32
		{805EDBFC-E3B6-4475-9006-861C1E9E22F2}.Profile|Mixed Platforms.Build.0 = Release|Win32
		{805EDBFC-E3B6-4475-9006-861C1E9E22F2}.Profile|Win32.ActiveCfg = Release|Win32
		{805EDBFC-E3B6-4475-9006-861C1E9E22F2}.Profile|Win32.Build.0 = Release|Win32
		{805EDBFC-E3B6-4475-9006-861C1E9E22F2}.Release|Any CPU.ActiveCfg = Release|Win32
		{805EDBFC-E3B6-4475-9006-861C1E9E22F2}.Release|Mixed Platforms.ActiveCfg = Release|Win32
		{805EDBFC-E3B6-4475-9006-861C1E9E22F2}.Release|Mixed Platforms.Build.0 = Release|Win32
		{805EDBFC-E3B6-4475-9006-861C1E9E22F2}.Release|Win32.ActiveCfg = Release|Win32
		{805EDBFC-E3B6-4475-9006-861C1E9E22F2}.Release|Win32.Build.0 = Release|Win32
		{A4EA27CB-BDE0-463C-B20B-707397F9583C}.Debug|Any CPU.ActiveCfg = Debug|Win32
		{A4EA27CB-BDE0-463C-B20B-707397F9583C}.Debug|Mixed Platforms.ActiveCfg = Debug|Win32
		{A4EA27CB-BDE0-463C-B20B-707397F9583C}.Debug|Mixed Platforms.Build.0 = Debug|Win32
		{A4EA27CB-BDE0-463C-B20B-707397F9583C}.Debug|Win32.ActiveCfg = Debug|Win32
		{A4EA27CB-BDE0-463C-B20B-707397F9583C}.Debug|Win32.Build.0 = Debug|Win32
		{A4EA27CB-BDE0-463C-B20B-707397F9583C}.Product|Any CPU.ActiveCfg = Release|Win32
		{A4EA27CB-BDE0-463C-B20B-707397F9583C}.Product|Mixed Platforms.ActiveCfg = Release|Win32
		{A4EA27CB-BDE0-463C-B20B-707397F9583C}.Product|Mixed Platforms.Build.0 = Release|Win32
		{A4EA27CB-BDE0-463C-B20B-707397F9583C}.Product|Win32.ActiveCfg = Release|Win32
		{A4EA27CB-BDE0-463C-B20B-707397F9583C}.Product|Win32.Build.0 = Release|Win32
		{A4EA27CB-BDE0-463C-B20B-707397F9583C}.Profile|Any CPU.ActiveCfg = Release|Win32
		{A4EA27CB-BDE0-463C-B20B-707397F9583C}.Profile|Mixed Platforms.ActiveCfg = Release|Win32
		{A4EA27CB-BDE0-463C-B20B-707397F9583C}.Profile|Mixed Platforms.Build.0 = Release|Win32
		{A4EA27CB-BDE0-463C-B20B-707397F9583C}.Profile|Win32.ActiveCfg = Release|Win32
		{A4EA27CB-BDE0-463C-B20B-707397F9583C}.Profile|Win32.Build.0 = Release|Win32
		{A4EA27CB-BDE0-463C-B20B-707397F9583C}.Release|Any CPU.ActiveCfg = Release|Win32
		{A4EA27CB-BDE0-463C-B20B-707397F9583C}.Release|Mixed Platforms.ActiveCfg = Release|Win32
		{A4EA27CB-BDE0-463C-B20B-707397F9583C}.Release|Mixed Platforms.Build.0 = Release|Win32
		{A4EA27CB-BDE0-463C-B20B-707397F9583C}.Release|Win32.ActiveCfg = Release|Win32
		{A4EA27CB-BDE0-463C-B20B-707397F9583C}.Release|Win32.Build.0 = Release|Win32
		{3C6B8AA7-F3FD-4C13-80EF-97717F8A8AC4}.Debug|Any CPU.ActiveCfg = Debug|Win32
		{3C6B8AA7-F3FD-4C13-80EF-97717F8A8AC4}.Debug|Mixed Platforms.ActiveCfg = Debug|Win32
		{3C6B8AA7-F3FD-4C13-80EF-97717F8A8AC4}.Debug|Mixed Platforms.Build.0 = Debug|Win32
		{3C6B8AA7-F3FD-4C13-80EF-97717F8A8AC4}.Debug|Win32.ActiveCfg = Debug|Win32
		{3C6B8AA7-F3FD-4C13-80EF-97717F8A8AC4}.Debug|Win32.Build.0 = Debug|Win32
		{3C6B8AA7-F3FD-4C13-80EF-97717F8A8AC4}.Product|Any CPU.ActiveCfg = Release|Win32
		{3C6B8AA7-F3FD-4C13-80EF-97717F8A8AC4}.Product|Mixed Platforms.ActiveCfg = Release|Win32
		{3C6B8AA7-F3FD-4C13-80EF-97717F8A8AC4}.Product|Mixed Platforms.Build.0 = Release|Win32
		{3C6B8AA7-F3FD-4C13-80EF-97717F8A8AC4}.Product|Win32.ActiveCfg = Release|Win32
		{3C6B8AA7-F3FD-4C13-80EF-97717F8A8AC4}.Product|Win32.Build.0 = Release|Win32
		{3C6B8AA7-F3FD-4C13-80EF-97717F8A8AC4}.Profile|Any CPU.ActiveCfg = Release|Win32
		{3C6B8AA7-F3FD-4C13-80EF-97717F8A8AC4}.Profile|Mixed Platforms.ActiveCfg = Release|Win32
		{3C6B8AA7-F3FD-4C13-80EF-97717F8A8AC4}.Profile|Mixed Platforms.Build.0 = Release|Win32
		{3C6B8AA7-F3FD-4C13-80EF-97717F8A8AC4}.Profile|Win32.ActiveCfg = Release|Win32
		{3C6B8AA7-F3FD-4C13-80EF-97717F8A8AC4}.Profile|Win32.Build.0 = Release|Win32
		{3C6B8AA7-F3FD-4C13-80EF-97717F8A8AC4}.Release|Any CPU.ActiveCfg = Release|Win32
		{3C6B8AA7-F3FD-4C13-80EF-97717F8A8AC4}.Release|Mixed Platforms.ActiveCfg = Release|Win32
		{3C6B8AA7-F3FD-4C13-80EF-97717F8A8AC4}.Release|Mixed Platforms.Build.0 = Release|Win32
		{3C6B8AA7-F3FD-4C13-80EF-97717F8A8AC4}.Release|Win32.ActiveCfg = Release|Win32
		{3C6B8AA7-F3FD-4C13-80EF-97717F8A8AC4}.Release|Win32.Build.0 = Release|Win32
		{63DE6A4C-F160-4378-9C34-D448497CF34D}.Debug|Any CPU.ActiveCfg = Debug|Win32
		{63DE6A4C-F160-4378-9C34-D448497CF34D}.Debug|Mixed Platforms.ActiveCfg = Debug|Win32
		{63DE6A4C-F160-4378-9C34-D448497CF34D}.Debug|Mixed Platforms.Build.0 = Debug|Win32
		{63DE6A4C-F160-4378-9C34-D448497CF34D}.Debug|Win32.ActiveCfg = Debug|Win32
		{63DE6A4C-F160-4378-9C34-D448497CF34D}.Debug|Win32.Build.0 = Debug|Win32
		{63DE6A4C-F160-4378-9C34-D448497CF34D}.Product|Any CPU.ActiveCfg = Release|Win32
		{63DE6A4C-F160-4378-9C34-D448497CF34D}.Product|Mixed Platforms.ActiveCfg = Release|Win32
		{63DE6A4C-F160-4378-9C34-D448497CF34D}.Product|Mixed Platforms.Build.0 = Release|Win32
		{63DE6A4C-F160-4378-9C34-D448497CF34D}.Product|Win32.ActiveCfg = Release|Win32
		{63DE6A4C-F160-4378-9C34-D448497CF34D}.Product|Win32.Build.0 = Release|Win32
		{63DE6A4C-F160-4378-9C34-D448497CF34D}.Profile|Any CPU.ActiveCfg = Release|Win32
		{63DE6A4C-F160-4378-9C34-D448497CF34D}.Profile|Mixed Platforms.ActiveCfg = Release|Win32
		{63DE6A4C-F160-4378-9C34-D448497CF34D}.Profile|Mixed Platforms.Build.0 = Release|Win32
		{63DE6A4C-F160-4378-9C34-D448497CF34D}.Profile|Win32.ActiveCfg = Release|Win32
		{63DE6A4C-F160-4378-9C34-D448497CF34D}.Profile|Win32.Build.0 = Release|Win32
		{63DE6A4C-F160-4378-9C34-D448497CF34D}.Release|Any CPU.ActiveCfg = Release|Win32
		{63DE6A4C-F160-4378-9C34-D448497CF34D}.Release|Mixed Platforms.ActiveCfg = Release|Win32
		{63DE6A4C-F160-4378-9C34-D448497CF34D}.Release|Mixed Platforms.Build.0 = Release|Win32
		{63DE6A4C-F160-4378-9C34-D448497CF34D}.Release|Win32.ActiveCfg = Release|Win32
		{63DE6A4C-F160-4378-9C34-D448497CF34D}.Release|Win32.Build.0 = Release|Win32
		{BD3C5180-2B0C-48B9-B5CA-1EDA467570F5}.Debug|Any CPU.ActiveCfg = Debug|Win32
		{BD3C5180-2B0C-48B9-B5CA-1EDA467570F5}.Debug|Mixed Platforms.ActiveCfg = Debug|Win32
		{BD3C5180-2B0C-48B9-B5CA-1EDA467570F5}.Debug|Mixed Platforms.Build.0 = Debug|Win32
		{BD3C5180-2B0C-48B9-B5CA-1EDA467570F5}.Debug|Win32.ActiveCfg = Debug|Win32
		{BD3C5180-2B0C-48B9-B5CA-1EDA467570F5}.Debug|Win32.Build.0 = Debug|Win32
		{BD3C5180-2B0C-48B9-B5CA-1EDA467570F5}.Product|Any CPU.ActiveCfg = Release|Win32
		{BD3C5180-2B0C-48B9-B5CA-1EDA467570F5}.Product|Mixed Platforms.ActiveCfg = Release|Win32
		{BD3C5180-2B0C-48B9-B5CA-1EDA467570F5}.Product|Mixed Platforms.Build.0 = Release|Win32
		{BD3C5180-2B0C-48B9-B5CA-1EDA467570F5}.Product|Win32.ActiveCfg = Release|Win32
		{BD3C5180-2B0C-48B9-B5CA-1EDA467570F5}.Product|Win32.Build.0 = Release|Win32
		{BD3C5180-2B0C-48B9-B5CA-1EDA467570F5}.Profile|Any CPU.ActiveCfg = Release|Win32
		{BD3C5180-2B0C-48B9-B5CA-1EDA467570F5}.Profile|Mixed Platforms.ActiveCfg = Release|Win32
		{BD3C5180-2B0C-48B9-B5CA-1EDA467570F5}.Profile|Mixed Platforms.Build.0 = Release|Win32
		{BD3C5180-2B0C-48B9-B5CA-1EDA467570F5}.Profile|Win32.ActiveCfg = Release|Win32
		{BD3C5180-2B0C-48B9-B5CA-1EDA467570F5}.Profile|Win32.Build.0 = Release|Win32
		{BD3C5180-2B0C-48B9-B5CA-1EDA467570F5}.Release|Any CPU.ActiveCfg = Release|Win32
		{BD3C5180-2B0C-48B9-B5CA-1EDA467570F5}.Release|Mixed Platforms.ActiveCfg = Release|Win32
		{BD3C5180-2B0C-48B9-B5CA-1EDA467570F5}.Release|Mixed Platforms.Build.0 = Release|Win32
		{BD3C5180-2B0C-48B9-B5CA-1EDA467570F5}.Release|Win32.ActiveCfg = Release|Win32
		{BD3C5180-2B0C-48B9-B5CA-1EDA467570F5}.Release|Win32.Build.0 = Release|Win32
		{11D2E48C-AD0E-4360-A585-E1B5F944CFE1}.Debug|Any CPU.ActiveCfg = Debug|Win32
		{11D2E48C-AD0E-4360-A585-E1B5F944CFE1}.Debug|Mixed Platforms.ActiveCfg = Debug|Win32
		{11D2E48C-AD0E-4360-A585-E1B5F944CFE1}.Debug|Mixed Platforms.Build.0 = Debug|Win32
		{11D2E48C-AD0E-4360-A585-E1B5F944CFE1}.Debug|Win32.ActiveCfg = Debug|Win32
		{11D2E48C-AD0E-4360-A585-E1B5F944CFE1}.Debug|Win32.Build.0 = Debug|Win32
		{11D2E48C-AD0E-4360-A585-E1B5F944CFE1}.Product|Any CPU.ActiveCfg = Release|Win32
		{11D2E48C-AD0E-4360-A585-E1B5F944CFE1}.Product|Mixed Platforms.ActiveCfg = Release|Win32
		{11D2E48C-AD0E-4360-A585-E1B5F944CFE1}.Product|Mixed Platforms.Build.0 = Release|Win32
		{11D2E48C-AD0E-4360-A585-E1B5F944CFE1}.Product|Win32.ActiveCfg = Release|Win32
		{11D2E48C-AD0E-4360-A585-E1B5F944CFE1}.Product|Win32.Build.0 = Release|Win32
		{11D2E48C-AD0E-4360-A585-E1B5F944CFE1}.Profile|Any CPU.ActiveCfg = Release|Win32
		{11D2E48C-AD0E-4360-A585-E1B5F944CFE1}.Profile|Mixed Platforms.ActiveCfg = Release|Win32
		{11D2E48C-AD0E-4360-A585-E1B5F944CFE1}.Profile|Mixed Platforms.Build.0 = Release|Win32
		{11D2E48C-AD0E-4360-A585-E1B5F944CFE1}.Profile|Win32.ActiveCfg = Release|Win32
		{11D2E48C-AD0E-4360-A585-E1B5F944CFE1}.Profile|Win32.Build.0 = Release|Win32
		{11D2E48C-AD0E-4360-A585-E1B5F944CFE1}.Release|Any CPU.ActiveCfg = Release|Win32
		{11D2E48C-AD0E-4360-A585-E1B5F944CFE1}.Release|Mixed Platforms.ActiveCfg = Release|Win32
		{11D2E48C-AD0E-4360-A585-E1B5F944CFE1}.Release|Mixed Platforms.Build.0 = Release|Win32
		{11D2E48C-AD0E-4360-A585-E1B5F944CFE1}.Release|Win32.ActiveCfg = Release|Win32
		{11D2E48C-AD0E-4360-A585-E1B5F944CFE1}.Release|Win32.Build.0 = Release|Win32
		{3974115C-1E30-4DCA-B715-B12E502090F5}.Debug|Any CPU.ActiveCfg = Debug|Win32
		{3974115C-1E30-4DCA-B715-B12E502090F5}.Debug|Mixed Platforms.ActiveCfg = Debug|Win32
		{3974115C-1E30-4DCA-B715-B12E502090F5}.Debug|Mixed Platforms.Build.0 = Debug|Win32
		{3974115C-1E30-4DCA-B715-B12E502090F5}.Debug|Win32.ActiveCfg = Debug|Win32
		{3974115C-1E30-4DCA-B715-B12E502090F5}.Debug|Win32.Build.0 = Debug|Win32
		{3974115C-1E30-4DCA-B715-B12E502090F5}.Product|Any CPU.ActiveCfg = Release|Win32
		{3974115C-1E30-4DCA-B715-B12E502090F5}.Product|Mixed Platforms.ActiveCfg = Release|Win32
		{3974115C-1E30-4DCA-B715-B12E502090F5}.Product|Mixed Platforms.Build.0 = Release|Win32
		{3974115C-1E30-4DCA-B715-B12E502090F5}.Product|Win32.ActiveCfg = Release|Win32
		{3974115C-1E30-4DCA-B715-B12E502090F5}.Product|Win32.Build.0 = Release|Win32
		{3974115C-1E30-4DCA-B715-B12E502090F5}.Profile|Any CPU.ActiveCfg = Release|Win32
		{3974115C-1E30-4DCA-B715-B12E502090F5}.Profile|Mixed Platforms.ActiveCfg = Release|Win32
		{3974115C-1E30-4DCA-B715-B12E502090F5}.Profile|Mixed Platforms.Build.0 = Release|Win32
		{3974115C-1E30-4DCA-B715-B12E502090F5}.Profile|Win32.ActiveCfg = Release|Win32
		{3974115C-1E30-4DCA-B715-B12E502090F5}.Profile|Win32.Build.0 = Release|Win32
		{3974115C-1E30-4DCA-B715-B12E502090F5}.Release|Any CPU.ActiveCfg = Release|Win32
		{3974115C-1E30-4DCA-B715-B12E502090F5}.Release|Mixed Platforms.ActiveCfg = Release|Win32
		{3974115C-1E30-4DCA-B715-B12E502090F5}.Release|Mixed Platforms.Build.0 = Release|Win32
		{3974115C-1E30-4DCA-B715-B12E502090F5}.Release|Win32.ActiveCfg = Release|Win32
		{3974115C-1E30-4DCA-B715-B12E502090F5}.Release|Win32.Build.0 = Release|Win32
		{3243DAB4-C72F-4B6B-8DDB-092103F123A9}.Debug|Any CPU.ActiveCfg = Debug|Any CPU
		{3243DAB4-C72F-4B6B-8DDB-092103F123A9}.Debug|Any CPU.Build.0 = Debug|Any CPU
		{3243DAB4-C72F-4B6B-8DDB-092103F123A9}.Debug|Mixed Platforms.ActiveCfg = Debug|Any CPU
		{3243DAB4-C72F-4B6B-8DDB-092103F123A9}.Debug|Mixed Platforms.Build.0 = Debug|Any CPU
		{3243DAB4-C72F-4B6B-8DDB-092103F123A9}.Debug|Win32.ActiveCfg = Debug|Any CPU
		{3243DAB4-C72F-4B6B-8DDB-092103F123A9}.Product|Any CPU.ActiveCfg = Release|Any CPU
		{3243DAB4-C72F-4B6B-8DDB-092103F123A9}.Product|Any CPU.Build.0 = Release|Any CPU
		{3243DAB4-C72F-4B6B-8DDB-092103F123A9}.Product|Mixed Platforms.ActiveCfg = Release|Any CPU
		{3243DAB4-C72F-4B6B-8DDB-092103F123A9}.Product|Mixed Platforms.Build.0 = Release|Any CPU
		{3243DAB4-C72F-4B6B-8DDB-092103F123A9}.Product|Win32.ActiveCfg = Release|Any CPU
		{3243DAB4-C72F-4B6B-8DDB-092103F123A9}.Profile|Any CPU.ActiveCfg = Release|Any CPU
		{3243DAB4-C72F-4B6B-8DDB-092103F123A9}.Profile|Any CPU.Build.0 = Release|Any CPU
		{3243DAB4-C72F-4B6B-8DDB-092103F123A9}.Profile|Mixed Platforms.ActiveCfg = Release|Any CPU
		{3243DAB4-C72F-4B6B-8DDB-092103F123A9}.Profile|Mixed Platforms.Build.0 = Release|Any CPU
		{3243DAB4-C72F-4B6B-8DDB-092103F123A9}.Profile|Win32.ActiveCfg = Release|Any CPU
		{3243DAB4-C72F-4B6B-8DDB-092103F123A9}.Release|Any CPU.ActiveCfg = Release|Any CPU
		{3243DAB4-C72F-4B6B-8DDB-092103F123A9}.Release|Any CPU.Build.0 = Release|Any CPU
		{3243DAB4-C72F-4B6B-8DDB-092103F123A9}.Release|Mixed Platforms.ActiveCfg = Release|Any CPU
		{3243DAB4-C72F-4B6B-8DDB-092103F123A9}.Release|Mixed Platforms.Build.0 = Release|Any CPU
		{3243DAB4-C72F-4B6B-8DDB-092103F123A9}.Release|Win32.ActiveCfg = Release|Any CPU
		{71680AB5-49A2-41D1-A544-60BEBB700EAD}.Debug|Any CPU.ActiveCfg = Debug|Any CPU
		{71680AB5-49A2-41D1-A544-60BEBB700EAD}.Debug|Any CPU.Build.0 = Debug|Any CPU
		{71680AB5-49A2-41D1-A544-60BEBB700EAD}.Debug|Mixed Platforms.ActiveCfg = Debug|Any CPU
		{71680AB5-49A2-41D1-A544-60BEBB700EAD}.Debug|Mixed Platforms.Build.0 = Debug|Any CPU
		{71680AB5-49A2-41D1-A544-60BEBB700EAD}.Debug|Win32.ActiveCfg = Debug|Any CPU
		{71680AB5-49A2-41D1-A544-60BEBB700EAD}.Product|Any CPU.ActiveCfg = Release|Any CPU
		{71680AB5-49A2-41D1-A544-60BEBB700EAD}.Product|Any CPU.Build.0 = Release|Any CPU
		{71680AB5-49A2-41D1-A544-60BEBB700EAD}.Product|Mixed Platforms.ActiveCfg = Release|Any CPU
		{71680AB5-49A2-41D1-A544-60BEBB700EAD}.Product|Mixed Platforms.Build.0 = Release|Any CPU
		{71680AB5-49A2-41D1-A544-60BEBB700EAD}.Product|Win32.ActiveCfg = Release|Any CPU
		{71680AB5-49A2-41D1-A544-60BEBB700EAD}.Profile|Any CPU.ActiveCfg = Release|Any CPU
		{71680AB5-49A2-41D1-A544-60BEBB700EAD}.Profile|Any CPU.Build.0 = Release|Any CPU
		{71680AB5-49A2-41D1-A544-60BEBB700EAD}.Profile|Mixed Platforms.ActiveCfg = Release|Any CPU
		{71680AB5-49A2-41D1-A544-60BEBB700EAD}.Profile|Mixed Platforms.Build.0 = Release|Any CPU
		{71680AB5-49A2-41D1-A544-60BEBB700EAD}.Profile|Win32.ActiveCfg = Release|Any CPU
		{71680AB5-49A2-41D1-A544-60BEBB700EAD}.Release|Any CPU.ActiveCfg = Release|Any CPU
		{71680AB5-49A2-41D1-A544-60BEBB700EAD}.Release|Any CPU.Build.0 = Release|Any CPU
		{71680AB5-49A2-41D1-A544-60BEBB700EAD}.Release|Mixed Platforms.ActiveCfg = Release|Any CPU
		{71680AB5-49A2-41D1-A544-60BEBB700EAD}.Release|Mixed Platforms.Build.0 = Release|Any CPU
		{71680AB5-49A2-41D1-A544-60BEBB700EAD}.Release|Win32.ActiveCfg = Release|Any CPU
	EndGlobalSection
	GlobalSection(SolutionProperties) = preSolution
		HideSolutionNode = FALSE
	EndGlobalSection
	GlobalSection(NestedProjects) = preSolution
		{04B7ED71-2AC9-4131-A687-CA9DBE6593F4} = {42C4E305-0758-45CB-ADA2-DAC545A75AA9}
		{652AC202-0A5A-4C27-B11D-26A90CA8178C} = {42C4E305-0758-45CB-ADA2-DAC545A75AA9}
		{006A1771-DD81-44B5-9775-42F0129E497B} = {42C4E305-0758-45CB-ADA2-DAC545A75AA9}
		{B3122425-E938-4CEC-8C69-C998A4F7F36D} = {42C4E305-0758-45CB-ADA2-DAC545A75AA9}
		{3243DAB4-C72F-4B6B-8DDB-092103F123A9} = {42C4E305-0758-45CB-ADA2-DAC545A75AA9}
		{71680AB5-49A2-41D1-A544-60BEBB700EAD} = {42C4E305-0758-45CB-ADA2-DAC545A75AA9}
		{93DA0768-9D4E-444C-867D-2B9A609DC3CB} = {EFD0E96F-1C21-4452-8656-7EC525021F81}
		{85C32493-6479-4A87-9041-14A2A8986E38} = {EFD0E96F-1C21-4452-8656-7EC525021F81}
		{E62E571A-B5A9-41BE-8222-81D3AE8E15FD} = {EFD0E96F-1C21-4452-8656-7EC525021F81}
		{5F9EB640-3E6B-4E26-977F-A782B3EB6529} = {EFD0E96F-1C21-4452-8656-7EC525021F81}
		{C20B1676-DFA1-4B92-9CA5-922D225FE2A1} = {EFD0E96F-1C21-4452-8656-7EC525021F81}
		{FA7492CB-7EAB-411F-A93F-70EFE12C7D1D} = {EFD0E96F-1C21-4452-8656-7EC525021F81}
		{4FFFCCF7-43C9-4D08-9866-21CE328B9BE8} = {D5ED4879-6A3C-4789-8440-1422C7A33EB2}
		{0D5549FB-4EAB-46E4-9896-874E59594899} = {D5ED4879-6A3C-4789-8440-1422C7A33EB2}
		{6E88B684-6D52-4995-A8F5-2574E92D01F9} = {D5ED4879-6A3C-4789-8440-1422C7A33EB2}
		{E8B256DE-0D44-4DC5-A43F-58E7F61331CA} = {BDECD86F-967F-43A9-963B-224E5CC22E60}
		{7744E265-F311-410F-943D-A63B98C0FC4F} = {BDECD86F-967F-43A9-963B-224E5CC22E60}
		{88A9EA72-91BF-400B-B175-C7E1DB13DAE7} = {BDECD86F-967F-43A9-963B-224E5CC22E60}
		{4B61F965-D1DA-4454-8983-D645CC327633} = {BDECD86F-967F-43A9-963B-224E5CC22E60}
		{3A68081D-E8F9-4523-9436-530DE9E5530A} = {15246B8B-B5F4-4B7F-ACE3-3449758D32F9}
		{B146005B-B1FE-48F1-8F71-81D819303A43} = {581F502A-0950-454E-B89C-8191241E551D}
		{14ACDBBB-885B-4B01-8670-01F22A10DF87} = {581F502A-0950-454E-B89C-8191241E551D}
		{94B7C17B-B23A-4D5C-A1F6-E7EF49763488} = {581F502A-0950-454E-B89C-8191241E551D}
		{9DCF4E9E-F056-4698-9AFC-AC3F5352578F} = {581F502A-0950-454E-B89C-8191241E551D}
		{78A2816F-ABCB-4EA6-A261-686C6EC05276} = {581F502A-0950-454E-B89C-8191241E551D}
		{1A4725AE-CABC-48FC-A920-6746A5032ACF} = {581F502A-0950-454E-B89C-8191241E551D}
		{94AC13F0-9362-4AC0-8947-5BEB9DE5D839} = {581F502A-0950-454E-B89C-8191241E551D}
		{E4665F88-53D9-4B18-A1E0-FB2E52E2F7FF} = {581F502A-0950-454E-B89C-8191241E551D}
		{5C6113A0-2B51-4184-8AB8-A092C4F7D310} = {581F502A-0950-454E-B89C-8191241E551D}
		{41B9303C-12BC-4C84-84E4-19070F99FF8D} = {581F502A-0950-454E-B89C-8191241E551D}
		{805EDBFC-E3B6-4475-9006-861C1E9E22F2} = {581F502A-0950-454E-B89C-8191241E551D}
		{A4EA27CB-BDE0-463C-B20B-707397F9583C} = {581F502A-0950-454E-B89C-8191241E551D}
		{3C6B8AA7-F3FD-4C13-80EF-97717F8A8AC4} = {581F502A-0950-454E-B89C-8191241E551D}
		{63DE6A4C-F160-4378-9C34-D448497CF34D} = {581F502A-0950-454E-B89C-8191241E551D}
		{BD3C5180-2B0C-48B9-B5CA-1EDA467570F5} = {581F502A-0950-454E-B89C-8191241E551D}
		{11D2E48C-AD0E-4360-A585-E1B5F944CFE1} = {581F502A-0950-454E-B89C-8191241E551D}
		{3974115C-1E30-4DCA-B715-B12E502090F5} = {581F502A-0950-454E-B89C-8191241E551D}
	EndGlobalSection
EndGlobal
