Microsoft Visual Studio Solution File, Format Version 9.00
# Visual Studio 2005
Project("{8BC9CEB8-8B4A-11D0-8D11-00A0C91BC942}") = "Enginelib", "engine_lib\engine_lib.vcproj", "{3A68081D-E8F9-4523-9436-530DE9E5530A}"
EndProject
Project("{8BC9CEB8-8B4A-11D0-8D11-00A0C91BC942}") = "ModelViewer", "tools\ModelViewer\ModelViewer.vcproj", "{04B7ED71-2AC9-4131-A687-CA9DBE6593F4}"
	ProjectSection(ProjectDependencies) = postProject
		{E8B256DE-0D44-4DC5-A43F-58E7F61331CA} = {E8B256DE-0D44-4DC5-A43F-58E7F61331CA}
		{3A68081D-E8F9-4523-9436-530DE9E5530A} = {3A68081D-E8F9-4523-9436-530DE9E5530A}
	EndProjectSection
EndProject
Project("{8BC9CEB8-8B4A-11D0-8D11-00A0C91BC942}") = "Composite", "contribs\Composite\Composite.vcproj", "{0E926BB0-579A-44C7-801F-D71BD54071E0}"
	ProjectSection(ProjectDependencies) = postProject
		{3A68081D-E8F9-4523-9436-530DE9E5530A} = {3A68081D-E8F9-4523-9436-530DE9E5530A}
	EndProjectSection
EndProject
Project("{2150E333-8FDC-42A3-9474-1A3956D46DE8}") = "Engine", "Engine", "{C03FE3A2-4431-4B45-9E18-AC7536E411B3}"
EndProject
Project("{2150E333-8FDC-42A3-9474-1A3956D46DE8}") = "Samples", "Samples", "{9F2E0558-4091-4CFF-AE68-E36EF169A328}"
EndProject
Project("{2150E333-8FDC-42A3-9474-1A3956D46DE8}") = "Tests", "Tests", "{96A7064C-8FAB-4EA2-A4C0-5F65B2F1D293}"
EndProject
Project("{2150E333-8FDC-42A3-9474-1A3956D46DE8}") = "ExternalLibs", "ExternalLibs", "{81379E53-7344-45F1-9120-7257D1C97C23}"
EndProject
Project("{2150E333-8FDC-42A3-9474-1A3956D46DE8}") = "Contribs", "Contribs", "{EFD0E96F-1C21-4452-8656-7EC525021F81}"
EndProject
Project("{2150E333-8FDC-42A3-9474-1A3956D46DE8}") = "Tools", "Tools", "{42C4E305-0758-45CB-ADA2-DAC545A75AA9}"
EndProject
Project("{8BC9CEB8-8B4A-11D0-8D11-00A0C91BC942}") = "test_music", "examples\test_music\test_music.vcproj", "{1A4725AE-CABC-48FC-A920-6746A5032ACF}"
	ProjectSection(ProjectDependencies) = postProject
		{E8B256DE-0D44-4DC5-A43F-58E7F61331CA} = {E8B256DE-0D44-4DC5-A43F-58E7F61331CA}
		{3A68081D-E8F9-4523-9436-530DE9E5530A} = {3A68081D-E8F9-4523-9436-530DE9E5530A}
	EndProjectSection
EndProject
Project("{8BC9CEB8-8B4A-11D0-8D11-00A0C91BC942}") = "MeshConverter", "tools\MeshConverter\MeshConverter.vcproj", "{652AC202-0A5A-4C27-B11D-26A90CA8178C}"
	ProjectSection(ProjectDependencies) = postProject
		{E8B256DE-0D44-4DC5-A43F-58E7F61331CA} = {E8B256DE-0D44-4DC5-A43F-58E7F61331CA}
		{3A68081D-E8F9-4523-9436-530DE9E5530A} = {3A68081D-E8F9-4523-9436-530DE9E5530A}
	EndProjectSection
EndProject
Project("{8BC9CEB8-8B4A-11D0-8D11-00A0C91BC942}") = "Physics", "contribs\Physics\test_physic.vcproj", "{93DA0768-9D4E-444C-867D-2B9A609DC3CB}"
	ProjectSection(ProjectDependencies) = postProject
		{E8B256DE-0D44-4DC5-A43F-58E7F61331CA} = {E8B256DE-0D44-4DC5-A43F-58E7F61331CA}
		{3A68081D-E8F9-4523-9436-530DE9E5530A} = {3A68081D-E8F9-4523-9436-530DE9E5530A}
	EndProjectSection
EndProject
Project("{8BC9CEB8-8B4A-11D0-8D11-00A0C91BC942}") = "Gulman", "Games\Gulman\Gulman.vcproj", "{4FFFCCF7-43C9-4D08-9866-21CE328B9BE8}"
	ProjectSection(ProjectDependencies) = postProject
		{E8B256DE-0D44-4DC5-A43F-58E7F61331CA} = {E8B256DE-0D44-4DC5-A43F-58E7F61331CA}
		{3A68081D-E8F9-4523-9436-530DE9E5530A} = {3A68081D-E8F9-4523-9436-530DE9E5530A}
	EndProjectSection
EndProject
Project("{2150E333-8FDC-42A3-9474-1A3956D46DE8}") = "Games", "Games", "{D5ED4879-6A3C-4789-8440-1422C7A33EB2}"
EndProject
Project("{8BC9CEB8-8B4A-11D0-8D11-00A0C91BC942}") = "zColumns", "Games\zColumns\zColumns.vcproj", "{0D5549FB-4EAB-46E4-9896-874E59594899}"
	ProjectSection(ProjectDependencies) = postProject
		{E8B256DE-0D44-4DC5-A43F-58E7F61331CA} = {E8B256DE-0D44-4DC5-A43F-58E7F61331CA}
		{3A68081D-E8F9-4523-9436-530DE9E5530A} = {3A68081D-E8F9-4523-9436-530DE9E5530A}
	EndProjectSection
EndProject
Project("{8BC9CEB8-8B4A-11D0-8D11-00A0C91BC942}") = "test_lines", "examples\test_lines\test_lines.vcproj", "{78A2816F-ABCB-4EA6-A261-686C6EC05276}"
	ProjectSection(ProjectDependencies) = postProject
		{E8B256DE-0D44-4DC5-A43F-58E7F61331CA} = {E8B256DE-0D44-4DC5-A43F-58E7F61331CA}
		{3A68081D-E8F9-4523-9436-530DE9E5530A} = {3A68081D-E8F9-4523-9436-530DE9E5530A}
	EndProjectSection
EndProject
Project("{8BC9CEB8-8B4A-11D0-8D11-00A0C91BC942}") = "test_sprites", "examples\test_sprites\test_sprites.vcproj", "{E4665F88-53D9-4B18-A1E0-FB2E52E2F7FF}"
	ProjectSection(ProjectDependencies) = postProject
		{E8B256DE-0D44-4DC5-A43F-58E7F61331CA} = {E8B256DE-0D44-4DC5-A43F-58E7F61331CA}
		{3A68081D-E8F9-4523-9436-530DE9E5530A} = {3A68081D-E8F9-4523-9436-530DE9E5530A}
	EndProjectSection
EndProject
Project("{8BC9CEB8-8B4A-11D0-8D11-00A0C91BC942}") = "test_primitives", "examples\test_primitives\test_primitives.vcproj", "{94AC13F0-9362-4AC0-8947-5BEB9DE5D839}"
	ProjectSection(ProjectDependencies) = postProject
		{E8B256DE-0D44-4DC5-A43F-58E7F61331CA} = {E8B256DE-0D44-4DC5-A43F-58E7F61331CA}
		{3A68081D-E8F9-4523-9436-530DE9E5530A} = {3A68081D-E8F9-4523-9436-530DE9E5530A}
	EndProjectSection
EndProject
Project("{8BC9CEB8-8B4A-11D0-8D11-00A0C91BC942}") = "test_event", "examples\test_event\event_test.vcproj", "{94B7C17B-B23A-4D5C-A1F6-E7EF49763488}"
	ProjectSection(ProjectDependencies) = postProject
		{E8B256DE-0D44-4DC5-A43F-58E7F61331CA} = {E8B256DE-0D44-4DC5-A43F-58E7F61331CA}
		{3A68081D-E8F9-4523-9436-530DE9E5530A} = {3A68081D-E8F9-4523-9436-530DE9E5530A}
	EndProjectSection
EndProject
Project("{8BC9CEB8-8B4A-11D0-8D11-00A0C91BC942}") = "test_igame", "examples\test_igame\igame_test.vcproj", "{9DCF4E9E-F056-4698-9AFC-AC3F5352578F}"
	ProjectSection(ProjectDependencies) = postProject
		{E8B256DE-0D44-4DC5-A43F-58E7F61331CA} = {E8B256DE-0D44-4DC5-A43F-58E7F61331CA}
		{3A68081D-E8F9-4523-9436-530DE9E5530A} = {3A68081D-E8F9-4523-9436-530DE9E5530A}
	EndProjectSection
EndProject
Project("{8BC9CEB8-8B4A-11D0-8D11-00A0C91BC942}") = "test_input", "examples\test_input\input_test.vcproj", "{B146005B-B1FE-48F1-8F71-81D819303A43}"
	ProjectSection(ProjectDependencies) = postProject
		{E8B256DE-0D44-4DC5-A43F-58E7F61331CA} = {E8B256DE-0D44-4DC5-A43F-58E7F61331CA}
		{3A68081D-E8F9-4523-9436-530DE9E5530A} = {3A68081D-E8F9-4523-9436-530DE9E5530A}
	EndProjectSection
EndProject
Project("{8BC9CEB8-8B4A-11D0-8D11-00A0C91BC942}") = "Cameras", "contribs\Cameras\Cameras.vcproj", "{85C32493-6479-4A87-9041-14A2A8986E38}"
	ProjectSection(ProjectDependencies) = postProject
		{E8B256DE-0D44-4DC5-A43F-58E7F61331CA} = {E8B256DE-0D44-4DC5-A43F-58E7F61331CA}
		{3A68081D-E8F9-4523-9436-530DE9E5530A} = {3A68081D-E8F9-4523-9436-530DE9E5530A}
	EndProjectSection
EndProject
Project("{8BC9CEB8-8B4A-11D0-8D11-00A0C91BC942}") = "Interpolator", "contribs\Interpolator\Interpolator.vcproj", "{E62E571A-B5A9-41BE-8222-81D3AE8E15FD}"
	ProjectSection(ProjectDependencies) = postProject
		{E8B256DE-0D44-4DC5-A43F-58E7F61331CA} = {E8B256DE-0D44-4DC5-A43F-58E7F61331CA}
		{3A68081D-E8F9-4523-9436-530DE9E5530A} = {3A68081D-E8F9-4523-9436-530DE9E5530A}
	EndProjectSection
EndProject
Project("{8BC9CEB8-8B4A-11D0-8D11-00A0C91BC942}") = "Track", "contribs\Track\Track.vcproj", "{5F9EB640-3E6B-4E26-977F-A782B3EB6529}"
	ProjectSection(ProjectDependencies) = postProject
		{E8B256DE-0D44-4DC5-A43F-58E7F61331CA} = {E8B256DE-0D44-4DC5-A43F-58E7F61331CA}
		{3A68081D-E8F9-4523-9436-530DE9E5530A} = {3A68081D-E8F9-4523-9436-530DE9E5530A}
	EndProjectSection
EndProject
Project("{8BC9CEB8-8B4A-11D0-8D11-00A0C91BC942}") = "test_engine", "examples\test_engine\engine_test.vcproj", "{14ACDBBB-885B-4B01-8670-01F22A10DF87}"
	ProjectSection(ProjectDependencies) = postProject
		{E8B256DE-0D44-4DC5-A43F-58E7F61331CA} = {E8B256DE-0D44-4DC5-A43F-58E7F61331CA}
		{3A68081D-E8F9-4523-9436-530DE9E5530A} = {3A68081D-E8F9-4523-9436-530DE9E5530A}
	EndProjectSection
EndProject
Project("{8BC9CEB8-8B4A-11D0-8D11-00A0C91BC942}") = "TrackEditor", "tools\TrackEditor\TrackEditor.vcproj", "{006A1771-DD81-44B5-9775-42F0129E497B}"
	ProjectSection(ProjectDependencies) = postProject
		{E8B256DE-0D44-4DC5-A43F-58E7F61331CA} = {E8B256DE-0D44-4DC5-A43F-58E7F61331CA}
		{3A68081D-E8F9-4523-9436-530DE9E5530A} = {3A68081D-E8F9-4523-9436-530DE9E5530A}
	EndProjectSection
EndProject
Project("{8BC9CEB8-8B4A-11D0-8D11-00A0C91BC942}") = "EffectGenerator", "tools\EffectGenerator\EffectGenerator.vcproj", "{B3122425-E938-4CEC-8C69-C998A4F7F36D}"
	ProjectSection(ProjectDependencies) = postProject
		{E8B256DE-0D44-4DC5-A43F-58E7F61331CA} = {E8B256DE-0D44-4DC5-A43F-58E7F61331CA}
		{3A68081D-E8F9-4523-9436-530DE9E5530A} = {3A68081D-E8F9-4523-9436-530DE9E5530A}
	EndProjectSection
EndProject
Project("{8BC9CEB8-8B4A-11D0-8D11-00A0C91BC942}") = "ogg_static", "external\ogg\win32\ogg_static.vcproj", "{7744E265-F311-410F-943D-A63B98C0FC4F}"
EndProject
Project("{8BC9CEB8-8B4A-11D0-8D11-00A0C91BC942}") = "tinyxmlSTL", "external\TinyXML\tinyxmlSTL.vcproj", "{E8B256DE-0D44-4DC5-A43F-58E7F61331CA}"
EndProject
Project("{8BC9CEB8-8B4A-11D0-8D11-00A0C91BC942}") = "vorbis_static", "external\vorbis\win32\vorbis_static.vcproj", "{88A9EA72-91BF-400B-B175-C7E1DB13DAE7}"
EndProject
Project("{8BC9CEB8-8B4A-11D0-8D11-00A0C91BC942}") = "vorbisfile_static", "external\vorbis\win32\vorbisfile_static.vcproj", "{4B61F965-D1DA-4454-8983-D645CC327633}"
EndProject
Project("{8BC9CEB8-8B4A-11D0-8D11-00A0C91BC942}") = "ui", "contribs\ui\ui.vcproj", "{C20B1676-DFA1-4B92-9CA5-922D225FE2A1}"
EndProject
Project("{8BC9CEB8-8B4A-11D0-8D11-00A0C91BC942}") = "log", "contribs\log\log.vcproj", "{FA7492CB-7EAB-411F-A93F-70EFE12C7D1D}"
EndProject
Project("{8BC9CEB8-8B4A-11D0-8D11-00A0C91BC942}") = "Archeo-logic", "Games\Archeo-logic\Archeo-logic.vcproj", "{6E88B684-6D52-4995-A8F5-2574E92D01F9}"
	ProjectSection(ProjectDependencies) = postProject
		{3A68081D-E8F9-4523-9436-530DE9E5530A} = {3A68081D-E8F9-4523-9436-530DE9E5530A}
		{E8B256DE-0D44-4DC5-A43F-58E7F61331CA} = {E8B256DE-0D44-4DC5-A43F-58E7F61331CA}
	EndProjectSection
EndProject
Global
	GlobalSection(SolutionConfigurationPlatforms) = preSolution
		Debug|Win32 = Debug|Win32
		Release|Win32 = Release|Win32
	EndGlobalSection
	GlobalSection(ProjectConfigurationPlatforms) = postSolution
		{3A68081D-E8F9-4523-9436-530DE9E5530A}.Debug|Win32.ActiveCfg = Debug|Win32
		{3A68081D-E8F9-4523-9436-530DE9E5530A}.Debug|Win32.Build.0 = Debug|Win32
		{3A68081D-E8F9-4523-9436-530DE9E5530A}.Release|Win32.ActiveCfg = Release|Win32
		{3A68081D-E8F9-4523-9436-530DE9E5530A}.Release|Win32.Build.0 = Release|Win32
		{04B7ED71-2AC9-4131-A687-CA9DBE6593F4}.Debug|Win32.ActiveCfg = Debug|Win32
		{04B7ED71-2AC9-4131-A687-CA9DBE6593F4}.Debug|Win32.Build.0 = Debug|Win32
		{04B7ED71-2AC9-4131-A687-CA9DBE6593F4}.Release|Win32.ActiveCfg = Release|Win32
		{04B7ED71-2AC9-4131-A687-CA9DBE6593F4}.Release|Win32.Build.0 = Release|Win32
		{0E926BB0-579A-44C7-801F-D71BD54071E0}.Debug|Win32.ActiveCfg = Debug|Win32
		{0E926BB0-579A-44C7-801F-D71BD54071E0}.Release|Win32.ActiveCfg = Release|Win32
		{1A4725AE-CABC-48FC-A920-6746A5032ACF}.Debug|Win32.ActiveCfg = Debug|Win32
		{1A4725AE-CABC-48FC-A920-6746A5032ACF}.Debug|Win32.Build.0 = Debug|Win32
		{1A4725AE-CABC-48FC-A920-6746A5032ACF}.Release|Win32.ActiveCfg = Release|Win32
		{652AC202-0A5A-4C27-B11D-26A90CA8178C}.Debug|Win32.ActiveCfg = Debug|Win32
		{652AC202-0A5A-4C27-B11D-26A90CA8178C}.Debug|Win32.Build.0 = Debug|Win32
		{652AC202-0A5A-4C27-B11D-26A90CA8178C}.Release|Win32.ActiveCfg = Release|Win32
		{93DA0768-9D4E-444C-867D-2B9A609DC3CB}.Debug|Win32.ActiveCfg = Debug|Win32
		{93DA0768-9D4E-444C-867D-2B9A609DC3CB}.Debug|Win32.Build.0 = Debug|Win32
		{93DA0768-9D4E-444C-867D-2B9A609DC3CB}.Release|Win32.ActiveCfg = Release|Win32
		{4FFFCCF7-43C9-4D08-9866-21CE328B9BE8}.Debug|Win32.ActiveCfg = Debug|Win32
		{4FFFCCF7-43C9-4D08-9866-21CE328B9BE8}.Debug|Win32.Build.0 = Debug|Win32
		{4FFFCCF7-43C9-4D08-9866-21CE328B9BE8}.Release|Win32.ActiveCfg = Release|Win32
		{0D5549FB-4EAB-46E4-9896-874E59594899}.Debug|Win32.ActiveCfg = Debug|Win32
		{0D5549FB-4EAB-46E4-9896-874E59594899}.Debug|Win32.Build.0 = Debug|Win32
		{0D5549FB-4EAB-46E4-9896-874E59594899}.Release|Win32.ActiveCfg = Release|Win32
		{78A2816F-ABCB-4EA6-A261-686C6EC05276}.Debug|Win32.ActiveCfg = Debug|Win32
		{78A2816F-ABCB-4EA6-A261-686C6EC05276}.Debug|Win32.Build.0 = Debug|Win32
		{78A2816F-ABCB-4EA6-A261-686C6EC05276}.Release|Win32.ActiveCfg = Release|Win32
		{E4665F88-53D9-4B18-A1E0-FB2E52E2F7FF}.Debug|Win32.ActiveCfg = Debug|Win32
		{E4665F88-53D9-4B18-A1E0-FB2E52E2F7FF}.Debug|Win32.Build.0 = Debug|Win32
		{E4665F88-53D9-4B18-A1E0-FB2E52E2F7FF}.Release|Win32.ActiveCfg = Release|Win32
		{E4665F88-53D9-4B18-A1E0-FB2E52E2F7FF}.Release|Win32.Build.0 = Release|Win32
		{94AC13F0-9362-4AC0-8947-5BEB9DE5D839}.Debug|Win32.ActiveCfg = Debug|Win32
		{94AC13F0-9362-4AC0-8947-5BEB9DE5D839}.Debug|Win32.Build.0 = Debug|Win32
		{94AC13F0-9362-4AC0-8947-5BEB9DE5D839}.Release|Win32.ActiveCfg = Release|Win32
		{94B7C17B-B23A-4D5C-A1F6-E7EF49763488}.Debug|Win32.ActiveCfg = Debug|Win32
		{94B7C17B-B23A-4D5C-A1F6-E7EF49763488}.Debug|Win32.Build.0 = Debug|Win32
		{94B7C17B-B23A-4D5C-A1F6-E7EF49763488}.Release|Win32.ActiveCfg = Release|Win32
		{9DCF4E9E-F056-4698-9AFC-AC3F5352578F}.Debug|Win32.ActiveCfg = Debug|Win32
		{9DCF4E9E-F056-4698-9AFC-AC3F5352578F}.Debug|Win32.Build.0 = Debug|Win32
		{9DCF4E9E-F056-4698-9AFC-AC3F5352578F}.Release|Win32.ActiveCfg = Release|Win32
		{9DCF4E9E-F056-4698-9AFC-AC3F5352578F}.Release|Win32.Build.0 = Release|Win32
		{B146005B-B1FE-48F1-8F71-81D819303A43}.Debug|Win32.ActiveCfg = Debug|Win32
		{B146005B-B1FE-48F1-8F71-81D819303A43}.Debug|Win32.Build.0 = Debug|Win32
		{B146005B-B1FE-48F1-8F71-81D819303A43}.Release|Win32.ActiveCfg = Release|Win32
		{B146005B-B1FE-48F1-8F71-81D819303A43}.Release|Win32.Build.0 = Release|Win32
		{85C32493-6479-4A87-9041-14A2A8986E38}.Debug|Win32.ActiveCfg = Debug|Win32
		{85C32493-6479-4A87-9041-14A2A8986E38}.Debug|Win32.Build.0 = Debug|Win32
		{85C32493-6479-4A87-9041-14A2A8986E38}.Release|Win32.ActiveCfg = Release|Win32
		{E62E571A-B5A9-41BE-8222-81D3AE8E15FD}.Debug|Win32.ActiveCfg = Debug|Win32
		{E62E571A-B5A9-41BE-8222-81D3AE8E15FD}.Debug|Win32.Build.0 = Debug|Win32
		{E62E571A-B5A9-41BE-8222-81D3AE8E15FD}.Release|Win32.ActiveCfg = Release|Win32
		{5F9EB640-3E6B-4E26-977F-A782B3EB6529}.Debug|Win32.ActiveCfg = Debug|Win32
		{5F9EB640-3E6B-4E26-977F-A782B3EB6529}.Debug|Win32.Build.0 = Debug|Win32
		{5F9EB640-3E6B-4E26-977F-A782B3EB6529}.Release|Win32.ActiveCfg = Release|Win32
		{14ACDBBB-885B-4B01-8670-01F22A10DF87}.Debug|Win32.ActiveCfg = Debug|Win32
		{14ACDBBB-885B-4B01-8670-01F22A10DF87}.Debug|Win32.Build.0 = Debug|Win32
		{14ACDBBB-885B-4B01-8670-01F22A10DF87}.Release|Win32.ActiveCfg = Release|Win32
		{006A1771-DD81-44B5-9775-42F0129E497B}.Debug|Win32.ActiveCfg = Debug|Win32
		{006A1771-DD81-44B5-9775-42F0129E497B}.Debug|Win32.Build.0 = Debug|Win32
		{006A1771-DD81-44B5-9775-42F0129E497B}.Release|Win32.ActiveCfg = Release|Win32
		{B3122425-E938-4CEC-8C69-C998A4F7F36D}.Debug|Win32.ActiveCfg = Debug|Win32
		{B3122425-E938-4CEC-8C69-C998A4F7F36D}.Debug|Win32.Build.0 = Debug|Win32
		{B3122425-E938-4CEC-8C69-C998A4F7F36D}.Release|Win32.ActiveCfg = Release|Win32
		{7744E265-F311-410F-943D-A63B98C0FC4F}.Debug|Win32.ActiveCfg = Debug|Win32
		{7744E265-F311-410F-943D-A63B98C0FC4F}.Debug|Win32.Build.0 = Debug|Win32
		{7744E265-F311-410F-943D-A63B98C0FC4F}.Release|Win32.ActiveCfg = Release|Win32
		{7744E265-F311-410F-943D-A63B98C0FC4F}.Release|Win32.Build.0 = Release|Win32
		{E8B256DE-0D44-4DC5-A43F-58E7F61331CA}.Debug|Win32.ActiveCfg = Debug|Win32
		{E8B256DE-0D44-4DC5-A43F-58E7F61331CA}.Debug|Win32.Build.0 = Debug|Win32
		{E8B256DE-0D44-4DC5-A43F-58E7F61331CA}.Release|Win32.ActiveCfg = Release|Win32
		{E8B256DE-0D44-4DC5-A43F-58E7F61331CA}.Release|Win32.Build.0 = Release|Win32
		{88A9EA72-91BF-400B-B175-C7E1DB13DAE7}.Debug|Win32.ActiveCfg = Debug|Win32
		{88A9EA72-91BF-400B-B175-C7E1DB13DAE7}.Debug|Win32.Build.0 = Debug|Win32
		{88A9EA72-91BF-400B-B175-C7E1DB13DAE7}.Release|Win32.ActiveCfg = Release|Win32
		{4B61F965-D1DA-4454-8983-D645CC327633}.Debug|Win32.ActiveCfg = Debug|Win32
		{4B61F965-D1DA-4454-8983-D645CC327633}.Debug|Win32.Build.0 = Debug|Win32
		{4B61F965-D1DA-4454-8983-D645CC327633}.Release|Win32.ActiveCfg = Release|Win32
		{C20B1676-DFA1-4B92-9CA5-922D225FE2A1}.Debug|Win32.ActiveCfg = Debug|Win32
		{C20B1676-DFA1-4B92-9CA5-922D225FE2A1}.Release|Win32.ActiveCfg = Release|Win32
		{FA7492CB-7EAB-411F-A93F-70EFE12C7D1D}.Debug|Win32.ActiveCfg = Debug|Win32
		{FA7492CB-7EAB-411F-A93F-70EFE12C7D1D}.Debug|Win32.Build.0 = Debug|Win32
		{FA7492CB-7EAB-411F-A93F-70EFE12C7D1D}.Release|Win32.ActiveCfg = Release|Win32
		{FA7492CB-7EAB-411F-A93F-70EFE12C7D1D}.Release|Win32.Build.0 = Release|Win32
		{6E88B684-6D52-4995-A8F5-2574E92D01F9}.Debug|Win32.ActiveCfg = Debug|Win32
		{6E88B684-6D52-4995-A8F5-2574E92D01F9}.Debug|Win32.Build.0 = Debug|Win32
		{6E88B684-6D52-4995-A8F5-2574E92D01F9}.Release|Win32.ActiveCfg = Release|Win32
		{6E88B684-6D52-4995-A8F5-2574E92D01F9}.Release|Win32.Build.0 = Release|Win32
	EndGlobalSection
	GlobalSection(SolutionProperties) = preSolution
		HideSolutionNode = FALSE
	EndGlobalSection
	GlobalSection(NestedProjects) = preSolution
		{3A68081D-E8F9-4523-9436-530DE9E5530A} = {C03FE3A2-4431-4B45-9E18-AC7536E411B3}
		{04B7ED71-2AC9-4131-A687-CA9DBE6593F4} = {42C4E305-0758-45CB-ADA2-DAC545A75AA9}
		{652AC202-0A5A-4C27-B11D-26A90CA8178C} = {42C4E305-0758-45CB-ADA2-DAC545A75AA9}
		{006A1771-DD81-44B5-9775-42F0129E497B} = {42C4E305-0758-45CB-ADA2-DAC545A75AA9}
		{B3122425-E938-4CEC-8C69-C998A4F7F36D} = {42C4E305-0758-45CB-ADA2-DAC545A75AA9}
		{0E926BB0-579A-44C7-801F-D71BD54071E0} = {EFD0E96F-1C21-4452-8656-7EC525021F81}
		{93DA0768-9D4E-444C-867D-2B9A609DC3CB} = {EFD0E96F-1C21-4452-8656-7EC525021F81}
		{85C32493-6479-4A87-9041-14A2A8986E38} = {EFD0E96F-1C21-4452-8656-7EC525021F81}
		{E62E571A-B5A9-41BE-8222-81D3AE8E15FD} = {EFD0E96F-1C21-4452-8656-7EC525021F81}
		{5F9EB640-3E6B-4E26-977F-A782B3EB6529} = {EFD0E96F-1C21-4452-8656-7EC525021F81}
		{C20B1676-DFA1-4B92-9CA5-922D225FE2A1} = {EFD0E96F-1C21-4452-8656-7EC525021F81}
		{FA7492CB-7EAB-411F-A93F-70EFE12C7D1D} = {EFD0E96F-1C21-4452-8656-7EC525021F81}
		{1A4725AE-CABC-48FC-A920-6746A5032ACF} = {9F2E0558-4091-4CFF-AE68-E36EF169A328}
		{78A2816F-ABCB-4EA6-A261-686C6EC05276} = {9F2E0558-4091-4CFF-AE68-E36EF169A328}
		{E4665F88-53D9-4B18-A1E0-FB2E52E2F7FF} = {9F2E0558-4091-4CFF-AE68-E36EF169A328}
		{94AC13F0-9362-4AC0-8947-5BEB9DE5D839} = {9F2E0558-4091-4CFF-AE68-E36EF169A328}
		{94B7C17B-B23A-4D5C-A1F6-E7EF49763488} = {9F2E0558-4091-4CFF-AE68-E36EF169A328}
		{9DCF4E9E-F056-4698-9AFC-AC3F5352578F} = {9F2E0558-4091-4CFF-AE68-E36EF169A328}
		{B146005B-B1FE-48F1-8F71-81D819303A43} = {9F2E0558-4091-4CFF-AE68-E36EF169A328}
		{14ACDBBB-885B-4B01-8670-01F22A10DF87} = {9F2E0558-4091-4CFF-AE68-E36EF169A328}
		{7744E265-F311-410F-943D-A63B98C0FC4F} = {81379E53-7344-45F1-9120-7257D1C97C23}
		{E8B256DE-0D44-4DC5-A43F-58E7F61331CA} = {81379E53-7344-45F1-9120-7257D1C97C23}
		{88A9EA72-91BF-400B-B175-C7E1DB13DAE7} = {81379E53-7344-45F1-9120-7257D1C97C23}
		{4B61F965-D1DA-4454-8983-D645CC327633} = {81379E53-7344-45F1-9120-7257D1C97C23}
		{4FFFCCF7-43C9-4D08-9866-21CE328B9BE8} = {D5ED4879-6A3C-4789-8440-1422C7A33EB2}
		{0D5549FB-4EAB-46E4-9896-874E59594899} = {D5ED4879-6A3C-4789-8440-1422C7A33EB2}
		{6E88B684-6D52-4995-A8F5-2574E92D01F9} = {D5ED4879-6A3C-4789-8440-1422C7A33EB2}
	EndGlobalSection
EndGlobal
