Microsoft Visual Studio Solution File, Format Version 10.00
# Visual Studio 2008
Project("{2150E333-8FDC-42A3-9474-1A3956D46DE8}") = "External", "External", "{BDECD86F-967F-43A9-963B-224E5CC22E60}"
EndProject
Project("{2150E333-8FDC-42A3-9474-1A3956D46DE8}") = "Engine", "Engine", "{15246B8B-B5F4-4B7F-ACE3-3449758D32F9}"
EndProject
Project("{2150E333-8FDC-42A3-9474-1A3956D46DE8}") = "Examples", "Examples", "{581F502A-0950-454E-B89C-8191241E551D}"
EndProject
Project("{2150E333-8FDC-42A3-9474-1A3956D46DE8}") = "games", "games", "{63009721-9F05-4AB6-A400-D8F9C126FBA6}"
EndProject
Project("{8BC9CEB8-8B4A-11D0-8D11-00A0C91BC942}") = "Enginelib", "rgdengine\rgdengine-vs80.vcproj", "{3A68081D-E8F9-4523-9436-530DE9E5530A}"
	ProjectSection(ProjectDependencies) = postProject
		{7744E265-F311-410F-943D-A63B98C0FC4F} = {7744E265-F311-410F-943D-A63B98C0FC4F}
		{4B61F965-D1DA-4454-8983-D645CC327633} = {4B61F965-D1DA-4454-8983-D645CC327633}
		{88A9EA72-91BF-400B-B175-C7E1DB13DAE7} = {88A9EA72-91BF-400B-B175-C7E1DB13DAE7}
		{E8B256DE-0D44-4DC5-A43F-58E7F61331CA} = {E8B256DE-0D44-4DC5-A43F-58E7F61331CA}
	EndProjectSection
EndProject
Project("{8BC9CEB8-8B4A-11D0-8D11-00A0C91BC942}") = "tinyxmlSTL", "external\TinyXML\tinyxmlSTL.vcproj", "{E8B256DE-0D44-4DC5-A43F-58E7F61331CA}"
EndProject
Project("{8BC9CEB8-8B4A-11D0-8D11-00A0C91BC942}") = "test_event", "examples\test_event\event_test.vcproj", "{94B7C17B-B23A-4D5C-A1F6-E7EF49763488}"
	ProjectSection(ProjectDependencies) = postProject
		{3A68081D-E8F9-4523-9436-530DE9E5530A} = {3A68081D-E8F9-4523-9436-530DE9E5530A}
	EndProjectSection
EndProject
Project("{8BC9CEB8-8B4A-11D0-8D11-00A0C91BC942}") = "test_sprites", "examples\test_sprites\test_sprites.vcproj", "{E4665F88-53D9-4B18-A1E0-FB2E52E2F7FF}"
	ProjectSection(ProjectDependencies) = postProject
		{3A68081D-E8F9-4523-9436-530DE9E5530A} = {3A68081D-E8F9-4523-9436-530DE9E5530A}
		{E8B256DE-0D44-4DC5-A43F-58E7F61331CA} = {E8B256DE-0D44-4DC5-A43F-58E7F61331CA}
	EndProjectSection
EndProject
Project("{8BC9CEB8-8B4A-11D0-8D11-00A0C91BC942}") = "test_lines", "examples\test_lines\test_lines.vcproj", "{78A2816F-ABCB-4EA6-A261-686C6EC05276}"
	ProjectSection(ProjectDependencies) = postProject
		{3A68081D-E8F9-4523-9436-530DE9E5530A} = {3A68081D-E8F9-4523-9436-530DE9E5530A}
		{E8B256DE-0D44-4DC5-A43F-58E7F61331CA} = {E8B256DE-0D44-4DC5-A43F-58E7F61331CA}
	EndProjectSection
EndProject
Project("{8BC9CEB8-8B4A-11D0-8D11-00A0C91BC942}") = "zColumns", "Games\zColumns\zColumns.vcproj", "{0D5549FB-4EAB-46E4-9896-874E59594899}"
	ProjectSection(ProjectDependencies) = postProject
		{3A68081D-E8F9-4523-9436-530DE9E5530A} = {3A68081D-E8F9-4523-9436-530DE9E5530A}
		{E8B256DE-0D44-4DC5-A43F-58E7F61331CA} = {E8B256DE-0D44-4DC5-A43F-58E7F61331CA}
	EndProjectSection
EndProject
Project("{8BC9CEB8-8B4A-11D0-8D11-00A0C91BC942}") = "Tetris", "Games\Tetris\tetris.vcproj", "{94AC13F0-9362-4AC0-8947-5BEB9DE5D839}"
	ProjectSection(ProjectDependencies) = postProject
		{3A68081D-E8F9-4523-9436-530DE9E5530A} = {3A68081D-E8F9-4523-9436-530DE9E5530A}
		{E8B256DE-0D44-4DC5-A43F-58E7F61331CA} = {E8B256DE-0D44-4DC5-A43F-58E7F61331CA}
	EndProjectSection
EndProject
Project("{8BC9CEB8-8B4A-11D0-8D11-00A0C91BC942}") = "test_igame", "examples\test_igame\igame_test.vcproj", "{9DCF4E9E-F056-4698-9AFC-AC3F5352578F}"
	ProjectSection(ProjectDependencies) = postProject
		{3A68081D-E8F9-4523-9436-530DE9E5530A} = {3A68081D-E8F9-4523-9436-530DE9E5530A}
		{E8B256DE-0D44-4DC5-A43F-58E7F61331CA} = {E8B256DE-0D44-4DC5-A43F-58E7F61331CA}
	EndProjectSection
EndProject
Project("{8BC9CEB8-8B4A-11D0-8D11-00A0C91BC942}") = "test_primitives", "examples\test_primitives\test_primitives.vcproj", "{FB5A905C-E321-4A49-9F6E-4FA31851D200}"
	ProjectSection(ProjectDependencies) = postProject
		{3A68081D-E8F9-4523-9436-530DE9E5530A} = {3A68081D-E8F9-4523-9436-530DE9E5530A}
	EndProjectSection
EndProject
Project("{8BC9CEB8-8B4A-11D0-8D11-00A0C91BC942}") = "test_music", "examples\test_music\test_music.vcproj", "{1A4725AE-CABC-48FC-A920-6746A5032ACF}"
	ProjectSection(ProjectDependencies) = postProject
		{3A68081D-E8F9-4523-9436-530DE9E5530A} = {3A68081D-E8F9-4523-9436-530DE9E5530A}
	EndProjectSection
EndProject
Project("{8BC9CEB8-8B4A-11D0-8D11-00A0C91BC942}") = "test_input", "examples\test_input\input_test.vcproj", "{B146005B-B1FE-48F1-8F71-81D819303A43}"
	ProjectSection(ProjectDependencies) = postProject
		{3A68081D-E8F9-4523-9436-530DE9E5530A} = {3A68081D-E8F9-4523-9436-530DE9E5530A}
		{E8B256DE-0D44-4DC5-A43F-58E7F61331CA} = {E8B256DE-0D44-4DC5-A43F-58E7F61331CA}
	EndProjectSection
EndProject
Project("{8BC9CEB8-8B4A-11D0-8D11-00A0C91BC942}") = "ogg_static", "external\ogg\win32\ogg_static.vcproj", "{7744E265-F311-410F-943D-A63B98C0FC4F}"
EndProject
Project("{8BC9CEB8-8B4A-11D0-8D11-00A0C91BC942}") = "vorbis_static", "external\vorbis\win32\vorbis_static.vcproj", "{88A9EA72-91BF-400B-B175-C7E1DB13DAE7}"
EndProject
Project("{8BC9CEB8-8B4A-11D0-8D11-00A0C91BC942}") = "vorbisfile_static", "external\vorbis\win32\vorbisfile_static.vcproj", "{4B61F965-D1DA-4454-8983-D645CC327633}"
EndProject
Project("{8BC9CEB8-8B4A-11D0-8D11-00A0C91BC942}") = "test_animation", "examples\test_animation\test_animation.vcproj", "{41B9303C-12BC-4C84-84E4-19070F99FF8D}"
	ProjectSection(ProjectDependencies) = postProject
		{3A68081D-E8F9-4523-9436-530DE9E5530A} = {3A68081D-E8F9-4523-9436-530DE9E5530A}
		{7744E265-F311-410F-943D-A63B98C0FC4F} = {7744E265-F311-410F-943D-A63B98C0FC4F}
		{4B61F965-D1DA-4454-8983-D645CC327633} = {4B61F965-D1DA-4454-8983-D645CC327633}
		{88A9EA72-91BF-400B-B175-C7E1DB13DAE7} = {88A9EA72-91BF-400B-B175-C7E1DB13DAE7}
		{E8B256DE-0D44-4DC5-A43F-58E7F61331CA} = {E8B256DE-0D44-4DC5-A43F-58E7F61331CA}
	EndProjectSection
EndProject
Project("{8BC9CEB8-8B4A-11D0-8D11-00A0C91BC942}") = "test_particles", "examples\test_particles\test_particles.vcproj", "{BD3C5180-2B0C-48B9-B5CA-1EDA467570F5}"
	ProjectSection(ProjectDependencies) = postProject
		{3A68081D-E8F9-4523-9436-530DE9E5530A} = {3A68081D-E8F9-4523-9436-530DE9E5530A}
		{7744E265-F311-410F-943D-A63B98C0FC4F} = {7744E265-F311-410F-943D-A63B98C0FC4F}
		{4B61F965-D1DA-4454-8983-D645CC327633} = {4B61F965-D1DA-4454-8983-D645CC327633}
		{88A9EA72-91BF-400B-B175-C7E1DB13DAE7} = {88A9EA72-91BF-400B-B175-C7E1DB13DAE7}
		{E8B256DE-0D44-4DC5-A43F-58E7F61331CA} = {E8B256DE-0D44-4DC5-A43F-58E7F61331CA}
	EndProjectSection
EndProject
Project("{8BC9CEB8-8B4A-11D0-8D11-00A0C91BC942}") = "gmtl", "external\gmtl\gmtl.vcproj", "{83E27335-28E8-4137-86EF-A84374129075}"
EndProject
Global
	GlobalSection(SolutionConfigurationPlatforms) = preSolution
		Debug|Win32 = Debug|Win32
		Release|Win32 = Release|Win32
	EndGlobalSection
	GlobalSection(ProjectConfigurationPlatforms) = postSolution
		{3A68081D-E8F9-4523-9436-530DE9E5530A}.Debug|Win32.ActiveCfg = Debug|Win32
		{3A68081D-E8F9-4523-9436-530DE9E5530A}.Debug|Win32.Build.0 = Debug|Win32
		{3A68081D-E8F9-4523-9436-530DE9E5530A}.Release|Win32.ActiveCfg = Release|Win32
		{3A68081D-E8F9-4523-9436-530DE9E5530A}.Release|Win32.Build.0 = Release|Win32
		{E8B256DE-0D44-4DC5-A43F-58E7F61331CA}.Debug|Win32.ActiveCfg = Debug|Win32
		{E8B256DE-0D44-4DC5-A43F-58E7F61331CA}.Debug|Win32.Build.0 = Debug|Win32
		{E8B256DE-0D44-4DC5-A43F-58E7F61331CA}.Release|Win32.ActiveCfg = Release|Win32
		{E8B256DE-0D44-4DC5-A43F-58E7F61331CA}.Release|Win32.Build.0 = Release|Win32
		{94B7C17B-B23A-4D5C-A1F6-E7EF49763488}.Debug|Win32.ActiveCfg = Debug|Win32
		{94B7C17B-B23A-4D5C-A1F6-E7EF49763488}.Debug|Win32.Build.0 = Debug|Win32
		{94B7C17B-B23A-4D5C-A1F6-E7EF49763488}.Release|Win32.ActiveCfg = Release|Win32
		{94B7C17B-B23A-4D5C-A1F6-E7EF49763488}.Release|Win32.Build.0 = Release|Win32
		{E4665F88-53D9-4B18-A1E0-FB2E52E2F7FF}.Debug|Win32.ActiveCfg = Debug|Win32
		{E4665F88-53D9-4B18-A1E0-FB2E52E2F7FF}.Debug|Win32.Build.0 = Debug|Win32
		{E4665F88-53D9-4B18-A1E0-FB2E52E2F7FF}.Release|Win32.ActiveCfg = Release|Win32
		{E4665F88-53D9-4B18-A1E0-FB2E52E2F7FF}.Release|Win32.Build.0 = Release|Win32
		{78A2816F-ABCB-4EA6-A261-686C6EC05276}.Debug|Win32.ActiveCfg = Debug|Win32
		{78A2816F-ABCB-4EA6-A261-686C6EC05276}.Debug|Win32.Build.0 = Debug|Win32
		{78A2816F-ABCB-4EA6-A261-686C6EC05276}.Release|Win32.ActiveCfg = Release|Win32
		{78A2816F-ABCB-4EA6-A261-686C6EC05276}.Release|Win32.Build.0 = Release|Win32
		{0D5549FB-4EAB-46E4-9896-874E59594899}.Debug|Win32.ActiveCfg = Debug|Win32
		{0D5549FB-4EAB-46E4-9896-874E59594899}.Debug|Win32.Build.0 = Debug|Win32
		{0D5549FB-4EAB-46E4-9896-874E59594899}.Release|Win32.ActiveCfg = Release|Win32
		{0D5549FB-4EAB-46E4-9896-874E59594899}.Release|Win32.Build.0 = Release|Win32
		{94AC13F0-9362-4AC0-8947-5BEB9DE5D839}.Debug|Win32.ActiveCfg = Debug|Win32
		{94AC13F0-9362-4AC0-8947-5BEB9DE5D839}.Debug|Win32.Build.0 = Debug|Win32
		{94AC13F0-9362-4AC0-8947-5BEB9DE5D839}.Release|Win32.ActiveCfg = Release|Win32
		{94AC13F0-9362-4AC0-8947-5BEB9DE5D839}.Release|Win32.Build.0 = Release|Win32
		{9DCF4E9E-F056-4698-9AFC-AC3F5352578F}.Debug|Win32.ActiveCfg = Debug|Win32
		{9DCF4E9E-F056-4698-9AFC-AC3F5352578F}.Debug|Win32.Build.0 = Debug|Win32
		{9DCF4E9E-F056-4698-9AFC-AC3F5352578F}.Release|Win32.ActiveCfg = Release|Win32
		{9DCF4E9E-F056-4698-9AFC-AC3F5352578F}.Release|Win32.Build.0 = Release|Win32
		{FB5A905C-E321-4A49-9F6E-4FA31851D200}.Debug|Win32.ActiveCfg = Debug|Win32
		{FB5A905C-E321-4A49-9F6E-4FA31851D200}.Debug|Win32.Build.0 = Debug|Win32
		{FB5A905C-E321-4A49-9F6E-4FA31851D200}.Release|Win32.ActiveCfg = Release|Win32
		{FB5A905C-E321-4A49-9F6E-4FA31851D200}.Release|Win32.Build.0 = Release|Win32
		{1A4725AE-CABC-48FC-A920-6746A5032ACF}.Debug|Win32.ActiveCfg = Debug|Win32
		{1A4725AE-CABC-48FC-A920-6746A5032ACF}.Debug|Win32.Build.0 = Debug|Win32
		{1A4725AE-CABC-48FC-A920-6746A5032ACF}.Release|Win32.ActiveCfg = Release|Win32
		{1A4725AE-CABC-48FC-A920-6746A5032ACF}.Release|Win32.Build.0 = Release|Win32
		{B146005B-B1FE-48F1-8F71-81D819303A43}.Debug|Win32.ActiveCfg = Debug|Win32
		{B146005B-B1FE-48F1-8F71-81D819303A43}.Debug|Win32.Build.0 = Debug|Win32
		{B146005B-B1FE-48F1-8F71-81D819303A43}.Release|Win32.ActiveCfg = Release|Win32
		{B146005B-B1FE-48F1-8F71-81D819303A43}.Release|Win32.Build.0 = Release|Win32
		{7744E265-F311-410F-943D-A63B98C0FC4F}.Debug|Win32.ActiveCfg = Debug|Win32
		{7744E265-F311-410F-943D-A63B98C0FC4F}.Debug|Win32.Build.0 = Debug|Win32
		{7744E265-F311-410F-943D-A63B98C0FC4F}.Release|Win32.ActiveCfg = Release|Win32
		{7744E265-F311-410F-943D-A63B98C0FC4F}.Release|Win32.Build.0 = Release|Win32
		{88A9EA72-91BF-400B-B175-C7E1DB13DAE7}.Debug|Win32.ActiveCfg = Debug|Win32
		{88A9EA72-91BF-400B-B175-C7E1DB13DAE7}.Debug|Win32.Build.0 = Debug|Win32
		{88A9EA72-91BF-400B-B175-C7E1DB13DAE7}.Release|Win32.ActiveCfg = Release|Win32
		{88A9EA72-91BF-400B-B175-C7E1DB13DAE7}.Release|Win32.Build.0 = Release|Win32
		{4B61F965-D1DA-4454-8983-D645CC327633}.Debug|Win32.ActiveCfg = Debug|Win32
		{4B61F965-D1DA-4454-8983-D645CC327633}.Debug|Win32.Build.0 = Debug|Win32
		{4B61F965-D1DA-4454-8983-D645CC327633}.Release|Win32.ActiveCfg = Release|Win32
		{4B61F965-D1DA-4454-8983-D645CC327633}.Release|Win32.Build.0 = Release|Win32
		{41B9303C-12BC-4C84-84E4-19070F99FF8D}.Debug|Win32.ActiveCfg = Debug|Win32
		{41B9303C-12BC-4C84-84E4-19070F99FF8D}.Debug|Win32.Build.0 = Debug|Win32
		{41B9303C-12BC-4C84-84E4-19070F99FF8D}.Release|Win32.ActiveCfg = Release|Win32
		{41B9303C-12BC-4C84-84E4-19070F99FF8D}.Release|Win32.Build.0 = Release|Win32
		{BD3C5180-2B0C-48B9-B5CA-1EDA467570F5}.Debug|Win32.ActiveCfg = Debug|Win32
		{BD3C5180-2B0C-48B9-B5CA-1EDA467570F5}.Debug|Win32.Build.0 = Debug|Win32
		{BD3C5180-2B0C-48B9-B5CA-1EDA467570F5}.Release|Win32.ActiveCfg = Release|Win32
		{BD3C5180-2B0C-48B9-B5CA-1EDA467570F5}.Release|Win32.Build.0 = Release|Win32
		{83E27335-28E8-4137-86EF-A84374129075}.Debug|Win32.ActiveCfg = Debug|Win32
		{83E27335-28E8-4137-86EF-A84374129075}.Debug|Win32.Build.0 = Debug|Win32
		{83E27335-28E8-4137-86EF-A84374129075}.Release|Win32.ActiveCfg = Release|Win32
		{83E27335-28E8-4137-86EF-A84374129075}.Release|Win32.Build.0 = Release|Win32
	EndGlobalSection
	GlobalSection(SolutionProperties) = preSolution
		HideSolutionNode = FALSE
	EndGlobalSection
	GlobalSection(NestedProjects) = preSolution
		{E8B256DE-0D44-4DC5-A43F-58E7F61331CA} = {BDECD86F-967F-43A9-963B-224E5CC22E60}
		{7744E265-F311-410F-943D-A63B98C0FC4F} = {BDECD86F-967F-43A9-963B-224E5CC22E60}
		{88A9EA72-91BF-400B-B175-C7E1DB13DAE7} = {BDECD86F-967F-43A9-963B-224E5CC22E60}
		{4B61F965-D1DA-4454-8983-D645CC327633} = {BDECD86F-967F-43A9-963B-224E5CC22E60}
		{83E27335-28E8-4137-86EF-A84374129075} = {BDECD86F-967F-43A9-963B-224E5CC22E60}
		{3A68081D-E8F9-4523-9436-530DE9E5530A} = {15246B8B-B5F4-4B7F-ACE3-3449758D32F9}
		{94B7C17B-B23A-4D5C-A1F6-E7EF49763488} = {581F502A-0950-454E-B89C-8191241E551D}
		{E4665F88-53D9-4B18-A1E0-FB2E52E2F7FF} = {581F502A-0950-454E-B89C-8191241E551D}
		{78A2816F-ABCB-4EA6-A261-686C6EC05276} = {581F502A-0950-454E-B89C-8191241E551D}
		{9DCF4E9E-F056-4698-9AFC-AC3F5352578F} = {581F502A-0950-454E-B89C-8191241E551D}
		{FB5A905C-E321-4A49-9F6E-4FA31851D200} = {581F502A-0950-454E-B89C-8191241E551D}
		{1A4725AE-CABC-48FC-A920-6746A5032ACF} = {581F502A-0950-454E-B89C-8191241E551D}
		{B146005B-B1FE-48F1-8F71-81D819303A43} = {581F502A-0950-454E-B89C-8191241E551D}
		{41B9303C-12BC-4C84-84E4-19070F99FF8D} = {581F502A-0950-454E-B89C-8191241E551D}
		{BD3C5180-2B0C-48B9-B5CA-1EDA467570F5} = {581F502A-0950-454E-B89C-8191241E551D}
		{0D5549FB-4EAB-46E4-9896-874E59594899} = {63009721-9F05-4AB6-A400-D8F9C126FBA6}
		{94AC13F0-9362-4AC0-8947-5BEB9DE5D839} = {63009721-9F05-4AB6-A400-D8F9C126FBA6}
	EndGlobalSection
EndGlobal
