Microsoft Visual Studio Solution File, Format Version 9.00
# Visual Studio 2005
Project("{8BC9CEB8-8B4A-11D0-8D11-00A0C91BC942}") = "ModelViewer", "tools\ModelViewer\ModelViewer.vcproj", "{04B7ED71-2AC9-4131-A687-CA9DBE6593F4}"
	ProjectSection(ProjectDependencies) = postProject
		{3A68081D-E8F9-4523-9436-530DE9E5530A} = {3A68081D-E8F9-4523-9436-530DE9E5530A}
	EndProjectSection
EndProject
Project("{2150E333-8FDC-42A3-9474-1A3956D46DE8}") = "Contribs", "Contribs", "{EFD0E96F-1C21-4452-8656-7EC525021F81}"
EndProject
Project("{2150E333-8FDC-42A3-9474-1A3956D46DE8}") = "Tools", "Tools", "{42C4E305-0758-45CB-ADA2-DAC545A75AA9}"
EndProject
Project("{8BC9CEB8-8B4A-11D0-8D11-00A0C91BC942}") = "MeshConverter", "tools\MeshConverter\MeshConverter.vcproj", "{652AC202-0A5A-4C27-B11D-26A90CA8178C}"
	ProjectSection(ProjectDependencies) = postProject
		{3A68081D-E8F9-4523-9436-530DE9E5530A} = {3A68081D-E8F9-4523-9436-530DE9E5530A}
	EndProjectSection
EndProject
Project("{8BC9CEB8-8B4A-11D0-8D11-00A0C91BC942}") = "Physics", "contribs\Physics\test_physic.vcproj", "{93DA0768-9D4E-444C-867D-2B9A609DC3CB}"
	ProjectSection(ProjectDependencies) = postProject
		{3A68081D-E8F9-4523-9436-530DE9E5530A} = {3A68081D-E8F9-4523-9436-530DE9E5530A}
	EndProjectSection
EndProject
Project("{8BC9CEB8-8B4A-11D0-8D11-00A0C91BC942}") = "Gulman", "Games\Gulman\Gulman.vcproj", "{4FFFCCF7-43C9-4D08-9866-21CE328B9BE8}"
	ProjectSection(ProjectDependencies) = postProject
		{3A68081D-E8F9-4523-9436-530DE9E5530A} = {3A68081D-E8F9-4523-9436-530DE9E5530A}
	EndProjectSection
EndProject
Project("{2150E333-8FDC-42A3-9474-1A3956D46DE8}") = "Games", "Games", "{D5ED4879-6A3C-4789-8440-1422C7A33EB2}"
EndProject
Project("{8BC9CEB8-8B4A-11D0-8D11-00A0C91BC942}") = "zColumns", "Games\zColumns\zColumns.vcproj", "{0D5549FB-4EAB-46E4-9896-874E59594899}"
	ProjectSection(ProjectDependencies) = postProject
		{3A68081D-E8F9-4523-9436-530DE9E5530A} = {3A68081D-E8F9-4523-9436-530DE9E5530A}
	EndProjectSection
EndProject
Project("{8BC9CEB8-8B4A-11D0-8D11-00A0C91BC942}") = "Cameras", "contribs\Cameras\Cameras.vcproj", "{85C32493-6479-4A87-9041-14A2A8986E38}"
	ProjectSection(ProjectDependencies) = postProject
		{3A68081D-E8F9-4523-9436-530DE9E5530A} = {3A68081D-E8F9-4523-9436-530DE9E5530A}
	EndProjectSection
EndProject
Project("{8BC9CEB8-8B4A-11D0-8D11-00A0C91BC942}") = "Interpolator", "contribs\Interpolator\Interpolator.vcproj", "{E62E571A-B5A9-41BE-8222-81D3AE8E15FD}"
	ProjectSection(ProjectDependencies) = postProject
		{3A68081D-E8F9-4523-9436-530DE9E5530A} = {3A68081D-E8F9-4523-9436-530DE9E5530A}
	EndProjectSection
EndProject
Project("{8BC9CEB8-8B4A-11D0-8D11-00A0C91BC942}") = "Track", "contribs\Track\Track.vcproj", "{5F9EB640-3E6B-4E26-977F-A782B3EB6529}"
	ProjectSection(ProjectDependencies) = postProject
		{3A68081D-E8F9-4523-9436-530DE9E5530A} = {3A68081D-E8F9-4523-9436-530DE9E5530A}
	EndProjectSection
EndProject
Project("{8BC9CEB8-8B4A-11D0-8D11-00A0C91BC942}") = "TrackEditor", "tools\TrackEditor\TrackEditor.vcproj", "{006A1771-DD81-44B5-9775-42F0129E497B}"
	ProjectSection(ProjectDependencies) = postProject
		{3A68081D-E8F9-4523-9436-530DE9E5530A} = {3A68081D-E8F9-4523-9436-530DE9E5530A}
	EndProjectSection
EndProject
Project("{8BC9CEB8-8B4A-11D0-8D11-00A0C91BC942}") = "EffectGenerator", "tools\EffectGenerator\EffectGenerator.vcproj", "{B3122425-E938-4CEC-8C69-C998A4F7F36D}"
	ProjectSection(ProjectDependencies) = postProject
		{3A68081D-E8F9-4523-9436-530DE9E5530A} = {3A68081D-E8F9-4523-9436-530DE9E5530A}
	EndProjectSection
EndProject
Project("{8BC9CEB8-8B4A-11D0-8D11-00A0C91BC942}") = "ui", "contribs\ui\ui.vcproj", "{C20B1676-DFA1-4B92-9CA5-922D225FE2A1}"
EndProject
Project("{8BC9CEB8-8B4A-11D0-8D11-00A0C91BC942}") = "log", "contribs\log\log.vcproj", "{FA7492CB-7EAB-411F-A93F-70EFE12C7D1D}"
EndProject
Project("{8BC9CEB8-8B4A-11D0-8D11-00A0C91BC942}") = "Archeo-logic", "Games\Archeo-logic\Archeo-logic.vcproj", "{6E88B684-6D52-4995-A8F5-2574E92D01F9}"
	ProjectSection(ProjectDependencies) = postProject
		{3A68081D-E8F9-4523-9436-530DE9E5530A} = {3A68081D-E8F9-4523-9436-530DE9E5530A}
	EndProjectSection
EndProject
Project("{2150E333-8FDC-42A3-9474-1A3956D46DE8}") = "External", "External", "{BDECD86F-967F-43A9-963B-224E5CC22E60}"
EndProject
Project("{2150E333-8FDC-42A3-9474-1A3956D46DE8}") = "Engine", "Engine", "{15246B8B-B5F4-4B7F-ACE3-3449758D32F9}"
EndProject
Project("{8BC9CEB8-8B4A-11D0-8D11-00A0C91BC942}") = "Enginelib", "rgdengine\rgdengine-vs80.vcproj", "{3A68081D-E8F9-4523-9436-530DE9E5530A}"
	ProjectSection(ProjectDependencies) = postProject
		{E8B256DE-0D44-4DC5-A43F-58E7F61331CA} = {E8B256DE-0D44-4DC5-A43F-58E7F61331CA}
		{88A9EA72-91BF-400B-B175-C7E1DB13DAE7} = {88A9EA72-91BF-400B-B175-C7E1DB13DAE7}
		{4B61F965-D1DA-4454-8983-D645CC327633} = {4B61F965-D1DA-4454-8983-D645CC327633}
		{7744E265-F311-410F-943D-A63B98C0FC4F} = {7744E265-F311-410F-943D-A63B98C0FC4F}
	EndProjectSection
EndProject
Project("{8BC9CEB8-8B4A-11D0-8D11-00A0C91BC942}") = "tinyxmlSTL", "external\TinyXML\tinyxmlSTL.vcproj", "{E8B256DE-0D44-4DC5-A43F-58E7F61331CA}"
EndProject
Project("{8BC9CEB8-8B4A-11D0-8D11-00A0C91BC942}") = "ogg_static", "external\ogg\win32\ogg_static.vcproj", "{7744E265-F311-410F-943D-A63B98C0FC4F}"
EndProject
Project("{8BC9CEB8-8B4A-11D0-8D11-00A0C91BC942}") = "vorbis_static", "external\vorbis\win32\vorbis_static.vcproj", "{88A9EA72-91BF-400B-B175-C7E1DB13DAE7}"
EndProject
Project("{8BC9CEB8-8B4A-11D0-8D11-00A0C91BC942}") = "vorbisfile_static", "external\vorbis\win32\vorbisfile_static.vcproj", "{4B61F965-D1DA-4454-8983-D645CC327633}"
EndProject
Global
	GlobalSection(SolutionConfigurationPlatforms) = preSolution
		Debug|Win32 = Debug|Win32
		Release|Win32 = Release|Win32
	EndGlobalSection
	GlobalSection(ProjectConfigurationPlatforms) = postSolution
		{04B7ED71-2AC9-4131-A687-CA9DBE6593F4}.Debug|Win32.ActiveCfg = Debug|Win32
		{04B7ED71-2AC9-4131-A687-CA9DBE6593F4}.Debug|Win32.Build.0 = Debug|Win32
		{04B7ED71-2AC9-4131-A687-CA9DBE6593F4}.Release|Win32.ActiveCfg = Release|Win32
		{04B7ED71-2AC9-4131-A687-CA9DBE6593F4}.Release|Win32.Build.0 = Release|Win32
		{652AC202-0A5A-4C27-B11D-26A90CA8178C}.Debug|Win32.ActiveCfg = Debug|Win32
		{652AC202-0A5A-4C27-B11D-26A90CA8178C}.Debug|Win32.Build.0 = Debug|Win32
		{652AC202-0A5A-4C27-B11D-26A90CA8178C}.Release|Win32.ActiveCfg = Release|Win32
		{93DA0768-9D4E-444C-867D-2B9A609DC3CB}.Debug|Win32.ActiveCfg = Debug|Win32
		{93DA0768-9D4E-444C-867D-2B9A609DC3CB}.Debug|Win32.Build.0 = Debug|Win32
		{93DA0768-9D4E-444C-867D-2B9A609DC3CB}.Release|Win32.ActiveCfg = Release|Win32
		{4FFFCCF7-43C9-4D08-9866-21CE328B9BE8}.Debug|Win32.ActiveCfg = Debug|Win32
		{4FFFCCF7-43C9-4D08-9866-21CE328B9BE8}.Release|Win32.ActiveCfg = Release|Win32
		{0D5549FB-4EAB-46E4-9896-874E59594899}.Debug|Win32.ActiveCfg = Debug|Win32
		{0D5549FB-4EAB-46E4-9896-874E59594899}.Debug|Win32.Build.0 = Debug|Win32
		{0D5549FB-4EAB-46E4-9896-874E59594899}.Release|Win32.ActiveCfg = Release|Win32
		{85C32493-6479-4A87-9041-14A2A8986E38}.Debug|Win32.ActiveCfg = Debug|Win32
		{85C32493-6479-4A87-9041-14A2A8986E38}.Debug|Win32.Build.0 = Debug|Win32
		{85C32493-6479-4A87-9041-14A2A8986E38}.Release|Win32.ActiveCfg = Release|Win32
		{E62E571A-B5A9-41BE-8222-81D3AE8E15FD}.Debug|Win32.ActiveCfg = Debug|Win32
		{E62E571A-B5A9-41BE-8222-81D3AE8E15FD}.Debug|Win32.Build.0 = Debug|Win32
		{E62E571A-B5A9-41BE-8222-81D3AE8E15FD}.Release|Win32.ActiveCfg = Release|Win32
		{5F9EB640-3E6B-4E26-977F-A782B3EB6529}.Debug|Win32.ActiveCfg = Debug|Win32
		{5F9EB640-3E6B-4E26-977F-A782B3EB6529}.Debug|Win32.Build.0 = Debug|Win32
		{5F9EB640-3E6B-4E26-977F-A782B3EB6529}.Release|Win32.ActiveCfg = Release|Win32
		{006A1771-DD81-44B5-9775-42F0129E497B}.Debug|Win32.ActiveCfg = Debug|Win32
		{006A1771-DD81-44B5-9775-42F0129E497B}.Debug|Win32.Build.0 = Debug|Win32
		{006A1771-DD81-44B5-9775-42F0129E497B}.Release|Win32.ActiveCfg = Release|Win32
		{B3122425-E938-4CEC-8C69-C998A4F7F36D}.Debug|Win32.ActiveCfg = Debug|Win32
		{B3122425-E938-4CEC-8C69-C998A4F7F36D}.Release|Win32.ActiveCfg = Release|Win32
		{C20B1676-DFA1-4B92-9CA5-922D225FE2A1}.Debug|Win32.ActiveCfg = Debug|Win32
		{C20B1676-DFA1-4B92-9CA5-922D225FE2A1}.Release|Win32.ActiveCfg = Release|Win32
		{FA7492CB-7EAB-411F-A93F-70EFE12C7D1D}.Debug|Win32.ActiveCfg = Debug|Win32
		{FA7492CB-7EAB-411F-A93F-70EFE12C7D1D}.Debug|Win32.Build.0 = Debug|Win32
		{FA7492CB-7EAB-411F-A93F-70EFE12C7D1D}.Release|Win32.ActiveCfg = Release|Win32
		{FA7492CB-7EAB-411F-A93F-70EFE12C7D1D}.Release|Win32.Build.0 = Release|Win32
		{6E88B684-6D52-4995-A8F5-2574E92D01F9}.Debug|Win32.ActiveCfg = Debug|Win32
		{6E88B684-6D52-4995-A8F5-2574E92D01F9}.Release|Win32.ActiveCfg = Release|Win32
		{6E88B684-6D52-4995-A8F5-2574E92D01F9}.Release|Win32.Build.0 = Release|Win32
		{3A68081D-E8F9-4523-9436-530DE9E5530A}.Debug|Win32.ActiveCfg = Debug|Win32
		{3A68081D-E8F9-4523-9436-530DE9E5530A}.Debug|Win32.Build.0 = Debug|Win32
		{3A68081D-E8F9-4523-9436-530DE9E5530A}.Release|Win32.ActiveCfg = Release|Win32
		{3A68081D-E8F9-4523-9436-530DE9E5530A}.Release|Win32.Build.0 = Release|Win32
		{E8B256DE-0D44-4DC5-A43F-58E7F61331CA}.Debug|Win32.ActiveCfg = Debug|Win32
		{E8B256DE-0D44-4DC5-A43F-58E7F61331CA}.Debug|Win32.Build.0 = Debug|Win32
		{E8B256DE-0D44-4DC5-A43F-58E7F61331CA}.Release|Win32.ActiveCfg = Release|Win32
		{E8B256DE-0D44-4DC5-A43F-58E7F61331CA}.Release|Win32.Build.0 = Release|Win32
		{7744E265-F311-410F-943D-A63B98C0FC4F}.Debug|Win32.ActiveCfg = Debug|Win32
		{7744E265-F311-410F-943D-A63B98C0FC4F}.Debug|Win32.Build.0 = Debug|Win32
		{7744E265-F311-410F-943D-A63B98C0FC4F}.Release|Win32.ActiveCfg = Release|Win32
		{7744E265-F311-410F-943D-A63B98C0FC4F}.Release|Win32.Build.0 = Release|Win32
		{88A9EA72-91BF-400B-B175-C7E1DB13DAE7}.Debug|Win32.ActiveCfg = Debug|Win32
		{88A9EA72-91BF-400B-B175-C7E1DB13DAE7}.Debug|Win32.Build.0 = Debug|Win32
		{88A9EA72-91BF-400B-B175-C7E1DB13DAE7}.Release|Win32.ActiveCfg = Release|Win32
		{88A9EA72-91BF-400B-B175-C7E1DB13DAE7}.Release|Win32.Build.0 = Release|Win32
		{4B61F965-D1DA-4454-8983-D645CC327633}.Debug|Win32.ActiveCfg = Debug|Win32
		{4B61F965-D1DA-4454-8983-D645CC327633}.Debug|Win32.Build.0 = Debug|Win32
		{4B61F965-D1DA-4454-8983-D645CC327633}.Release|Win32.ActiveCfg = Release|Win32
		{4B61F965-D1DA-4454-8983-D645CC327633}.Release|Win32.Build.0 = Release|Win32
	EndGlobalSection
	GlobalSection(SolutionProperties) = preSolution
		HideSolutionNode = FALSE
	EndGlobalSection
	GlobalSection(NestedProjects) = preSolution
		{04B7ED71-2AC9-4131-A687-CA9DBE6593F4} = {42C4E305-0758-45CB-ADA2-DAC545A75AA9}
		{652AC202-0A5A-4C27-B11D-26A90CA8178C} = {42C4E305-0758-45CB-ADA2-DAC545A75AA9}
		{006A1771-DD81-44B5-9775-42F0129E497B} = {42C4E305-0758-45CB-ADA2-DAC545A75AA9}
		{B3122425-E938-4CEC-8C69-C998A4F7F36D} = {42C4E305-0758-45CB-ADA2-DAC545A75AA9}
		{85C32493-6479-4A87-9041-14A2A8986E38} = {EFD0E96F-1C21-4452-8656-7EC525021F81}
		{E62E571A-B5A9-41BE-8222-81D3AE8E15FD} = {EFD0E96F-1C21-4452-8656-7EC525021F81}
		{5F9EB640-3E6B-4E26-977F-A782B3EB6529} = {EFD0E96F-1C21-4452-8656-7EC525021F81}
		{C20B1676-DFA1-4B92-9CA5-922D225FE2A1} = {EFD0E96F-1C21-4452-8656-7EC525021F81}
		{FA7492CB-7EAB-411F-A93F-70EFE12C7D1D} = {EFD0E96F-1C21-4452-8656-7EC525021F81}
		{93DA0768-9D4E-444C-867D-2B9A609DC3CB} = {EFD0E96F-1C21-4452-8656-7EC525021F81}
		{4FFFCCF7-43C9-4D08-9866-21CE328B9BE8} = {D5ED4879-6A3C-4789-8440-1422C7A33EB2}
		{0D5549FB-4EAB-46E4-9896-874E59594899} = {D5ED4879-6A3C-4789-8440-1422C7A33EB2}
		{6E88B684-6D52-4995-A8F5-2574E92D01F9} = {D5ED4879-6A3C-4789-8440-1422C7A33EB2}
		{E8B256DE-0D44-4DC5-A43F-58E7F61331CA} = {BDECD86F-967F-43A9-963B-224E5CC22E60}
		{7744E265-F311-410F-943D-A63B98C0FC4F} = {BDECD86F-967F-43A9-963B-224E5CC22E60}
		{88A9EA72-91BF-400B-B175-C7E1DB13DAE7} = {BDECD86F-967F-43A9-963B-224E5CC22E60}
		{4B61F965-D1DA-4454-8983-D645CC327633} = {BDECD86F-967F-43A9-963B-224E5CC22E60}
		{3A68081D-E8F9-4523-9436-530DE9E5530A} = {15246B8B-B5F4-4B7F-ACE3-3449758D32F9}
	EndGlobalSection
EndGlobal
