Microsoft Visual Studio Solution File, Format Version 10.00
# Visual Studio 2008
Project("{8BC9CEB8-8B4A-11D0-8D11-00A0C91BC942}") = "treeGen", "treeGen.vcproj", "{44DE67C4-38D2-423C-947D-631A32C7D648}"
EndProject
Global
	GlobalSection(SolutionConfigurationPlatforms) = preSolution
		Debug|Win32 = Debug|Win32
		Release|Win32 = Release|Win32
	EndGlobalSection
	GlobalSection(ProjectConfigurationPlatforms) = postSolution
		{44DE67C4-38D2-423C-947D-631A32C7D648}.Debug|Win32.ActiveCfg = Debug|Win32
		{44DE67C4-38D2-423C-947D-631A32C7D648}.Debug|Win32.Build.0 = Debug|Win32
		{44DE67C4-38D2-423C-947D-631A32C7D648}.Release|Win32.ActiveCfg = Release|Win32
		{44DE67C4-38D2-423C-947D-631A32C7D648}.Release|Win32.Build.0 = Release|Win32
	EndGlobalSection
	GlobalSection(SolutionProperties) = preSolution
		HideSolutionNode = FALSE
	EndGlobalSection
EndGlobal
